// !$*UTF8*$!
{
	archiveVersion = 1;
	classes = {
	};
	objectVersion = 51;
	objects = {

/* Begin PBXBuildFile section */
		0006B21C93AE686A42067EF3 /* IdolManager.swift in Sources */ = {isa = PBXBuildFile; fileRef = CBA561D37CA1C1D369775B1B /* IdolManager.swift */; };
		04EFF0B06D31896706DA8475 /* IdolDetailView.swift in Sources */ = {isa = PBXBuildFile; fileRef = E02EA4EACEA29E390D5DC618 /* IdolDetailView.swift */; };
		078D4844F5272900A2E40DA2 /* Pods_macOS_Backend_macOS.framework in Frameworks */ = {isa = PBXBuildFile; fileRef = 209284FD30657F5183E47E78 /* Pods_macOS_Backend_macOS.framework */; };
		11346049FCF54461EBB627F7 /* Backend.framework in Embed Frameworks */ = {isa = PBXBuildFile; fileRef = A5536808E9ACE38A93D821C0 /* Backend.framework */; settings = {ATTRIBUTES = (CodeSignOnCopy, RemoveHeadersOnCopy, ); }; };
		12AB3B01C15228EA1F68D70A /* Backend.framework in Frameworks */ = {isa = PBXBuildFile; fileRef = A5536808E9ACE38A93D821C0 /* Backend.framework */; };
		1868264EF00F4D3901463C9A /* RDFBirthDate.swift in Sources */ = {isa = PBXBuildFile; fileRef = 425D52B8C885BF365E8A9439 /* RDFBirthDate.swift */; };
		203AFD6B19609C11136D4C25 /* Pods_iOS_Widget_iOS.framework in Frameworks */ = {isa = PBXBuildFile; fileRef = DE26128F3541F8D191ABA0BA /* Pods_iOS_Widget_iOS.framework */; };
		20BD6569D5818C2C1B1EDD8A /* SceneDelegate.swift in Sources */ = {isa = PBXBuildFile; fileRef = 47AD2705A53030663793F33E /* SceneDelegate.swift */; };
		27BDFDA7B89EA1A4A9E624BD /* LaunchScreen.storyboard in Resources */ = {isa = PBXBuildFile; fileRef = 96805B6BA967B7F82590842F /* LaunchScreen.storyboard */; };
		331B066D8CA71B54DDF28939 /* Assets.xcassets in Resources */ = {isa = PBXBuildFile; fileRef = 77F2F20A14372ED0B496B41C /* Assets.xcassets */; };
		3BB09A824AA75243D5B4AC07 /* IdolList.swift in Sources */ = {isa = PBXBuildFile; fileRef = 477D204BAB33A8463A8A0540 /* IdolList.swift */; };
		3DE8C600B634EC86EC08D192 /* Pods_iOS_App_iOS.framework in Frameworks */ = {isa = PBXBuildFile; fileRef = C2996AAF6132030754F05BA6 /* Pods_iOS_App_iOS.framework */; };
		426F81062374C116C92404DC /* AboutAppViewController.swift in Sources */ = {isa = PBXBuildFile; fileRef = 46A8FA0F2E204FB030502C28 /* AboutAppViewController.swift */; };
		42AFD73FDC2DE7BE454E6595 /* IdolBirthdayWidget.swift in Sources */ = {isa = PBXBuildFile; fileRef = 9B7040798D7A1E8BB251EA31 /* IdolBirthdayWidget.swift */; };
		4591BEFC5CC449C219D7BEE4 /* Widget.appex in Embed App Extensions */ = {isa = PBXBuildFile; fileRef = FD5B6BEA5D5794118BC0A346 /* Widget.appex */; settings = {ATTRIBUTES = (RemoveHeadersOnCopy, ); }; };
		46AA7CCFD6552469DA7AC09D /* IdolBirthdayApp.swift in Sources */ = {isa = PBXBuildFile; fileRef = 4CB5B7E6D8A60A8233251D9C /* IdolBirthdayApp.swift */; };
		5447CE126FC174762F754435 /* Idol.swift in Sources */ = {isa = PBXBuildFile; fileRef = 3954C643C5B156E8580737FF /* Idol.swift */; };
		5663C10B21DCDBB57F9B9361 /* IdolBirthdayWidget.intentdefinition in Sources */ = {isa = PBXBuildFile; fileRef = 2514D8692217234BCF35AE60 /* IdolBirthdayWidget.intentdefinition */; };
		573EAB1EF677DB029D6B4E5A /* IdolManager.swift in Sources */ = {isa = PBXBuildFile; fileRef = CBA561D37CA1C1D369775B1B /* IdolManager.swift */; };
		5803970BCD7CBC27474417B2 /* Localizable.strings in Resources */ = {isa = PBXBuildFile; fileRef = 8814FC016F4E0B1B72360687 /* Localizable.strings */; };
		6FBDFAB6F03CBE01718F7045 /* IdolListViewController.swift in Sources */ = {isa = PBXBuildFile; fileRef = C1D15B7B41C3E6E70582009E /* IdolListViewController.swift */; };
		80A0FEE4BD14D47008865D23 /* EightBitColor.swift in Sources */ = {isa = PBXBuildFile; fileRef = 9ED45C7C5AD8A5A67E491B91 /* EightBitColor.swift */; };
		825CEC19BBDEF344E0726691 /* Widget.appex in Embed App Extensions */ = {isa = PBXBuildFile; fileRef = 4C83FB1DC4AF63CC1E8503DD /* Widget.appex */; settings = {ATTRIBUTES = (RemoveHeadersOnCopy, ); }; };
		8527883460C6489F765F66A3 /* EightBitColor.swift in Sources */ = {isa = PBXBuildFile; fileRef = 9ED45C7C5AD8A5A67E491B91 /* EightBitColor.swift */; };
		85A1A03D146A1170AD0060C6 /* Backend.framework in Frameworks */ = {isa = PBXBuildFile; fileRef = A5536808E9ACE38A93D821C0 /* Backend.framework */; };
		8BBF2B2D15012524DD4CC015 /* Assets.xcassets in Resources */ = {isa = PBXBuildFile; fileRef = 77F2F20A14372ED0B496B41C /* Assets.xcassets */; };
		8D0CACC9D9AF0D3030F9411A /* Idol.swift in Sources */ = {isa = PBXBuildFile; fileRef = 3954C643C5B156E8580737FF /* Idol.swift */; };
		927F8CB21EBED2839221667A /* Pods_macOS_App_macOS.framework in Frameworks */ = {isa = PBXBuildFile; fileRef = 715DE4F689430B4FDB0191DC /* Pods_macOS_App_macOS.framework */; };
		937B86C19AB344FEAB711380 /* Assets.xcassets in Resources */ = {isa = PBXBuildFile; fileRef = 4054CA48FCBB392163142B94 /* Assets.xcassets */; };
		94C82D05CD127AF033320569 /* Localizable.strings in Resources */ = {isa = PBXBuildFile; fileRef = 8814FC016F4E0B1B72360687 /* Localizable.strings */; };
		966A2E8287A6931D0B19B562 /* Pods_macOS_Widget_macOS.framework in Frameworks */ = {isa = PBXBuildFile; fileRef = 4F160DCFE49AF50737849A7D /* Pods_macOS_Widget_macOS.framework */; };
		9A43A3B4BA3504C651074CEF /* ContentView.swift in Sources */ = {isa = PBXBuildFile; fileRef = E7823F0B8A3016038DF86CB0 /* ContentView.swift */; };
		9F94586A8E67F9DEECC99E01 /* IdolBirthdayWidget.swift in Sources */ = {isa = PBXBuildFile; fileRef = 9B7040798D7A1E8BB251EA31 /* IdolBirthdayWidget.swift */; };
		A916356E6490FCD0FAE3EFC0 /* Backend.framework in Frameworks */ = {isa = PBXBuildFile; fileRef = A2373A7F222A90D7B9E7875F /* Backend.framework */; };
		A98375A28915ECADC054E1A5 /* UITableViewDiffableDataSource+plainSnapshot.swift in Sources */ = {isa = PBXBuildFile; fileRef = E1EA45EC542C645A886A5BD6 /* UITableViewDiffableDataSource+plainSnapshot.swift */; };
		BC7C18F311D6331FE63C4BC4 /* IdolBirthdayWidget.intentdefinition in Sources */ = {isa = PBXBuildFile; fileRef = 2514D8692217234BCF35AE60 /* IdolBirthdayWidget.intentdefinition */; };
		BDFD7277D3D934F600B16307 /* OGPResult.swift in Sources */ = {isa = PBXBuildFile; fileRef = 554061F1794D2F8B330C97B3 /* OGPResult.swift */; };
		C07FC24B7D8967518A70E898 /* Backend.framework in Frameworks */ = {isa = PBXBuildFile; fileRef = A2373A7F222A90D7B9E7875F /* Backend.framework */; };
		C86FA0C473DCBA75A6E1AD13 /* Settings.bundle in Resources */ = {isa = PBXBuildFile; fileRef = 64CB2A3473032B985051D857 /* Settings.bundle */; };
		D5B76E30B1A5186DDDCFFEF6 /* IdolDetailViewController.swift in Sources */ = {isa = PBXBuildFile; fileRef = 982BD6AF5337792B6F4225AE /* IdolDetailViewController.swift */; };
		D7FB88443059D9D6E34CB894 /* AppDelegate.swift in Sources */ = {isa = PBXBuildFile; fileRef = 8F0D3ED472535FEF3B279398 /* AppDelegate.swift */; };
		E20EAEDD0FE7BD8EDA3E160C /* Pods_iOS_Backend_iOS.framework in Frameworks */ = {isa = PBXBuildFile; fileRef = D5DA18181AE448B3CF59AE86 /* Pods_iOS_Backend_iOS.framework */; };
		EF89924B485E21E88FDC23E7 /* Backend.framework in Embed Frameworks */ = {isa = PBXBuildFile; fileRef = A2373A7F222A90D7B9E7875F /* Backend.framework */; settings = {ATTRIBUTES = (CodeSignOnCopy, RemoveHeadersOnCopy, ); }; };
		F465771E1FDF872C4DBEFDB8 /* RDFBirthDate.swift in Sources */ = {isa = PBXBuildFile; fileRef = 425D52B8C885BF365E8A9439 /* RDFBirthDate.swift */; };
		F684DF8655E16DC84EFD697A /* Assets.xcassets in Resources */ = {isa = PBXBuildFile; fileRef = 10D35D8350100B96CDAD5C73 /* Assets.xcassets */; };
		F6DA413BF1B5A778660264C0 /* RootViewController.swift in Sources */ = {isa = PBXBuildFile; fileRef = 7596974B90F239E2B2CBA1AE /* RootViewController.swift */; };
		F7DBE07E5BB987FA95DF08F1 /* OGPLinkTableViewCell.swift in Sources */ = {isa = PBXBuildFile; fileRef = 83BB0B963A2E7B5914F7A0B4 /* OGPLinkTableViewCell.swift */; };
/* End PBXBuildFile section */

/* Begin PBXContainerItemProxy section */
		32A3D8923170899F3FB7FA2D /* PBXContainerItemProxy */ = {
			isa = PBXContainerItemProxy;
			containerPortal = A7E1590B8C34AC80A17D321A /* Project object */;
			proxyType = 1;
			remoteGlobalIDString = 98015E9CB12383D08FAA5CA2;
			remoteInfo = "Backend macOS";
		};
		35E70C95EC054ED573F5975B /* PBXContainerItemProxy */ = {
			isa = PBXContainerItemProxy;
			containerPortal = A7E1590B8C34AC80A17D321A /* Project object */;
			proxyType = 1;
			remoteGlobalIDString = 7265E9C3F46E0CFD4C97AF59;
			remoteInfo = "Widget iOS";
		};
		9265276340E55EC165EB4A56 /* PBXContainerItemProxy */ = {
			isa = PBXContainerItemProxy;
			containerPortal = A7E1590B8C34AC80A17D321A /* Project object */;
			proxyType = 1;
			remoteGlobalIDString = 337A027798E6B5F83C70356A;
			remoteInfo = "Widget macOS";
		};
		BFE16FA9F705B086B2C497C8 /* PBXContainerItemProxy */ = {
			isa = PBXContainerItemProxy;
			containerPortal = A7E1590B8C34AC80A17D321A /* Project object */;
			proxyType = 1;
			remoteGlobalIDString = 8C5746ACCB76D18F36E551E9;
			remoteInfo = "Backend iOS";
		};
		C1708F13A1E6F1D6B2F00C41 /* PBXContainerItemProxy */ = {
			isa = PBXContainerItemProxy;
			containerPortal = A7E1590B8C34AC80A17D321A /* Project object */;
			proxyType = 1;
			remoteGlobalIDString = 98015E9CB12383D08FAA5CA2;
			remoteInfo = "Backend macOS";
		};
		D89CC85AC66E6F4AF59AF077 /* PBXContainerItemProxy */ = {
			isa = PBXContainerItemProxy;
			containerPortal = A7E1590B8C34AC80A17D321A /* Project object */;
			proxyType = 1;
			remoteGlobalIDString = 8C5746ACCB76D18F36E551E9;
			remoteInfo = "Backend iOS";
		};
/* End PBXContainerItemProxy section */

/* Begin PBXCopyFilesBuildPhase section */
		3CAD94B1D76778C8E8588740 /* Embed Frameworks */ = {
			isa = PBXCopyFilesBuildPhase;
			buildActionMask = 2147483647;
			dstPath = "";
			dstSubfolderSpec = 10;
			files = (
				EF89924B485E21E88FDC23E7 /* Backend.framework in Embed Frameworks */,
			);
			name = "Embed Frameworks";
			runOnlyForDeploymentPostprocessing = 0;
		};
		5DC3CB7FA6DF4437119F2B08 /* Embed App Extensions */ = {
			isa = PBXCopyFilesBuildPhase;
			buildActionMask = 2147483647;
			dstPath = "";
			dstSubfolderSpec = 13;
			files = (
				4591BEFC5CC449C219D7BEE4 /* Widget.appex in Embed App Extensions */,
			);
			name = "Embed App Extensions";
			runOnlyForDeploymentPostprocessing = 0;
		};
		92FD00C3BF6090B15983B3A1 /* Embed Frameworks */ = {
			isa = PBXCopyFilesBuildPhase;
			buildActionMask = 2147483647;
			dstPath = "";
			dstSubfolderSpec = 10;
			files = (
				11346049FCF54461EBB627F7 /* Backend.framework in Embed Frameworks */,
			);
			name = "Embed Frameworks";
			runOnlyForDeploymentPostprocessing = 0;
		};
		A97D0AFA0826AA682101E1D0 /* Embed App Extensions */ = {
			isa = PBXCopyFilesBuildPhase;
			buildActionMask = 2147483647;
			dstPath = "";
			dstSubfolderSpec = 13;
			files = (
				825CEC19BBDEF344E0726691 /* Widget.appex in Embed App Extensions */,
			);
			name = "Embed App Extensions";
			runOnlyForDeploymentPostprocessing = 0;
		};
/* End PBXCopyFilesBuildPhase section */

/* Begin PBXFileReference section */
		03B4EA6FE1A0D6F77B7EEF8C /* Pods-macOS-App macOS.release.xcconfig */ = {isa = PBXFileReference; includeInIndex = 1; lastKnownFileType = text.xcconfig; name = "Pods-macOS-App macOS.release.xcconfig"; path = "Target Support Files/Pods-macOS-App macOS/Pods-macOS-App macOS.release.xcconfig"; sourceTree = "<group>"; };
		04C0C148DB6E92AF59BD1781 /* Pods-macOS-Widget macOS.debug.xcconfig */ = {isa = PBXFileReference; includeInIndex = 1; lastKnownFileType = text.xcconfig; name = "Pods-macOS-Widget macOS.debug.xcconfig"; path = "Target Support Files/Pods-macOS-Widget macOS/Pods-macOS-Widget macOS.debug.xcconfig"; sourceTree = "<group>"; };
		06DEDE7B93813029FE5A2C4B /* macOS.entitlements */ = {isa = PBXFileReference; lastKnownFileType = text.plist.entitlements; path = macOS.entitlements; sourceTree = "<group>"; };
		0FB7E37531D5558C40319445 /* App iOS.app */ = {isa = PBXFileReference; includeInIndex = 0; lastKnownFileType = wrapper.application; path = "App iOS.app"; sourceTree = BUILT_PRODUCTS_DIR; };
		10D35D8350100B96CDAD5C73 /* Assets.xcassets */ = {isa = PBXFileReference; lastKnownFileType = folder.assetcatalog; path = Assets.xcassets; sourceTree = "<group>"; };
		209284FD30657F5183E47E78 /* Pods_macOS_Backend_macOS.framework */ = {isa = PBXFileReference; explicitFileType = wrapper.framework; includeInIndex = 0; path = Pods_macOS_Backend_macOS.framework; sourceTree = BUILT_PRODUCTS_DIR; };
		2514D8692217234BCF35AE60 /* IdolBirthdayWidget.intentdefinition */ = {isa = PBXFileReference; lastKnownFileType = file.intentdefinition; path = IdolBirthdayWidget.intentdefinition; sourceTree = "<group>"; };
		294C03F4EC2664F9D6F17801 /* Pods-iOS-App iOS.debug.xcconfig */ = {isa = PBXFileReference; includeInIndex = 1; lastKnownFileType = text.xcconfig; name = "Pods-iOS-App iOS.debug.xcconfig"; path = "Target Support Files/Pods-iOS-App iOS/Pods-iOS-App iOS.debug.xcconfig"; sourceTree = "<group>"; };
		2DF7D6877B15360C0C882F88 /* Info.plist */ = {isa = PBXFileReference; lastKnownFileType = text.plist; path = Info.plist; sourceTree = "<group>"; };
		2F263C3E5F26F8FAEF9864B9 /* Pods-macOS-Backend macOS.debug.xcconfig */ = {isa = PBXFileReference; includeInIndex = 1; lastKnownFileType = text.xcconfig; name = "Pods-macOS-Backend macOS.debug.xcconfig"; path = "Target Support Files/Pods-macOS-Backend macOS/Pods-macOS-Backend macOS.debug.xcconfig"; sourceTree = "<group>"; };
		37A8AF0E1189A14DD36FA1C3 /* ja */ = {isa = PBXFileReference; lastKnownFileType = text.plist.strings; name = ja; path = ja.lproj/Localizable.strings; sourceTree = "<group>"; };
		3954C643C5B156E8580737FF /* Idol.swift */ = {isa = PBXFileReference; lastKnownFileType = sourcecode.swift; path = Idol.swift; sourceTree = "<group>"; };
		3D2A523A549289F039FA34B2 /* Pods-macOS-App macOS.debug.xcconfig */ = {isa = PBXFileReference; includeInIndex = 1; lastKnownFileType = text.xcconfig; name = "Pods-macOS-App macOS.debug.xcconfig"; path = "Target Support Files/Pods-macOS-App macOS/Pods-macOS-App macOS.debug.xcconfig"; sourceTree = "<group>"; };
		3ECFDA5F04866C76BE9DB526 /* Pods-macOS-Widget macOS.release.xcconfig */ = {isa = PBXFileReference; includeInIndex = 1; lastKnownFileType = text.xcconfig; name = "Pods-macOS-Widget macOS.release.xcconfig"; path = "Target Support Files/Pods-macOS-Widget macOS/Pods-macOS-Widget macOS.release.xcconfig"; sourceTree = "<group>"; };
		40024C18489174E54CDB20B3 /* Info.plist */ = {isa = PBXFileReference; lastKnownFileType = text.plist; path = Info.plist; sourceTree = "<group>"; };
		4054CA48FCBB392163142B94 /* Assets.xcassets */ = {isa = PBXFileReference; lastKnownFileType = folder.assetcatalog; path = Assets.xcassets; sourceTree = "<group>"; };
		425D52B8C885BF365E8A9439 /* RDFBirthDate.swift */ = {isa = PBXFileReference; lastKnownFileType = sourcecode.swift; path = RDFBirthDate.swift; sourceTree = "<group>"; };
		46A8FA0F2E204FB030502C28 /* AboutAppViewController.swift */ = {isa = PBXFileReference; lastKnownFileType = sourcecode.swift; path = AboutAppViewController.swift; sourceTree = "<group>"; };
		477D204BAB33A8463A8A0540 /* IdolList.swift */ = {isa = PBXFileReference; lastKnownFileType = sourcecode.swift; path = IdolList.swift; sourceTree = "<group>"; };
		47AD2705A53030663793F33E /* SceneDelegate.swift */ = {isa = PBXFileReference; lastKnownFileType = sourcecode.swift; path = SceneDelegate.swift; sourceTree = "<group>"; };
		4C83FB1DC4AF63CC1E8503DD /* Widget.appex */ = {isa = PBXFileReference; explicitFileType = "wrapper.app-extension"; includeInIndex = 0; path = Widget.appex; sourceTree = BUILT_PRODUCTS_DIR; };
		4CB5B7E6D8A60A8233251D9C /* IdolBirthdayApp.swift */ = {isa = PBXFileReference; lastKnownFileType = sourcecode.swift; path = IdolBirthdayApp.swift; sourceTree = "<group>"; };
		4F160DCFE49AF50737849A7D /* Pods_macOS_Widget_macOS.framework */ = {isa = PBXFileReference; explicitFileType = wrapper.framework; includeInIndex = 0; path = Pods_macOS_Widget_macOS.framework; sourceTree = BUILT_PRODUCTS_DIR; };
		554061F1794D2F8B330C97B3 /* OGPResult.swift */ = {isa = PBXFileReference; lastKnownFileType = sourcecode.swift; path = OGPResult.swift; sourceTree = "<group>"; };
		5C013492304CA532802B8AAB /* Pods-iOS-Backend iOS.release.xcconfig */ = {isa = PBXFileReference; includeInIndex = 1; lastKnownFileType = text.xcconfig; name = "Pods-iOS-Backend iOS.release.xcconfig"; path = "Target Support Files/Pods-iOS-Backend iOS/Pods-iOS-Backend iOS.release.xcconfig"; sourceTree = "<group>"; };
		607ACE946C27882FF85943F6 /* Info.plist */ = {isa = PBXFileReference; lastKnownFileType = text.plist; path = Info.plist; sourceTree = "<group>"; };
		64CB2A3473032B985051D857 /* Settings.bundle */ = {isa = PBXFileReference; lastKnownFileType = "wrapper.plug-in"; path = Settings.bundle; sourceTree = "<group>"; };
		66BA6763527EC26DFD0FDFC9 /* App macOS.app */ = {isa = PBXFileReference; explicitFileType = wrapper.application; includeInIndex = 0; path = "App macOS.app"; sourceTree = BUILT_PRODUCTS_DIR; };
		6B106378B862211664159555 /* Pods-iOS-App iOS.release.xcconfig */ = {isa = PBXFileReference; includeInIndex = 1; lastKnownFileType = text.xcconfig; name = "Pods-iOS-App iOS.release.xcconfig"; path = "Target Support Files/Pods-iOS-App iOS/Pods-iOS-App iOS.release.xcconfig"; sourceTree = "<group>"; };
		703377CD9052A2AD18BF064D /* Info.plist */ = {isa = PBXFileReference; lastKnownFileType = text.plist; path = Info.plist; sourceTree = "<group>"; };
		715DE4F689430B4FDB0191DC /* Pods_macOS_App_macOS.framework */ = {isa = PBXFileReference; explicitFileType = wrapper.framework; includeInIndex = 0; path = Pods_macOS_App_macOS.framework; sourceTree = BUILT_PRODUCTS_DIR; };
		7596974B90F239E2B2CBA1AE /* RootViewController.swift */ = {isa = PBXFileReference; lastKnownFileType = sourcecode.swift; path = RootViewController.swift; sourceTree = "<group>"; };
		775A9A1ACE82BC4789F2E1E8 /* Pods-macOS-Backend macOS.release.xcconfig */ = {isa = PBXFileReference; includeInIndex = 1; lastKnownFileType = text.xcconfig; name = "Pods-macOS-Backend macOS.release.xcconfig"; path = "Target Support Files/Pods-macOS-Backend macOS/Pods-macOS-Backend macOS.release.xcconfig"; sourceTree = "<group>"; };
		77F2F20A14372ED0B496B41C /* Assets.xcassets */ = {isa = PBXFileReference; lastKnownFileType = folder.assetcatalog; path = Assets.xcassets; sourceTree = "<group>"; };
		7FF33F75341BD738D8BFEBC9 /* Info.plist */ = {isa = PBXFileReference; lastKnownFileType = text.plist; path = Info.plist; sourceTree = "<group>"; };
		83BB0B963A2E7B5914F7A0B4 /* OGPLinkTableViewCell.swift */ = {isa = PBXFileReference; lastKnownFileType = sourcecode.swift; path = OGPLinkTableViewCell.swift; sourceTree = "<group>"; };
		8F0D3ED472535FEF3B279398 /* AppDelegate.swift */ = {isa = PBXFileReference; lastKnownFileType = sourcecode.swift; path = AppDelegate.swift; sourceTree = "<group>"; };
		982BD6AF5337792B6F4225AE /* IdolDetailViewController.swift */ = {isa = PBXFileReference; lastKnownFileType = sourcecode.swift; path = IdolDetailViewController.swift; sourceTree = "<group>"; };
		9B7040798D7A1E8BB251EA31 /* IdolBirthdayWidget.swift */ = {isa = PBXFileReference; lastKnownFileType = sourcecode.swift; path = IdolBirthdayWidget.swift; sourceTree = "<group>"; };
		9ED45C7C5AD8A5A67E491B91 /* EightBitColor.swift */ = {isa = PBXFileReference; lastKnownFileType = sourcecode.swift; path = EightBitColor.swift; sourceTree = "<group>"; };
		A2373A7F222A90D7B9E7875F /* Backend.framework */ = {isa = PBXFileReference; explicitFileType = wrapper.framework; includeInIndex = 0; path = Backend.framework; sourceTree = BUILT_PRODUCTS_DIR; };
		A25322DB081FCD85858C3E10 /* Pods-iOS-Backend iOS.debug.xcconfig */ = {isa = PBXFileReference; includeInIndex = 1; lastKnownFileType = text.xcconfig; name = "Pods-iOS-Backend iOS.debug.xcconfig"; path = "Target Support Files/Pods-iOS-Backend iOS/Pods-iOS-Backend iOS.debug.xcconfig"; sourceTree = "<group>"; };
		A5536808E9ACE38A93D821C0 /* Backend.framework */ = {isa = PBXFileReference; explicitFileType = wrapper.framework; includeInIndex = 0; path = Backend.framework; sourceTree = BUILT_PRODUCTS_DIR; };
		B054657C6650506DC076D638 /* macOS.entitlements */ = {isa = PBXFileReference; lastKnownFileType = text.plist.entitlements; path = macOS.entitlements; sourceTree = "<group>"; };
		B2BDE7FF698D9119D404576E /* Pods-iOS-Widget iOS.debug.xcconfig */ = {isa = PBXFileReference; includeInIndex = 1; lastKnownFileType = text.xcconfig; name = "Pods-iOS-Widget iOS.debug.xcconfig"; path = "Target Support Files/Pods-iOS-Widget iOS/Pods-iOS-Widget iOS.debug.xcconfig"; sourceTree = "<group>"; };
		C02E1ABBC3D34FA91BB11D85 /* IdolBirthday.entitlements */ = {isa = PBXFileReference; lastKnownFileType = text.plist.entitlements; path = IdolBirthday.entitlements; sourceTree = "<group>"; };
		C1D15B7B41C3E6E70582009E /* IdolListViewController.swift */ = {isa = PBXFileReference; lastKnownFileType = sourcecode.swift; path = IdolListViewController.swift; sourceTree = "<group>"; };
		C2248E4A1E3CE662710E10A2 /* Pods-iOS-Widget iOS.release.xcconfig */ = {isa = PBXFileReference; includeInIndex = 1; lastKnownFileType = text.xcconfig; name = "Pods-iOS-Widget iOS.release.xcconfig"; path = "Target Support Files/Pods-iOS-Widget iOS/Pods-iOS-Widget iOS.release.xcconfig"; sourceTree = "<group>"; };
		C2996AAF6132030754F05BA6 /* Pods_iOS_App_iOS.framework */ = {isa = PBXFileReference; explicitFileType = wrapper.framework; includeInIndex = 0; path = Pods_iOS_App_iOS.framework; sourceTree = BUILT_PRODUCTS_DIR; };
		C9CDE587BA7214C0DD7E2CA8 /* iOS.entitlements */ = {isa = PBXFileReference; lastKnownFileType = text.plist.entitlements; path = iOS.entitlements; sourceTree = "<group>"; };
		CBA561D37CA1C1D369775B1B /* IdolManager.swift */ = {isa = PBXFileReference; lastKnownFileType = sourcecode.swift; path = IdolManager.swift; sourceTree = "<group>"; };
		D5DA18181AE448B3CF59AE86 /* Pods_iOS_Backend_iOS.framework */ = {isa = PBXFileReference; explicitFileType = wrapper.framework; includeInIndex = 0; path = Pods_iOS_Backend_iOS.framework; sourceTree = BUILT_PRODUCTS_DIR; };
		DE26128F3541F8D191ABA0BA /* Pods_iOS_Widget_iOS.framework */ = {isa = PBXFileReference; explicitFileType = wrapper.framework; includeInIndex = 0; path = Pods_iOS_Widget_iOS.framework; sourceTree = BUILT_PRODUCTS_DIR; };
		E02EA4EACEA29E390D5DC618 /* IdolDetailView.swift */ = {isa = PBXFileReference; lastKnownFileType = sourcecode.swift; path = IdolDetailView.swift; sourceTree = "<group>"; };
		E1EA45EC542C645A886A5BD6 /* UITableViewDiffableDataSource+plainSnapshot.swift */ = {isa = PBXFileReference; lastKnownFileType = sourcecode.swift; path = "UITableViewDiffableDataSource+plainSnapshot.swift"; sourceTree = "<group>"; };
		E7823F0B8A3016038DF86CB0 /* ContentView.swift */ = {isa = PBXFileReference; lastKnownFileType = sourcecode.swift; path = ContentView.swift; sourceTree = "<group>"; };
		F4B83524AF1D81230BF4E9D0 /* en */ = {isa = PBXFileReference; lastKnownFileType = text.plist.strings; name = en; path = en.lproj/Localizable.strings; sourceTree = "<group>"; };
		F6285BFFA63E2790B653AC43 /* Base */ = {isa = PBXFileReference; lastKnownFileType = file.storyboard; name = Base; path = Base.lproj/LaunchScreen.storyboard; sourceTree = "<group>"; };
		FD5B6BEA5D5794118BC0A346 /* Widget.appex */ = {isa = PBXFileReference; includeInIndex = 0; lastKnownFileType = "wrapper.app-extension"; path = Widget.appex; sourceTree = BUILT_PRODUCTS_DIR; };
/* End PBXFileReference section */

/* Begin PBXFrameworksBuildPhase section */
		081EB7CBA0297857BAE3FB2C /* Frameworks */ = {
			isa = PBXFrameworksBuildPhase;
			buildActionMask = 2147483647;
			files = (
				A916356E6490FCD0FAE3EFC0 /* Backend.framework in Frameworks */,
				927F8CB21EBED2839221667A /* Pods_macOS_App_macOS.framework in Frameworks */,
			);
			runOnlyForDeploymentPostprocessing = 0;
		};
		275812B73A21696CF8A2FAF8 /* Frameworks */ = {
			isa = PBXFrameworksBuildPhase;
			buildActionMask = 2147483647;
			files = (
				078D4844F5272900A2E40DA2 /* Pods_macOS_Backend_macOS.framework in Frameworks */,
			);
			runOnlyForDeploymentPostprocessing = 0;
		};
		5626802D4CEA1DCEA2442EA1 /* Frameworks */ = {
			isa = PBXFrameworksBuildPhase;
			buildActionMask = 2147483647;
			files = (
				12AB3B01C15228EA1F68D70A /* Backend.framework in Frameworks */,
				3DE8C600B634EC86EC08D192 /* Pods_iOS_App_iOS.framework in Frameworks */,
			);
			runOnlyForDeploymentPostprocessing = 0;
		};
		A6ADAAA97252BDE41D47FF9E /* Frameworks */ = {
			isa = PBXFrameworksBuildPhase;
			buildActionMask = 2147483647;
			files = (
				C07FC24B7D8967518A70E898 /* Backend.framework in Frameworks */,
				966A2E8287A6931D0B19B562 /* Pods_macOS_Widget_macOS.framework in Frameworks */,
			);
			runOnlyForDeploymentPostprocessing = 0;
		};
		B41C9966C9F737F0CC3C371E /* Frameworks */ = {
			isa = PBXFrameworksBuildPhase;
			buildActionMask = 2147483647;
			files = (
				85A1A03D146A1170AD0060C6 /* Backend.framework in Frameworks */,
				203AFD6B19609C11136D4C25 /* Pods_iOS_Widget_iOS.framework in Frameworks */,
			);
			runOnlyForDeploymentPostprocessing = 0;
		};
		D859324926F30050D89538B0 /* Frameworks */ = {
			isa = PBXFrameworksBuildPhase;
			buildActionMask = 2147483647;
			files = (
				E20EAEDD0FE7BD8EDA3E160C /* Pods_iOS_Backend_iOS.framework in Frameworks */,
			);
			runOnlyForDeploymentPostprocessing = 0;
		};
/* End PBXFrameworksBuildPhase section */

/* Begin PBXGroup section */
		049E5430A594B334A06F8A6C /* macOS */ = {
			isa = PBXGroup;
			children = (
				7FF33F75341BD738D8BFEBC9 /* Info.plist */,
				06DEDE7B93813029FE5A2C4B /* macOS.entitlements */,
			);
			path = macOS;
			sourceTree = "<group>";
		};
		0743484E445FE02377186647 = {
			isa = PBXGroup;
			children = (
				E8F9A8E6618456843E130D84 /* App */,
				7B1A6AB86FE861680E81240A /* Backend */,
				B1A70D61888658B4732135E7 /* iOS */,
				6074C4E7275875463E2AF9CA /* Widget */,
				93E061BEF2F4C312B2530EB7 /* Products */,
				8ED9D37FAD81FAC443FAD2FD /* Pods */,
				18AD91BAD788C069F70FFDC9 /* Frameworks */,
			);
			sourceTree = "<group>";
		};
		1095EAAAB60BBF2EA889E44C /* App */ = {
			isa = PBXGroup;
			children = (
				B07896047655070F17DD0342 /* Delegate */,
				D032E465A08C91B3D9ECF2BF /* Extensions */,
				F9BEB6B1F2BF5AEF4088919C /* Resources */,
				80B5D3182EEDFD72A21305EF /* Structs */,
				9F4E19BE5607DB21E84A9739 /* ViewControllers */,
				FF18EE05523799BE774CF207 /* Views */,
			);
			path = App;
			sourceTree = "<group>";
		};
		18AD91BAD788C069F70FFDC9 /* Frameworks */ = {
			isa = PBXGroup;
			children = (
				C2996AAF6132030754F05BA6 /* Pods_iOS_App_iOS.framework */,
				D5DA18181AE448B3CF59AE86 /* Pods_iOS_Backend_iOS.framework */,
				DE26128F3541F8D191ABA0BA /* Pods_iOS_Widget_iOS.framework */,
				715DE4F689430B4FDB0191DC /* Pods_macOS_App_macOS.framework */,
				209284FD30657F5183E47E78 /* Pods_macOS_Backend_macOS.framework */,
				4F160DCFE49AF50737849A7D /* Pods_macOS_Widget_macOS.framework */,
			);
			name = Frameworks;
			sourceTree = "<group>";
		};
		446335C8434B54A4370DEE9A /* iOS */ = {
			isa = PBXGroup;
			children = (
				40024C18489174E54CDB20B3 /* Info.plist */,
				C9CDE587BA7214C0DD7E2CA8 /* iOS.entitlements */,
			);
			path = iOS;
			sourceTree = "<group>";
		};
		6074C4E7275875463E2AF9CA /* Widget */ = {
			isa = PBXGroup;
			children = (
				446335C8434B54A4370DEE9A /* iOS */,
				6A4A98EA6F38B2AE72786451 /* macOS */,
				E69A2C6A04C4027E8AC956DB /* Shared */,
			);
			path = Widget;
			sourceTree = "<group>";
		};
		60DDD949F3C6125C3E82EE90 /* Shared */ = {
			isa = PBXGroup;
			children = (
				4054CA48FCBB392163142B94 /* Assets.xcassets */,
				E7823F0B8A3016038DF86CB0 /* ContentView.swift */,
				4CB5B7E6D8A60A8233251D9C /* IdolBirthdayApp.swift */,
				E02EA4EACEA29E390D5DC618 /* IdolDetailView.swift */,
				477D204BAB33A8463A8A0540 /* IdolList.swift */,
			);
			path = Shared;
			sourceTree = "<group>";
		};
		64D0A5D7C4F7B06A33DFF44F /* Resources */ = {
			isa = PBXGroup;
			children = (
				2DF7D6877B15360C0C882F88 /* Info.plist */,
			);
			path = Resources;
			sourceTree = "<group>";
		};
		6A4A98EA6F38B2AE72786451 /* macOS */ = {
			isa = PBXGroup;
			children = (
				607ACE946C27882FF85943F6 /* Info.plist */,
				B054657C6650506DC076D638 /* macOS.entitlements */,
			);
			path = macOS;
			sourceTree = "<group>";
		};
		7B1A6AB86FE861680E81240A /* Backend */ = {
			isa = PBXGroup;
			children = (
				9ED45C7C5AD8A5A67E491B91 /* EightBitColor.swift */,
				3954C643C5B156E8580737FF /* Idol.swift */,
				CBA561D37CA1C1D369775B1B /* IdolManager.swift */,
				425D52B8C885BF365E8A9439 /* RDFBirthDate.swift */,
				64D0A5D7C4F7B06A33DFF44F /* Resources */,
			);
			path = Backend;
			sourceTree = "<group>";
		};
		80B5D3182EEDFD72A21305EF /* Structs */ = {
			isa = PBXGroup;
			children = (
				554061F1794D2F8B330C97B3 /* OGPResult.swift */,
			);
			path = Structs;
			sourceTree = "<group>";
		};
		8ED9D37FAD81FAC443FAD2FD /* Pods */ = {
			isa = PBXGroup;
			children = (
				294C03F4EC2664F9D6F17801 /* Pods-iOS-App iOS.debug.xcconfig */,
				6B106378B862211664159555 /* Pods-iOS-App iOS.release.xcconfig */,
				A25322DB081FCD85858C3E10 /* Pods-iOS-Backend iOS.debug.xcconfig */,
				5C013492304CA532802B8AAB /* Pods-iOS-Backend iOS.release.xcconfig */,
				B2BDE7FF698D9119D404576E /* Pods-iOS-Widget iOS.debug.xcconfig */,
				C2248E4A1E3CE662710E10A2 /* Pods-iOS-Widget iOS.release.xcconfig */,
				3D2A523A549289F039FA34B2 /* Pods-macOS-App macOS.debug.xcconfig */,
				03B4EA6FE1A0D6F77B7EEF8C /* Pods-macOS-App macOS.release.xcconfig */,
				2F263C3E5F26F8FAEF9864B9 /* Pods-macOS-Backend macOS.debug.xcconfig */,
				775A9A1ACE82BC4789F2E1E8 /* Pods-macOS-Backend macOS.release.xcconfig */,
				04C0C148DB6E92AF59BD1781 /* Pods-macOS-Widget macOS.debug.xcconfig */,
				3ECFDA5F04866C76BE9DB526 /* Pods-macOS-Widget macOS.release.xcconfig */,
			);
			name = Pods;
			path = Pods;
			sourceTree = "<group>";
		};
		93E061BEF2F4C312B2530EB7 /* Products */ = {
			isa = PBXGroup;
			children = (
				0FB7E37531D5558C40319445 /* App iOS.app */,
				66BA6763527EC26DFD0FDFC9 /* App macOS.app */,
				A5536808E9ACE38A93D821C0 /* Backend.framework */,
				A2373A7F222A90D7B9E7875F /* Backend.framework */,
				FD5B6BEA5D5794118BC0A346 /* Widget.appex */,
				4C83FB1DC4AF63CC1E8503DD /* Widget.appex */,
			);
			name = Products;
			sourceTree = "<group>";
		};
		9F4E19BE5607DB21E84A9739 /* ViewControllers */ = {
			isa = PBXGroup;
			children = (
				46A8FA0F2E204FB030502C28 /* AboutAppViewController.swift */,
				982BD6AF5337792B6F4225AE /* IdolDetailViewController.swift */,
				C1D15B7B41C3E6E70582009E /* IdolListViewController.swift */,
				7596974B90F239E2B2CBA1AE /* RootViewController.swift */,
			);
			path = ViewControllers;
			sourceTree = "<group>";
		};
		B07896047655070F17DD0342 /* Delegate */ = {
			isa = PBXGroup;
			children = (
				8F0D3ED472535FEF3B279398 /* AppDelegate.swift */,
				47AD2705A53030663793F33E /* SceneDelegate.swift */,
			);
			path = Delegate;
			sourceTree = "<group>";
		};
		B1A70D61888658B4732135E7 /* iOS */ = {
			isa = PBXGroup;
			children = (
				1095EAAAB60BBF2EA889E44C /* App */,
			);
			path = iOS;
			sourceTree = "<group>";
		};
		D032E465A08C91B3D9ECF2BF /* Extensions */ = {
			isa = PBXGroup;
			children = (
				E1EA45EC542C645A886A5BD6 /* UITableViewDiffableDataSource+plainSnapshot.swift */,
			);
			path = Extensions;
			sourceTree = "<group>";
		};
		E69A2C6A04C4027E8AC956DB /* Shared */ = {
			isa = PBXGroup;
			children = (
				77F2F20A14372ED0B496B41C /* Assets.xcassets */,
				2514D8692217234BCF35AE60 /* IdolBirthdayWidget.intentdefinition */,
				9B7040798D7A1E8BB251EA31 /* IdolBirthdayWidget.swift */,
				8814FC016F4E0B1B72360687 /* Localizable.strings */,
			);
			path = Shared;
			sourceTree = "<group>";
		};
		E8F9A8E6618456843E130D84 /* App */ = {
			isa = PBXGroup;
			children = (
				049E5430A594B334A06F8A6C /* macOS */,
				60DDD949F3C6125C3E82EE90 /* Shared */,
			);
			path = App;
			sourceTree = "<group>";
		};
		F9BEB6B1F2BF5AEF4088919C /* Resources */ = {
			isa = PBXGroup;
			children = (
				10D35D8350100B96CDAD5C73 /* Assets.xcassets */,
				C02E1ABBC3D34FA91BB11D85 /* IdolBirthday.entitlements */,
				703377CD9052A2AD18BF064D /* Info.plist */,
				96805B6BA967B7F82590842F /* LaunchScreen.storyboard */,
				64CB2A3473032B985051D857 /* Settings.bundle */,
			);
			path = Resources;
			sourceTree = "<group>";
		};
		FF18EE05523799BE774CF207 /* Views */ = {
			isa = PBXGroup;
			children = (
				83BB0B963A2E7B5914F7A0B4 /* OGPLinkTableViewCell.swift */,
			);
			path = Views;
			sourceTree = "<group>";
		};
/* End PBXGroup section */

/* Begin PBXNativeTarget section */
		138462F4FEE45092253428BE /* App macOS */ = {
			isa = PBXNativeTarget;
			buildConfigurationList = 19ED77A910AE648D94258195 /* Build configuration list for PBXNativeTarget "App macOS" */;
			buildPhases = (
				BD4385AF7CC7F9B5D0BF8F0D /* [CP] Check Pods Manifest.lock */,
				90C3C7D35A3C388FDB2A8D48 /* Sources */,
				D286F6729747CB868E317050 /* Resources */,
				081EB7CBA0297857BAE3FB2C /* Frameworks */,
				A97D0AFA0826AA682101E1D0 /* Embed App Extensions */,
				3CAD94B1D76778C8E8588740 /* Embed Frameworks */,
				23B28F25FD8B87133F01062D /* [CP] Embed Pods Frameworks */,
			);
			buildRules = (
			);
			dependencies = (
				6A01CBD8118B4D1B0244A9E1 /* PBXTargetDependency */,
				2F63C49A25C5B3A76D6570D1 /* PBXTargetDependency */,
			);
			name = "App macOS";
			productName = "App macOS";
			productReference = 66BA6763527EC26DFD0FDFC9 /* App macOS.app */;
			productType = "com.apple.product-type.application";
		};
		337A027798E6B5F83C70356A /* Widget macOS */ = {
			isa = PBXNativeTarget;
			buildConfigurationList = CBBB6EE5CDA301B1DA3D3064 /* Build configuration list for PBXNativeTarget "Widget macOS" */;
			buildPhases = (
				A499CA4BFBBABEB0F3A7102A /* [CP] Check Pods Manifest.lock */,
				A4FF52FE35198A894AAAB1E6 /* Sources */,
				7F0899E70DE42503DB5247C3 /* Resources */,
				A6ADAAA97252BDE41D47FF9E /* Frameworks */,
			);
			buildRules = (
			);
			dependencies = (
				3588CCB80587B63AFF7C5774 /* PBXTargetDependency */,
			);
			name = "Widget macOS";
			productName = "Widget macOS";
			productReference = 4C83FB1DC4AF63CC1E8503DD /* Widget.appex */;
			productType = "com.apple.product-type.app-extension";
		};
		7265E9C3F46E0CFD4C97AF59 /* Widget iOS */ = {
			isa = PBXNativeTarget;
			buildConfigurationList = A6CC4A0DEC172A718392A2B8 /* Build configuration list for PBXNativeTarget "Widget iOS" */;
			buildPhases = (
				DB9377729B15D190A962D20F /* [CP] Check Pods Manifest.lock */,
				B21F23A56D364A34780DE085 /* Sources */,
				3051DC23DDA593F6B21AC9CF /* Resources */,
				B41C9966C9F737F0CC3C371E /* Frameworks */,
			);
			buildRules = (
			);
			dependencies = (
				B67F64A287660B10D2A243DB /* PBXTargetDependency */,
			);
			name = "Widget iOS";
			productName = "Widget iOS";
			productReference = FD5B6BEA5D5794118BC0A346 /* Widget.appex */;
			productType = "com.apple.product-type.app-extension";
		};
		78A1BB0EDA5C86E03D8560F5 /* App iOS */ = {
			isa = PBXNativeTarget;
			buildConfigurationList = 2DF3845605704E7B8CA857E7 /* Build configuration list for PBXNativeTarget "App iOS" */;
			buildPhases = (
				6FC1CF6D704701C10B900853 /* [CP] Check Pods Manifest.lock */,
				3E34609AB0680B5F446B6457 /* Sources */,
				8778B65CB1233BC062DF1EDE /* Resources */,
				5626802D4CEA1DCEA2442EA1 /* Frameworks */,
				5DC3CB7FA6DF4437119F2B08 /* Embed App Extensions */,
				92FD00C3BF6090B15983B3A1 /* Embed Frameworks */,
				F02F2E9B053A05648646E0A2 /* [CP] Embed Pods Frameworks */,
			);
			buildRules = (
			);
			dependencies = (
				219277BC300241DB6EE7F48D /* PBXTargetDependency */,
				69851D76424006D3DCB9892C /* PBXTargetDependency */,
			);
			name = "App iOS";
			productName = "App iOS";
			productReference = 0FB7E37531D5558C40319445 /* App iOS.app */;
			productType = "com.apple.product-type.application";
		};
		8C5746ACCB76D18F36E551E9 /* Backend iOS */ = {
			isa = PBXNativeTarget;
			buildConfigurationList = 3538BF54D14AA624E0672C35 /* Build configuration list for PBXNativeTarget "Backend iOS" */;
			buildPhases = (
				0E04FD3037A35F1A72CD262C /* [CP] Check Pods Manifest.lock */,
				AFDF4624E0471DB33483AF87 /* Sources */,
				D859324926F30050D89538B0 /* Frameworks */,
			);
			buildRules = (
			);
			dependencies = (
			);
			name = "Backend iOS";
			productName = "Backend iOS";
			productReference = A5536808E9ACE38A93D821C0 /* Backend.framework */;
			productType = "com.apple.product-type.framework";
		};
		98015E9CB12383D08FAA5CA2 /* Backend macOS */ = {
			isa = PBXNativeTarget;
			buildConfigurationList = 5B016AFC0845E7910377E462 /* Build configuration list for PBXNativeTarget "Backend macOS" */;
			buildPhases = (
				43A27A6159658F6A0A14F71A /* [CP] Check Pods Manifest.lock */,
				974A97CE3457AEF01700A443 /* Sources */,
				275812B73A21696CF8A2FAF8 /* Frameworks */,
			);
			buildRules = (
			);
			dependencies = (
			);
			name = "Backend macOS";
			productName = "Backend macOS";
			productReference = A2373A7F222A90D7B9E7875F /* Backend.framework */;
			productType = "com.apple.product-type.framework";
		};
/* End PBXNativeTarget section */

/* Begin PBXProject section */
		A7E1590B8C34AC80A17D321A /* Project object */ = {
			isa = PBXProject;
			attributes = {
				LastUpgradeCheck = 1020;
				TargetAttributes = {
					138462F4FEE45092253428BE = {
						DevelopmentTeam = 4XKKKM86RN;
					};
					337A027798E6B5F83C70356A = {
						DevelopmentTeam = 4XKKKM86RN;
					};
					7265E9C3F46E0CFD4C97AF59 = {
						DevelopmentTeam = 4XKKKM86RN;
					};
					78A1BB0EDA5C86E03D8560F5 = {
						DevelopmentTeam = 4XKKKM86RN;
					};
					8C5746ACCB76D18F36E551E9 = {
						DevelopmentTeam = 4XKKKM86RN;
					};
					98015E9CB12383D08FAA5CA2 = {
						DevelopmentTeam = 4XKKKM86RN;
					};
				};
			};
			buildConfigurationList = 6D9F03FECD0A6D5FA5930460 /* Build configuration list for PBXProject "IdolBirthday" */;
			compatibilityVersion = "Xcode 10.0";
			developmentRegion = en;
			hasScannedForEncodings = 0;
			knownRegions = (
				Base,
				en,
				ja,
			);
			mainGroup = 0743484E445FE02377186647;
			productRefGroup = 93E061BEF2F4C312B2530EB7 /* Products */;
			projectDirPath = "";
			projectRoot = "";
			targets = (
				78A1BB0EDA5C86E03D8560F5 /* App iOS */,
				138462F4FEE45092253428BE /* App macOS */,
				8C5746ACCB76D18F36E551E9 /* Backend iOS */,
				98015E9CB12383D08FAA5CA2 /* Backend macOS */,
				7265E9C3F46E0CFD4C97AF59 /* Widget iOS */,
				337A027798E6B5F83C70356A /* Widget macOS */,
			);
		};
/* End PBXProject section */

/* Begin PBXResourcesBuildPhase section */
		3051DC23DDA593F6B21AC9CF /* Resources */ = {
			isa = PBXResourcesBuildPhase;
			buildActionMask = 2147483647;
			files = (
				331B066D8CA71B54DDF28939 /* Assets.xcassets in Resources */,
				5803970BCD7CBC27474417B2 /* Localizable.strings in Resources */,
			);
			runOnlyForDeploymentPostprocessing = 0;
		};
		7F0899E70DE42503DB5247C3 /* Resources */ = {
			isa = PBXResourcesBuildPhase;
			buildActionMask = 2147483647;
			files = (
				8BBF2B2D15012524DD4CC015 /* Assets.xcassets in Resources */,
				94C82D05CD127AF033320569 /* Localizable.strings in Resources */,
			);
			runOnlyForDeploymentPostprocessing = 0;
		};
		8778B65CB1233BC062DF1EDE /* Resources */ = {
			isa = PBXResourcesBuildPhase;
			buildActionMask = 2147483647;
			files = (
				F684DF8655E16DC84EFD697A /* Assets.xcassets in Resources */,
				27BDFDA7B89EA1A4A9E624BD /* LaunchScreen.storyboard in Resources */,
				C86FA0C473DCBA75A6E1AD13 /* Settings.bundle in Resources */,
			);
			runOnlyForDeploymentPostprocessing = 0;
		};
		D286F6729747CB868E317050 /* Resources */ = {
			isa = PBXResourcesBuildPhase;
			buildActionMask = 2147483647;
			files = (
				937B86C19AB344FEAB711380 /* Assets.xcassets in Resources */,
			);
			runOnlyForDeploymentPostprocessing = 0;
		};
/* End PBXResourcesBuildPhase section */

/* Begin PBXShellScriptBuildPhase section */
		0E04FD3037A35F1A72CD262C /* [CP] Check Pods Manifest.lock */ = {
			isa = PBXShellScriptBuildPhase;
			buildActionMask = 2147483647;
			files = (
			);
			inputFileListPaths = (
			);
			inputPaths = (
				"${PODS_PODFILE_DIR_PATH}/Podfile.lock",
				"${PODS_ROOT}/Manifest.lock",
			);
			name = "[CP] Check Pods Manifest.lock";
			outputFileListPaths = (
			);
			outputPaths = (
				"$(DERIVED_FILE_DIR)/Pods-iOS-Backend iOS-checkManifestLockResult.txt",
			);
			runOnlyForDeploymentPostprocessing = 0;
			shellPath = /bin/sh;
			shellScript = "diff \"${PODS_PODFILE_DIR_PATH}/Podfile.lock\" \"${PODS_ROOT}/Manifest.lock\" > /dev/null\nif [ $? != 0 ] ; then\n    # print error to STDERR\n    echo \"error: The sandbox is not in sync with the Podfile.lock. Run 'pod install' or update your CocoaPods installation.\" >&2\n    exit 1\nfi\n# This output is used by Xcode 'outputs' to avoid re-running this script phase.\necho \"SUCCESS\" > \"${SCRIPT_OUTPUT_FILE_0}\"\n";
			showEnvVarsInLog = 0;
		};
		23B28F25FD8B87133F01062D /* [CP] Embed Pods Frameworks */ = {
			isa = PBXShellScriptBuildPhase;
			buildActionMask = 2147483647;
			files = (
			);
			inputFileListPaths = (
				"${PODS_ROOT}/Target Support Files/Pods-macOS-App macOS/Pods-macOS-App macOS-frameworks-${CONFIGURATION}-input-files.xcfilelist",
			);
			name = "[CP] Embed Pods Frameworks";
			outputFileListPaths = (
				"${PODS_ROOT}/Target Support Files/Pods-macOS-App macOS/Pods-macOS-App macOS-frameworks-${CONFIGURATION}-output-files.xcfilelist",
			);
			runOnlyForDeploymentPostprocessing = 0;
			shellPath = /bin/sh;
			shellScript = "\"${PODS_ROOT}/Target Support Files/Pods-macOS-App macOS/Pods-macOS-App macOS-frameworks.sh\"\n";
			showEnvVarsInLog = 0;
		};
		43A27A6159658F6A0A14F71A /* [CP] Check Pods Manifest.lock */ = {
			isa = PBXShellScriptBuildPhase;
			buildActionMask = 2147483647;
			files = (
			);
			inputFileListPaths = (
			);
			inputPaths = (
				"${PODS_PODFILE_DIR_PATH}/Podfile.lock",
				"${PODS_ROOT}/Manifest.lock",
			);
			name = "[CP] Check Pods Manifest.lock";
			outputFileListPaths = (
			);
			outputPaths = (
				"$(DERIVED_FILE_DIR)/Pods-macOS-Backend macOS-checkManifestLockResult.txt",
			);
			runOnlyForDeploymentPostprocessing = 0;
			shellPath = /bin/sh;
			shellScript = "diff \"${PODS_PODFILE_DIR_PATH}/Podfile.lock\" \"${PODS_ROOT}/Manifest.lock\" > /dev/null\nif [ $? != 0 ] ; then\n    # print error to STDERR\n    echo \"error: The sandbox is not in sync with the Podfile.lock. Run 'pod install' or update your CocoaPods installation.\" >&2\n    exit 1\nfi\n# This output is used by Xcode 'outputs' to avoid re-running this script phase.\necho \"SUCCESS\" > \"${SCRIPT_OUTPUT_FILE_0}\"\n";
			showEnvVarsInLog = 0;
		};
		6FC1CF6D704701C10B900853 /* [CP] Check Pods Manifest.lock */ = {
			isa = PBXShellScriptBuildPhase;
			buildActionMask = 2147483647;
			files = (
			);
			inputFileListPaths = (
			);
			inputPaths = (
				"${PODS_PODFILE_DIR_PATH}/Podfile.lock",
				"${PODS_ROOT}/Manifest.lock",
			);
			name = "[CP] Check Pods Manifest.lock";
			outputFileListPaths = (
			);
			outputPaths = (
				"$(DERIVED_FILE_DIR)/Pods-iOS-App iOS-checkManifestLockResult.txt",
			);
			runOnlyForDeploymentPostprocessing = 0;
			shellPath = /bin/sh;
			shellScript = "diff \"${PODS_PODFILE_DIR_PATH}/Podfile.lock\" \"${PODS_ROOT}/Manifest.lock\" > /dev/null\nif [ $? != 0 ] ; then\n    # print error to STDERR\n    echo \"error: The sandbox is not in sync with the Podfile.lock. Run 'pod install' or update your CocoaPods installation.\" >&2\n    exit 1\nfi\n# This output is used by Xcode 'outputs' to avoid re-running this script phase.\necho \"SUCCESS\" > \"${SCRIPT_OUTPUT_FILE_0}\"\n";
			showEnvVarsInLog = 0;
		};
		A499CA4BFBBABEB0F3A7102A /* [CP] Check Pods Manifest.lock */ = {
			isa = PBXShellScriptBuildPhase;
			buildActionMask = 2147483647;
			files = (
			);
			inputFileListPaths = (
			);
			inputPaths = (
				"${PODS_PODFILE_DIR_PATH}/Podfile.lock",
				"${PODS_ROOT}/Manifest.lock",
			);
			name = "[CP] Check Pods Manifest.lock";
			outputFileListPaths = (
			);
			outputPaths = (
				"$(DERIVED_FILE_DIR)/Pods-macOS-Widget macOS-checkManifestLockResult.txt",
			);
			runOnlyForDeploymentPostprocessing = 0;
			shellPath = /bin/sh;
			shellScript = "diff \"${PODS_PODFILE_DIR_PATH}/Podfile.lock\" \"${PODS_ROOT}/Manifest.lock\" > /dev/null\nif [ $? != 0 ] ; then\n    # print error to STDERR\n    echo \"error: The sandbox is not in sync with the Podfile.lock. Run 'pod install' or update your CocoaPods installation.\" >&2\n    exit 1\nfi\n# This output is used by Xcode 'outputs' to avoid re-running this script phase.\necho \"SUCCESS\" > \"${SCRIPT_OUTPUT_FILE_0}\"\n";
			showEnvVarsInLog = 0;
		};
		BD4385AF7CC7F9B5D0BF8F0D /* [CP] Check Pods Manifest.lock */ = {
			isa = PBXShellScriptBuildPhase;
			buildActionMask = 2147483647;
			files = (
			);
			inputFileListPaths = (
			);
			inputPaths = (
				"${PODS_PODFILE_DIR_PATH}/Podfile.lock",
				"${PODS_ROOT}/Manifest.lock",
			);
			name = "[CP] Check Pods Manifest.lock";
			outputFileListPaths = (
			);
			outputPaths = (
				"$(DERIVED_FILE_DIR)/Pods-macOS-App macOS-checkManifestLockResult.txt",
			);
			runOnlyForDeploymentPostprocessing = 0;
			shellPath = /bin/sh;
			shellScript = "diff \"${PODS_PODFILE_DIR_PATH}/Podfile.lock\" \"${PODS_ROOT}/Manifest.lock\" > /dev/null\nif [ $? != 0 ] ; then\n    # print error to STDERR\n    echo \"error: The sandbox is not in sync with the Podfile.lock. Run 'pod install' or update your CocoaPods installation.\" >&2\n    exit 1\nfi\n# This output is used by Xcode 'outputs' to avoid re-running this script phase.\necho \"SUCCESS\" > \"${SCRIPT_OUTPUT_FILE_0}\"\n";
			showEnvVarsInLog = 0;
		};
		DB9377729B15D190A962D20F /* [CP] Check Pods Manifest.lock */ = {
			isa = PBXShellScriptBuildPhase;
			buildActionMask = 2147483647;
			files = (
			);
			inputFileListPaths = (
			);
			inputPaths = (
				"${PODS_PODFILE_DIR_PATH}/Podfile.lock",
				"${PODS_ROOT}/Manifest.lock",
			);
			name = "[CP] Check Pods Manifest.lock";
			outputFileListPaths = (
			);
			outputPaths = (
				"$(DERIVED_FILE_DIR)/Pods-iOS-Widget iOS-checkManifestLockResult.txt",
			);
			runOnlyForDeploymentPostprocessing = 0;
			shellPath = /bin/sh;
			shellScript = "diff \"${PODS_PODFILE_DIR_PATH}/Podfile.lock\" \"${PODS_ROOT}/Manifest.lock\" > /dev/null\nif [ $? != 0 ] ; then\n    # print error to STDERR\n    echo \"error: The sandbox is not in sync with the Podfile.lock. Run 'pod install' or update your CocoaPods installation.\" >&2\n    exit 1\nfi\n# This output is used by Xcode 'outputs' to avoid re-running this script phase.\necho \"SUCCESS\" > \"${SCRIPT_OUTPUT_FILE_0}\"\n";
			showEnvVarsInLog = 0;
		};
		F02F2E9B053A05648646E0A2 /* [CP] Embed Pods Frameworks */ = {
			isa = PBXShellScriptBuildPhase;
			buildActionMask = 2147483647;
			files = (
			);
			inputFileListPaths = (
				"${PODS_ROOT}/Target Support Files/Pods-iOS-App iOS/Pods-iOS-App iOS-frameworks-${CONFIGURATION}-input-files.xcfilelist",
			);
			name = "[CP] Embed Pods Frameworks";
			outputFileListPaths = (
				"${PODS_ROOT}/Target Support Files/Pods-iOS-App iOS/Pods-iOS-App iOS-frameworks-${CONFIGURATION}-output-files.xcfilelist",
			);
			runOnlyForDeploymentPostprocessing = 0;
			shellPath = /bin/sh;
			shellScript = "\"${PODS_ROOT}/Target Support Files/Pods-iOS-App iOS/Pods-iOS-App iOS-frameworks.sh\"\n";
			showEnvVarsInLog = 0;
		};
/* End PBXShellScriptBuildPhase section */

/* Begin PBXSourcesBuildPhase section */
		3E34609AB0680B5F446B6457 /* Sources */ = {
			isa = PBXSourcesBuildPhase;
			buildActionMask = 2147483647;
			files = (
				426F81062374C116C92404DC /* AboutAppViewController.swift in Sources */,
				D7FB88443059D9D6E34CB894 /* AppDelegate.swift in Sources */,
				D5B76E30B1A5186DDDCFFEF6 /* IdolDetailViewController.swift in Sources */,
				6FBDFAB6F03CBE01718F7045 /* IdolListViewController.swift in Sources */,
				F7DBE07E5BB987FA95DF08F1 /* OGPLinkTableViewCell.swift in Sources */,
				BDFD7277D3D934F600B16307 /* OGPResult.swift in Sources */,
				F6DA413BF1B5A778660264C0 /* RootViewController.swift in Sources */,
				20BD6569D5818C2C1B1EDD8A /* SceneDelegate.swift in Sources */,
				A98375A28915ECADC054E1A5 /* UITableViewDiffableDataSource+plainSnapshot.swift in Sources */,
			);
			runOnlyForDeploymentPostprocessing = 0;
		};
		90C3C7D35A3C388FDB2A8D48 /* Sources */ = {
			isa = PBXSourcesBuildPhase;
			buildActionMask = 2147483647;
			files = (
				9A43A3B4BA3504C651074CEF /* ContentView.swift in Sources */,
				46AA7CCFD6552469DA7AC09D /* IdolBirthdayApp.swift in Sources */,
				04EFF0B06D31896706DA8475 /* IdolDetailView.swift in Sources */,
				3BB09A824AA75243D5B4AC07 /* IdolList.swift in Sources */,
			);
			runOnlyForDeploymentPostprocessing = 0;
		};
		974A97CE3457AEF01700A443 /* Sources */ = {
			isa = PBXSourcesBuildPhase;
			buildActionMask = 2147483647;
			files = (
				8527883460C6489F765F66A3 /* EightBitColor.swift in Sources */,
				8D0CACC9D9AF0D3030F9411A /* Idol.swift in Sources */,
				573EAB1EF677DB029D6B4E5A /* IdolManager.swift in Sources */,
				F465771E1FDF872C4DBEFDB8 /* RDFBirthDate.swift in Sources */,
			);
			runOnlyForDeploymentPostprocessing = 0;
		};
		A4FF52FE35198A894AAAB1E6 /* Sources */ = {
			isa = PBXSourcesBuildPhase;
			buildActionMask = 2147483647;
			files = (
				5663C10B21DCDBB57F9B9361 /* IdolBirthdayWidget.intentdefinition in Sources */,
				9F94586A8E67F9DEECC99E01 /* IdolBirthdayWidget.swift in Sources */,
			);
			runOnlyForDeploymentPostprocessing = 0;
		};
		AFDF4624E0471DB33483AF87 /* Sources */ = {
			isa = PBXSourcesBuildPhase;
			buildActionMask = 2147483647;
			files = (
				80A0FEE4BD14D47008865D23 /* EightBitColor.swift in Sources */,
				5447CE126FC174762F754435 /* Idol.swift in Sources */,
				0006B21C93AE686A42067EF3 /* IdolManager.swift in Sources */,
				1868264EF00F4D3901463C9A /* RDFBirthDate.swift in Sources */,
			);
			runOnlyForDeploymentPostprocessing = 0;
		};
		B21F23A56D364A34780DE085 /* Sources */ = {
			isa = PBXSourcesBuildPhase;
			buildActionMask = 2147483647;
			files = (
				BC7C18F311D6331FE63C4BC4 /* IdolBirthdayWidget.intentdefinition in Sources */,
				42AFD73FDC2DE7BE454E6595 /* IdolBirthdayWidget.swift in Sources */,
			);
			runOnlyForDeploymentPostprocessing = 0;
		};
/* End PBXSourcesBuildPhase section */

/* Begin PBXTargetDependency section */
		219277BC300241DB6EE7F48D /* PBXTargetDependency */ = {
			isa = PBXTargetDependency;
			target = 8C5746ACCB76D18F36E551E9 /* Backend iOS */;
			targetProxy = BFE16FA9F705B086B2C497C8 /* PBXContainerItemProxy */;
		};
		2F63C49A25C5B3A76D6570D1 /* PBXTargetDependency */ = {
			isa = PBXTargetDependency;
			target = 337A027798E6B5F83C70356A /* Widget macOS */;
			targetProxy = 9265276340E55EC165EB4A56 /* PBXContainerItemProxy */;
		};
		3588CCB80587B63AFF7C5774 /* PBXTargetDependency */ = {
			isa = PBXTargetDependency;
			target = 98015E9CB12383D08FAA5CA2 /* Backend macOS */;
			targetProxy = C1708F13A1E6F1D6B2F00C41 /* PBXContainerItemProxy */;
		};
		69851D76424006D3DCB9892C /* PBXTargetDependency */ = {
			isa = PBXTargetDependency;
			target = 7265E9C3F46E0CFD4C97AF59 /* Widget iOS */;
			targetProxy = 35E70C95EC054ED573F5975B /* PBXContainerItemProxy */;
		};
		6A01CBD8118B4D1B0244A9E1 /* PBXTargetDependency */ = {
			isa = PBXTargetDependency;
			target = 98015E9CB12383D08FAA5CA2 /* Backend macOS */;
			targetProxy = 32A3D8923170899F3FB7FA2D /* PBXContainerItemProxy */;
		};
		B67F64A287660B10D2A243DB /* PBXTargetDependency */ = {
			isa = PBXTargetDependency;
			target = 8C5746ACCB76D18F36E551E9 /* Backend iOS */;
			targetProxy = D89CC85AC66E6F4AF59AF077 /* PBXContainerItemProxy */;
		};
/* End PBXTargetDependency section */

/* Begin PBXVariantGroup section */
		8814FC016F4E0B1B72360687 /* Localizable.strings */ = {
			isa = PBXVariantGroup;
			children = (
				F4B83524AF1D81230BF4E9D0 /* en */,
				37A8AF0E1189A14DD36FA1C3 /* ja */,
			);
			name = Localizable.strings;
			sourceTree = "<group>";
		};
		96805B6BA967B7F82590842F /* LaunchScreen.storyboard */ = {
			isa = PBXVariantGroup;
			children = (
				F6285BFFA63E2790B653AC43 /* Base */,
			);
			name = LaunchScreen.storyboard;
			sourceTree = "<group>";
		};
/* End PBXVariantGroup section */

/* Begin XCBuildConfiguration section */
		0BB5B89BD84EBFF71682C133 /* Debug */ = {
			isa = XCBuildConfiguration;
			baseConfigurationReference = 2F263C3E5F26F8FAEF9864B9 /* Pods-macOS-Backend macOS.debug.xcconfig */;
			buildSettings = {
				CODE_SIGN_IDENTITY = "";
				COMBINE_HIDPI_IMAGES = YES;
				CURRENT_PROJECT_VERSION = 1;
				DEFINES_MODULE = YES;
				DYLIB_COMPATIBILITY_VERSION = 1;
				DYLIB_CURRENT_VERSION = 1;
				DYLIB_INSTALL_NAME_BASE = "@rpath";
				INFOPLIST_FILE = Backend/Resources/Info.plist;
				INSTALL_PATH = "$(LOCAL_LIBRARY_DIR)/Frameworks";
				LD_RUNPATH_SEARCH_PATHS = (
					"$(inherited)",
					"@executable_path/../Frameworks",
				);
				PRODUCT_BUNDLE_IDENTIFIER = jp.pronama.IdolBirthday.Backend;
				PRODUCT_NAME = Backend;
				SDKROOT = macosx;
				SKIP_INSTALL = YES;
				VERSIONING_SYSTEM = "apple-generic";
			};
			name = Debug;
		};
		0F34B67C560EDF2F8CB251F8 /* Debug */ = {
			isa = XCBuildConfiguration;
			buildSettings = {
				ALWAYS_SEARCH_USER_PATHS = NO;
				CLANG_ANALYZER_NONNULL = YES;
				CLANG_ANALYZER_NUMBER_OBJECT_CONVERSION = YES_AGGRESSIVE;
				CLANG_CXX_LANGUAGE_STANDARD = "gnu++14";
				CLANG_CXX_LIBRARY = "libc++";
				CLANG_ENABLE_MODULES = YES;
				CLANG_ENABLE_OBJC_ARC = YES;
				CLANG_WARN_BLOCK_CAPTURE_AUTORELEASING = YES;
				CLANG_WARN_BOOL_CONVERSION = YES;
				CLANG_WARN_COMMA = YES;
				CLANG_WARN_CONSTANT_CONVERSION = YES;
				CLANG_WARN_DEPRECATED_OBJC_IMPLEMENTATIONS = YES;
				CLANG_WARN_DIRECT_OBJC_ISA_USAGE = YES_ERROR;
				CLANG_WARN_DOCUMENTATION_COMMENTS = YES;
				CLANG_WARN_EMPTY_BODY = YES;
				CLANG_WARN_ENUM_CONVERSION = YES;
				CLANG_WARN_INFINITE_RECURSION = YES;
				CLANG_WARN_INT_CONVERSION = YES;
				CLANG_WARN_NON_LITERAL_NULL_CONVERSION = YES;
				CLANG_WARN_OBJC_IMPLICIT_RETAIN_SELF = YES;
				CLANG_WARN_OBJC_LITERAL_CONVERSION = YES;
				CLANG_WARN_OBJC_ROOT_CLASS = YES_ERROR;
				CLANG_WARN_RANGE_LOOP_ANALYSIS = YES;
				CLANG_WARN_STRICT_PROTOTYPES = YES;
				CLANG_WARN_SUSPICIOUS_MOVE = YES;
				CLANG_WARN_UNGUARDED_AVAILABILITY = YES_AGGRESSIVE;
				CLANG_WARN_UNREACHABLE_CODE = YES;
				CLANG_WARN__DUPLICATE_METHOD_MATCH = YES;
				COPY_PHASE_STRIP = NO;
				DEBUG_INFORMATION_FORMAT = dwarf;
				DEVELOPMENT_TEAM = 4XKKKM86RN;
				ENABLE_STRICT_OBJC_MSGSEND = YES;
				ENABLE_TESTABILITY = YES;
				GCC_C_LANGUAGE_STANDARD = gnu11;
				GCC_DYNAMIC_NO_PIC = NO;
				GCC_NO_COMMON_BLOCKS = YES;
				GCC_OPTIMIZATION_LEVEL = 0;
				GCC_PREPROCESSOR_DEFINITIONS = (
					"$(inherited)",
					"DEBUG=1",
				);
				GCC_WARN_64_TO_32_BIT_CONVERSION = YES;
				GCC_WARN_ABOUT_RETURN_TYPE = YES_ERROR;
				GCC_WARN_UNDECLARED_SELECTOR = YES;
				GCC_WARN_UNINITIALIZED_AUTOS = YES_AGGRESSIVE;
				GCC_WARN_UNUSED_FUNCTION = YES;
				GCC_WARN_UNUSED_VARIABLE = YES;
				IPHONEOS_DEPLOYMENT_TARGET = 13.5;
				MACOSX_DEPLOYMENT_TARGET = 11.0;
				MTL_ENABLE_DEBUG_INFO = YES;
				ONLY_ACTIVE_ARCH = YES;
				PRODUCT_NAME = "$(TARGET_NAME)";
				SWIFT_ACTIVE_COMPILATION_CONDITIONS = DEBUG;
				SWIFT_OPTIMIZATION_LEVEL = "-Onone";
				SWIFT_VERSION = 5.0;
			};
			name = Debug;
		};
		2E9BE914D2384A5E880AD965 /* Release */ = {
			isa = XCBuildConfiguration;
			baseConfigurationReference = C2248E4A1E3CE662710E10A2 /* Pods-iOS-Widget iOS.release.xcconfig */;
			buildSettings = {
				ASSETCATALOG_COMPILER_GLOBAL_ACCENT_COLOR_NAME = AccentColor;
				ASSETCATALOG_COMPILER_WIDGET_BACKGROUND_COLOR_NAME = WidgetBackground;
				CODE_SIGN_ENTITLEMENTS = Widget/iOS/iOS.entitlements;
				INFOPLIST_FILE = Widget/iOS/Info.plist;
				IPHONEOS_DEPLOYMENT_TARGET = 14.0;
				LD_RUNPATH_SEARCH_PATHS = (
					"$(inherited)",
					"@executable_path/Frameworks",
					"@executable_path/../../Frameworks",
				);
				PRODUCT_BUNDLE_IDENTIFIER = jp.pronama.IdolBirthday.IdolBirthdayWidget;
				PRODUCT_NAME = IdolBirthdayWidget;
				SDKROOT = iphoneos;
				SUPPORTS_MACCATALYST = YES;
				TARGETED_DEVICE_FAMILY = "1,2";
			};
			name = Release;
		};
		32FECA021994A3B15333934B /* Debug */ = {
			isa = XCBuildConfiguration;
			baseConfigurationReference = 04C0C148DB6E92AF59BD1781 /* Pods-macOS-Widget macOS.debug.xcconfig */;
			buildSettings = {
				ASSETCATALOG_COMPILER_GLOBAL_ACCENT_COLOR_NAME = AccentColor;
				ASSETCATALOG_COMPILER_WIDGET_BACKGROUND_COLOR_NAME = WidgetBackground;
				CODE_SIGN_ENTITLEMENTS = Widget/macOS/macOS.entitlements;
				COMBINE_HIDPI_IMAGES = YES;
				INFOPLIST_FILE = Widget/macOS/Info.plist;
				LD_RUNPATH_SEARCH_PATHS = (
					"$(inherited)",
					"@executable_path/../Frameworks",
					"@executable_path/../../../../Frameworks",
				);
				PRODUCT_BUNDLE_IDENTIFIER = jp.pronama.IdolBirthday.IdolBirthdayWidget;
				PRODUCT_NAME = IdolBirthdayWidget;
				SDKROOT = macosx;
			};
			name = Debug;
		};
		6470C0082D40F426F36A9CDB /* Debug */ = {
			isa = XCBuildConfiguration;
			baseConfigurationReference = B2BDE7FF698D9119D404576E /* Pods-iOS-Widget iOS.debug.xcconfig */;
			buildSettings = {
				ASSETCATALOG_COMPILER_GLOBAL_ACCENT_COLOR_NAME = AccentColor;
				ASSETCATALOG_COMPILER_WIDGET_BACKGROUND_COLOR_NAME = WidgetBackground;
				CODE_SIGN_ENTITLEMENTS = Widget/iOS/iOS.entitlements;
				INFOPLIST_FILE = Widget/iOS/Info.plist;
				IPHONEOS_DEPLOYMENT_TARGET = 14.0;
				LD_RUNPATH_SEARCH_PATHS = (
					"$(inherited)",
					"@executable_path/Frameworks",
					"@executable_path/../../Frameworks",
				);
				PRODUCT_BUNDLE_IDENTIFIER = jp.pronama.IdolBirthday.IdolBirthdayWidget;
				PRODUCT_NAME = IdolBirthdayWidget;
				SDKROOT = iphoneos;
				SUPPORTS_MACCATALYST = YES;
				TARGETED_DEVICE_FAMILY = "1,2";
			};
			name = Debug;
		};
		68167D46FDFC38452BAC0366 /* Debug */ = {
			isa = XCBuildConfiguration;
			baseConfigurationReference = 294C03F4EC2664F9D6F17801 /* Pods-iOS-App iOS.debug.xcconfig */;
			buildSettings = {
				ASSETCATALOG_COMPILER_APPICON_NAME = AppIcon;
				CODE_SIGN_ENTITLEMENTS = iOS/App/Resources/IdolBirthday.entitlements;
				CODE_SIGN_IDENTITY = "iPhone Developer";
				INFOPLIST_FILE = iOS/App/Resources/Info.plist;
				IPHONEOS_DEPLOYMENT_TARGET = 13.5;
				LD_RUNPATH_SEARCH_PATHS = (
					"$(inherited)",
					"@executable_path/Frameworks",
				);
				PRODUCT_BUNDLE_IDENTIFIER = jp.pronama.IdolBirthday;
				PRODUCT_NAME = IdolBirthday;
				SDKROOT = iphoneos;
				SUPPORTS_MACCATALYST = YES;
				TARGETED_DEVICE_FAMILY = "1,2";
			};
			name = Debug;
		};
		6C7743162A4CDF62124D7C2B /* Debug */ = {
			isa = XCBuildConfiguration;
			baseConfigurationReference = 3D2A523A549289F039FA34B2 /* Pods-macOS-App macOS.debug.xcconfig */;
			buildSettings = {
				ASSETCATALOG_COMPILER_APPICON_NAME = AppIcon;
				CODE_SIGN_ENTITLEMENTS = App/macOS/IdolBirthday.entitlements;
				COMBINE_HIDPI_IMAGES = YES;
				INFOPLIST_FILE = App/macOS/Info.plist;
				LD_RUNPATH_SEARCH_PATHS = (
					"$(inherited)",
					"@executable_path/../Frameworks",
				);
				PRODUCT_BUNDLE_IDENTIFIER = jp.pronama.IdolBirthday;
				PRODUCT_NAME = IdolBirthday;
				SDKROOT = macosx;
			};
			name = Debug;
		};
		7496279BBCEFDE956203734B /* Debug */ = {
			isa = XCBuildConfiguration;
			baseConfigurationReference = A25322DB081FCD85858C3E10 /* Pods-iOS-Backend iOS.debug.xcconfig */;
			buildSettings = {
				CODE_SIGN_IDENTITY = "";
				CURRENT_PROJECT_VERSION = 1;
				DEFINES_MODULE = YES;
				DYLIB_COMPATIBILITY_VERSION = 1;
				DYLIB_CURRENT_VERSION = 1;
				DYLIB_INSTALL_NAME_BASE = "@rpath";
				INFOPLIST_FILE = Backend/Resources/Info.plist;
				INSTALL_PATH = "$(LOCAL_LIBRARY_DIR)/Frameworks";
				LD_RUNPATH_SEARCH_PATHS = (
					"$(inherited)",
					"@executable_path/Frameworks",
				);
				PRODUCT_BUNDLE_IDENTIFIER = jp.pronama.IdolBirthday.Backend;
				PRODUCT_NAME = Backend;
				SDKROOT = iphoneos;
				SKIP_INSTALL = YES;
				TARGETED_DEVICE_FAMILY = "1,2";
				VERSIONING_SYSTEM = "apple-generic";
			};
			name = Debug;
		};
		A23CDF753884CD8D347720E7 /* Release */ = {
			isa = XCBuildConfiguration;
			buildSettings = {
				ALWAYS_SEARCH_USER_PATHS = NO;
				CLANG_ANALYZER_NONNULL = YES;
				CLANG_ANALYZER_NUMBER_OBJECT_CONVERSION = YES_AGGRESSIVE;
				CLANG_CXX_LANGUAGE_STANDARD = "gnu++14";
				CLANG_CXX_LIBRARY = "libc++";
				CLANG_ENABLE_MODULES = YES;
				CLANG_ENABLE_OBJC_ARC = YES;
				CLANG_WARN_BLOCK_CAPTURE_AUTORELEASING = YES;
				CLANG_WARN_BOOL_CONVERSION = YES;
				CLANG_WARN_COMMA = YES;
				CLANG_WARN_CONSTANT_CONVERSION = YES;
				CLANG_WARN_DEPRECATED_OBJC_IMPLEMENTATIONS = YES;
				CLANG_WARN_DIRECT_OBJC_ISA_USAGE = YES_ERROR;
				CLANG_WARN_DOCUMENTATION_COMMENTS = YES;
				CLANG_WARN_EMPTY_BODY = YES;
				CLANG_WARN_ENUM_CONVERSION = YES;
				CLANG_WARN_INFINITE_RECURSION = YES;
				CLANG_WARN_INT_CONVERSION = YES;
				CLANG_WARN_NON_LITERAL_NULL_CONVERSION = YES;
				CLANG_WARN_OBJC_IMPLICIT_RETAIN_SELF = YES;
				CLANG_WARN_OBJC_LITERAL_CONVERSION = YES;
				CLANG_WARN_OBJC_ROOT_CLASS = YES_ERROR;
				CLANG_WARN_RANGE_LOOP_ANALYSIS = YES;
				CLANG_WARN_STRICT_PROTOTYPES = YES;
				CLANG_WARN_SUSPICIOUS_MOVE = YES;
				CLANG_WARN_UNGUARDED_AVAILABILITY = YES_AGGRESSIVE;
				CLANG_WARN_UNREACHABLE_CODE = YES;
				CLANG_WARN__DUPLICATE_METHOD_MATCH = YES;
				COPY_PHASE_STRIP = NO;
				DEBUG_INFORMATION_FORMAT = "dwarf-with-dsym";
				DEVELOPMENT_TEAM = 4XKKKM86RN;
				ENABLE_NS_ASSERTIONS = NO;
				ENABLE_STRICT_OBJC_MSGSEND = YES;
				GCC_C_LANGUAGE_STANDARD = gnu11;
				GCC_NO_COMMON_BLOCKS = YES;
				GCC_WARN_64_TO_32_BIT_CONVERSION = YES;
				GCC_WARN_ABOUT_RETURN_TYPE = YES_ERROR;
				GCC_WARN_UNDECLARED_SELECTOR = YES;
				GCC_WARN_UNINITIALIZED_AUTOS = YES_AGGRESSIVE;
				GCC_WARN_UNUSED_FUNCTION = YES;
				GCC_WARN_UNUSED_VARIABLE = YES;
				IPHONEOS_DEPLOYMENT_TARGET = 13.5;
				MACOSX_DEPLOYMENT_TARGET = 11.0;
				PRODUCT_NAME = "$(TARGET_NAME)";
				SWIFT_COMPILATION_MODE = wholemodule;
				SWIFT_VERSION = 5.0;
				VALIDATE_PRODUCT = YES;
			};
			name = Release;
		};
		C949F86590B17DC7C20E31F9 /* Release */ = {
			isa = XCBuildConfiguration;
			baseConfigurationReference = 03B4EA6FE1A0D6F77B7EEF8C /* Pods-macOS-App macOS.release.xcconfig */;
			buildSettings = {
				ASSETCATALOG_COMPILER_APPICON_NAME = AppIcon;
				CODE_SIGN_ENTITLEMENTS = App/macOS/IdolBirthday.entitlements;
				COMBINE_HIDPI_IMAGES = YES;
				INFOPLIST_FILE = App/macOS/Info.plist;
				LD_RUNPATH_SEARCH_PATHS = (
					"$(inherited)",
					"@executable_path/../Frameworks",
				);
				PRODUCT_BUNDLE_IDENTIFIER = jp.pronama.IdolBirthday;
				PRODUCT_NAME = IdolBirthday;
				SDKROOT = macosx;
			};
			name = Release;
		};
		D92ACB1BD746F2857B21D012 /* Release */ = {
			isa = XCBuildConfiguration;
			baseConfigurationReference = 775A9A1ACE82BC4789F2E1E8 /* Pods-macOS-Backend macOS.release.xcconfig */;
			buildSettings = {
				CODE_SIGN_IDENTITY = "";
				COMBINE_HIDPI_IMAGES = YES;
				CURRENT_PROJECT_VERSION = 1;
				DEFINES_MODULE = YES;
				DYLIB_COMPATIBILITY_VERSION = 1;
				DYLIB_CURRENT_VERSION = 1;
				DYLIB_INSTALL_NAME_BASE = "@rpath";
				INFOPLIST_FILE = Backend/Resources/Info.plist;
				INSTALL_PATH = "$(LOCAL_LIBRARY_DIR)/Frameworks";
				LD_RUNPATH_SEARCH_PATHS = (
					"$(inherited)",
					"@executable_path/../Frameworks",
				);
				PRODUCT_BUNDLE_IDENTIFIER = jp.pronama.IdolBirthday.Backend;
				PRODUCT_NAME = Backend;
				SDKROOT = macosx;
				SKIP_INSTALL = YES;
				VERSIONING_SYSTEM = "apple-generic";
			};
			name = Release;
		};
		DBE48D08FFC9F5C27814181F /* Release */ = {
			isa = XCBuildConfiguration;
			baseConfigurationReference = 3ECFDA5F04866C76BE9DB526 /* Pods-macOS-Widget macOS.release.xcconfig */;
			buildSettings = {
				ASSETCATALOG_COMPILER_GLOBAL_ACCENT_COLOR_NAME = AccentColor;
				ASSETCATALOG_COMPILER_WIDGET_BACKGROUND_COLOR_NAME = WidgetBackground;
				CODE_SIGN_ENTITLEMENTS = Widget/macOS/macOS.entitlements;
				COMBINE_HIDPI_IMAGES = YES;
				INFOPLIST_FILE = Widget/macOS/Info.plist;
				LD_RUNPATH_SEARCH_PATHS = (
					"$(inherited)",
					"@executable_path/../Frameworks",
					"@executable_path/../../../../Frameworks",
				);
				PRODUCT_BUNDLE_IDENTIFIER = jp.pronama.IdolBirthday.IdolBirthdayWidget;
				PRODUCT_NAME = IdolBirthdayWidget;
				SDKROOT = macosx;
			};
			name = Release;
		};
		DE2512906034FDB260451B02 /* Release */ = {
			isa = XCBuildConfiguration;
			baseConfigurationReference = 5C013492304CA532802B8AAB /* Pods-iOS-Backend iOS.release.xcconfig */;
			buildSettings = {
				CODE_SIGN_IDENTITY = "";
				CURRENT_PROJECT_VERSION = 1;
				DEFINES_MODULE = YES;
				DYLIB_COMPATIBILITY_VERSION = 1;
				DYLIB_CURRENT_VERSION = 1;
				DYLIB_INSTALL_NAME_BASE = "@rpath";
				INFOPLIST_FILE = Backend/Resources/Info.plist;
				INSTALL_PATH = "$(LOCAL_LIBRARY_DIR)/Frameworks";
				LD_RUNPATH_SEARCH_PATHS = (
					"$(inherited)",
					"@executable_path/Frameworks",
				);
				PRODUCT_BUNDLE_IDENTIFIER = jp.pronama.IdolBirthday.Backend;
				PRODUCT_NAME = Backend;
				SDKROOT = iphoneos;
				SKIP_INSTALL = YES;
				TARGETED_DEVICE_FAMILY = "1,2";
				VERSIONING_SYSTEM = "apple-generic";
			};
			name = Release;
		};
		F5B915AC378063C5BE00A81C /* Release */ = {
			isa = XCBuildConfiguration;
			baseConfigurationReference = 6B106378B862211664159555 /* Pods-iOS-App iOS.release.xcconfig */;
			buildSettings = {
				ASSETCATALOG_COMPILER_APPICON_NAME = AppIcon;
				CODE_SIGN_ENTITLEMENTS = iOS/App/Resources/IdolBirthday.entitlements;
				CODE_SIGN_IDENTITY = "iPhone Developer";
				INFOPLIST_FILE = iOS/App/Resources/Info.plist;
				IPHONEOS_DEPLOYMENT_TARGET = 13.5;
				LD_RUNPATH_SEARCH_PATHS = (
					"$(inherited)",
					"@executable_path/Frameworks",
				);
				PRODUCT_BUNDLE_IDENTIFIER = jp.pronama.IdolBirthday;
				PRODUCT_NAME = IdolBirthday;
				SDKROOT = iphoneos;
				SUPPORTS_MACCATALYST = YES;
				TARGETED_DEVICE_FAMILY = "1,2";
			};
			name = Release;
		};
/* End XCBuildConfiguration section */

/* Begin XCConfigurationList section */
		19ED77A910AE648D94258195 /* Build configuration list for PBXNativeTarget "App macOS" */ = {
			isa = XCConfigurationList;
			buildConfigurations = (
				6C7743162A4CDF62124D7C2B /* Debug */,
				C949F86590B17DC7C20E31F9 /* Release */,
			);
			defaultConfigurationIsVisible = 0;
			defaultConfigurationName = Debug;
		};
		2DF3845605704E7B8CA857E7 /* Build configuration list for PBXNativeTarget "App iOS" */ = {
			isa = XCConfigurationList;
			buildConfigurations = (
				68167D46FDFC38452BAC0366 /* Debug */,
				F5B915AC378063C5BE00A81C /* Release */,
			);
			defaultConfigurationIsVisible = 0;
			defaultConfigurationName = Debug;
		};
		3538BF54D14AA624E0672C35 /* Build configuration list for PBXNativeTarget "Backend iOS" */ = {
			isa = XCConfigurationList;
			buildConfigurations = (
				7496279BBCEFDE956203734B /* Debug */,
				DE2512906034FDB260451B02 /* Release */,
			);
			defaultConfigurationIsVisible = 0;
			defaultConfigurationName = Debug;
		};
		5B016AFC0845E7910377E462 /* Build configuration list for PBXNativeTarget "Backend macOS" */ = {
			isa = XCConfigurationList;
			buildConfigurations = (
				0BB5B89BD84EBFF71682C133 /* Debug */,
				D92ACB1BD746F2857B21D012 /* Release */,
			);
			defaultConfigurationIsVisible = 0;
			defaultConfigurationName = Debug;
		};
		6D9F03FECD0A6D5FA5930460 /* Build configuration list for PBXProject "IdolBirthday" */ = {
			isa = XCConfigurationList;
			buildConfigurations = (
				0F34B67C560EDF2F8CB251F8 /* Debug */,
				A23CDF753884CD8D347720E7 /* Release */,
			);
			defaultConfigurationIsVisible = 0;
			defaultConfigurationName = Debug;
		};
		A6CC4A0DEC172A718392A2B8 /* Build configuration list for PBXNativeTarget "Widget iOS" */ = {
			isa = XCConfigurationList;
			buildConfigurations = (
				6470C0082D40F426F36A9CDB /* Debug */,
				2E9BE914D2384A5E880AD965 /* Release */,
			);
			defaultConfigurationIsVisible = 0;
			defaultConfigurationName = Debug;
		};
		CBBB6EE5CDA301B1DA3D3064 /* Build configuration list for PBXNativeTarget "Widget macOS" */ = {
			isa = XCConfigurationList;
			buildConfigurations = (
				32FECA021994A3B15333934B /* Debug */,
				DBE48D08FFC9F5C27814181F /* Release */,
			);
			defaultConfigurationIsVisible = 0;
			defaultConfigurationName = Debug;
		};
/* End XCConfigurationList section */
	};
	rootObject = A7E1590B8C34AC80A17D321A /* Project object */;
}
