// !$*UTF8*$!
{
	archiveVersion = 1;
	classes = {
	};
	objectVersion = 51;
	objects = {

/* Begin PBXBuildFile section */
		04EFF0B06D31896706DA8475 /* IdolDetailView.swift in Sources */ = {isa = PBXBuildFile; fileRef = E02EA4EACEA29E390D5DC618 /* IdolDetailView.swift */; };
		20BD6569D5818C2C1B1EDD8A /* SceneDelegate.swift in Sources */ = {isa = PBXBuildFile; fileRef = 47AD2705A53030663793F33E /* SceneDelegate.swift */; };
		27BDFDA7B89EA1A4A9E624BD /* LaunchScreen.storyboard in Resources */ = {isa = PBXBuildFile; fileRef = 96805B6BA967B7F82590842F /* LaunchScreen.storyboard */; };
		319B1C76CEE9AA5B9494F6FF /* Backend in Frameworks */ = {isa = PBXBuildFile; productRef = 47625727ACB2FF8E884A5BD6 /* Backend */; };
		331B066D8CA71B54DDF28939 /* Assets.xcassets in Resources */ = {isa = PBXBuildFile; fileRef = 77F2F20A14372ED0B496B41C /* Assets.xcassets */; };
		3BB09A824AA75243D5B4AC07 /* IdolList.swift in Sources */ = {isa = PBXBuildFile; fileRef = 477D204BAB33A8463A8A0540 /* IdolList.swift */; };
		426F81062374C116C92404DC /* AboutAppViewController.swift in Sources */ = {isa = PBXBuildFile; fileRef = 46A8FA0F2E204FB030502C28 /* AboutAppViewController.swift */; };
		42AFD73FDC2DE7BE454E6595 /* IdolBirthdayWidget.swift in Sources */ = {isa = PBXBuildFile; fileRef = 9B7040798D7A1E8BB251EA31 /* IdolBirthdayWidget.swift */; };
		4591BEFC5CC449C219D7BEE4 /* Widget.appex in Embed App Extensions */ = {isa = PBXBuildFile; fileRef = FD5B6BEA5D5794118BC0A346 /* Widget.appex */; settings = {ATTRIBUTES = (RemoveHeadersOnCopy, ); }; };
		46AA7CCFD6552469DA7AC09D /* IdolBirthdayApp.swift in Sources */ = {isa = PBXBuildFile; fileRef = 4CB5B7E6D8A60A8233251D9C /* IdolBirthdayApp.swift */; };
		5663C10B21DCDBB57F9B9361 /* IdolBirthdayWidget.intentdefinition in Sources */ = {isa = PBXBuildFile; fileRef = 2514D8692217234BCF35AE60 /* IdolBirthdayWidget.intentdefinition */; };
		5803970BCD7CBC27474417B2 /* Localizable.strings in Resources */ = {isa = PBXBuildFile; fileRef = 8814FC016F4E0B1B72360687 /* Localizable.strings */; };
		5DC1E825D2498D9CA8D076FB /* Backend in Frameworks */ = {isa = PBXBuildFile; productRef = 737A08BE3BA9F98069332CD7 /* Backend */; };
		6FBDFAB6F03CBE01718F7045 /* IdolListViewController.swift in Sources */ = {isa = PBXBuildFile; fileRef = C1D15B7B41C3E6E70582009E /* IdolListViewController.swift */; };
		825CEC19BBDEF344E0726691 /* Widget.appex in Embed App Extensions */ = {isa = PBXBuildFile; fileRef = 4C83FB1DC4AF63CC1E8503DD /* Widget.appex */; settings = {ATTRIBUTES = (RemoveHeadersOnCopy, ); }; };
		8BBF2B2D15012524DD4CC015 /* Assets.xcassets in Resources */ = {isa = PBXBuildFile; fileRef = 77F2F20A14372ED0B496B41C /* Assets.xcassets */; };
		937B86C19AB344FEAB711380 /* Assets.xcassets in Resources */ = {isa = PBXBuildFile; fileRef = 4054CA48FCBB392163142B94 /* Assets.xcassets */; };
		94C82D05CD127AF033320569 /* Localizable.strings in Resources */ = {isa = PBXBuildFile; fileRef = 8814FC016F4E0B1B72360687 /* Localizable.strings */; };
		9A43A3B4BA3504C651074CEF /* ContentView.swift in Sources */ = {isa = PBXBuildFile; fileRef = E7823F0B8A3016038DF86CB0 /* ContentView.swift */; };
		9F94586A8E67F9DEECC99E01 /* IdolBirthdayWidget.swift in Sources */ = {isa = PBXBuildFile; fileRef = 9B7040798D7A1E8BB251EA31 /* IdolBirthdayWidget.swift */; };
		A98375A28915ECADC054E1A5 /* UITableViewDiffableDataSource+plainSnapshot.swift in Sources */ = {isa = PBXBuildFile; fileRef = E1EA45EC542C645A886A5BD6 /* UITableViewDiffableDataSource+plainSnapshot.swift */; };
		BC7C18F311D6331FE63C4BC4 /* IdolBirthdayWidget.intentdefinition in Sources */ = {isa = PBXBuildFile; fileRef = 2514D8692217234BCF35AE60 /* IdolBirthdayWidget.intentdefinition */; };
		BDFD7277D3D934F600B16307 /* OGPResult.swift in Sources */ = {isa = PBXBuildFile; fileRef = 554061F1794D2F8B330C97B3 /* OGPResult.swift */; };
		C86FA0C473DCBA75A6E1AD13 /* Settings.bundle in Resources */ = {isa = PBXBuildFile; fileRef = 64CB2A3473032B985051D857 /* Settings.bundle */; };
		D5B76E30B1A5186DDDCFFEF6 /* IdolDetailViewController.swift in Sources */ = {isa = PBXBuildFile; fileRef = 982BD6AF5337792B6F4225AE /* IdolDetailViewController.swift */; };
		D7FB88443059D9D6E34CB894 /* AppDelegate.swift in Sources */ = {isa = PBXBuildFile; fileRef = 8F0D3ED472535FEF3B279398 /* AppDelegate.swift */; };
		F572CC4E1D665A79FC93B1A6 /* Backend in Frameworks */ = {isa = PBXBuildFile; productRef = F215083C84C8DBCD4AE3A32D /* Backend */; };
		F684DF8655E16DC84EFD697A /* Assets.xcassets in Resources */ = {isa = PBXBuildFile; fileRef = 10D35D8350100B96CDAD5C73 /* Assets.xcassets */; };
		F6DA413BF1B5A778660264C0 /* RootViewController.swift in Sources */ = {isa = PBXBuildFile; fileRef = 7596974B90F239E2B2CBA1AE /* RootViewController.swift */; };
		F7C3092E60E2F4AD184487B2 /* Backend in Frameworks */ = {isa = PBXBuildFile; productRef = 9E7E26C46AA11314751AA8FA /* Backend */; };
		F7DBE07E5BB987FA95DF08F1 /* OGPLinkTableViewCell.swift in Sources */ = {isa = PBXBuildFile; fileRef = 83BB0B963A2E7B5914F7A0B4 /* OGPLinkTableViewCell.swift */; };
/* End PBXBuildFile section */

/* Begin PBXContainerItemProxy section */
		35E70C95EC054ED573F5975B /* PBXContainerItemProxy */ = {
			isa = PBXContainerItemProxy;
			containerPortal = A7E1590B8C34AC80A17D321A /* Project object */;
			proxyType = 1;
			remoteGlobalIDString = 7265E9C3F46E0CFD4C97AF59;
			remoteInfo = "Widget iOS";
		};
		9265276340E55EC165EB4A56 /* PBXContainerItemProxy */ = {
			isa = PBXContainerItemProxy;
			containerPortal = A7E1590B8C34AC80A17D321A /* Project object */;
			proxyType = 1;
			remoteGlobalIDString = 337A027798E6B5F83C70356A;
			remoteInfo = "Widget macOS";
		};
/* End PBXContainerItemProxy section */

/* Begin PBXCopyFilesBuildPhase section */
		5DC3CB7FA6DF4437119F2B08 /* Embed App Extensions */ = {
			isa = PBXCopyFilesBuildPhase;
			buildActionMask = 2147483647;
			dstPath = "";
			dstSubfolderSpec = 13;
			files = (
				4591BEFC5CC449C219D7BEE4 /* Widget.appex in Embed App Extensions */,
			);
			name = "Embed App Extensions";
			runOnlyForDeploymentPostprocessing = 0;
		};
		A97D0AFA0826AA682101E1D0 /* Embed App Extensions */ = {
			isa = PBXCopyFilesBuildPhase;
			buildActionMask = 2147483647;
			dstPath = "";
			dstSubfolderSpec = 13;
			files = (
				825CEC19BBDEF344E0726691 /* Widget.appex in Embed App Extensions */,
			);
			name = "Embed App Extensions";
			runOnlyForDeploymentPostprocessing = 0;
		};
/* End PBXCopyFilesBuildPhase section */

/* Begin PBXFileReference section */
		06DEDE7B93813029FE5A2C4B /* macOS.entitlements */ = {isa = PBXFileReference; lastKnownFileType = text.plist.entitlements; path = macOS.entitlements; sourceTree = "<group>"; };
		09A086105D6395150B5EF096 /* Backend */ = {isa = PBXFileReference; lastKnownFileType = folder; name = Backend; path = Backend; sourceTree = SOURCE_ROOT; };
		0FB7E37531D5558C40319445 /* App iOS.app */ = {isa = PBXFileReference; includeInIndex = 0; lastKnownFileType = wrapper.application; path = "App iOS.app"; sourceTree = BUILT_PRODUCTS_DIR; };
		10D35D8350100B96CDAD5C73 /* Assets.xcassets */ = {isa = PBXFileReference; lastKnownFileType = folder.assetcatalog; path = Assets.xcassets; sourceTree = "<group>"; };
		2514D8692217234BCF35AE60 /* IdolBirthdayWidget.intentdefinition */ = {isa = PBXFileReference; lastKnownFileType = file.intentdefinition; path = IdolBirthdayWidget.intentdefinition; sourceTree = "<group>"; };
		37A8AF0E1189A14DD36FA1C3 /* ja */ = {isa = PBXFileReference; lastKnownFileType = text.plist.strings; name = ja; path = ja.lproj/Localizable.strings; sourceTree = "<group>"; };
		40024C18489174E54CDB20B3 /* Info.plist */ = {isa = PBXFileReference; lastKnownFileType = text.plist; path = Info.plist; sourceTree = "<group>"; };
		4054CA48FCBB392163142B94 /* Assets.xcassets */ = {isa = PBXFileReference; lastKnownFileType = folder.assetcatalog; path = Assets.xcassets; sourceTree = "<group>"; };
		46A8FA0F2E204FB030502C28 /* AboutAppViewController.swift */ = {isa = PBXFileReference; lastKnownFileType = sourcecode.swift; path = AboutAppViewController.swift; sourceTree = "<group>"; };
		477D204BAB33A8463A8A0540 /* IdolList.swift */ = {isa = PBXFileReference; lastKnownFileType = sourcecode.swift; path = IdolList.swift; sourceTree = "<group>"; };
		47AD2705A53030663793F33E /* SceneDelegate.swift */ = {isa = PBXFileReference; lastKnownFileType = sourcecode.swift; path = SceneDelegate.swift; sourceTree = "<group>"; };
		4C83FB1DC4AF63CC1E8503DD /* Widget.appex */ = {isa = PBXFileReference; explicitFileType = "wrapper.app-extension"; includeInIndex = 0; path = Widget.appex; sourceTree = BUILT_PRODUCTS_DIR; };
		4CB5B7E6D8A60A8233251D9C /* IdolBirthdayApp.swift */ = {isa = PBXFileReference; lastKnownFileType = sourcecode.swift; path = IdolBirthdayApp.swift; sourceTree = "<group>"; };
		554061F1794D2F8B330C97B3 /* OGPResult.swift */ = {isa = PBXFileReference; lastKnownFileType = sourcecode.swift; path = OGPResult.swift; sourceTree = "<group>"; };
		607ACE946C27882FF85943F6 /* Info.plist */ = {isa = PBXFileReference; lastKnownFileType = text.plist; path = Info.plist; sourceTree = "<group>"; };
		64CB2A3473032B985051D857 /* Settings.bundle */ = {isa = PBXFileReference; lastKnownFileType = "wrapper.plug-in"; path = Settings.bundle; sourceTree = "<group>"; };
		66BA6763527EC26DFD0FDFC9 /* App macOS.app */ = {isa = PBXFileReference; explicitFileType = wrapper.application; includeInIndex = 0; path = "App macOS.app"; sourceTree = BUILT_PRODUCTS_DIR; };
		703377CD9052A2AD18BF064D /* Info.plist */ = {isa = PBXFileReference; lastKnownFileType = text.plist; path = Info.plist; sourceTree = "<group>"; };
		7596974B90F239E2B2CBA1AE /* RootViewController.swift */ = {isa = PBXFileReference; lastKnownFileType = sourcecode.swift; path = RootViewController.swift; sourceTree = "<group>"; };
		77F2F20A14372ED0B496B41C /* Assets.xcassets */ = {isa = PBXFileReference; lastKnownFileType = folder.assetcatalog; path = Assets.xcassets; sourceTree = "<group>"; };
		7FF33F75341BD738D8BFEBC9 /* Info.plist */ = {isa = PBXFileReference; lastKnownFileType = text.plist; path = Info.plist; sourceTree = "<group>"; };
		83BB0B963A2E7B5914F7A0B4 /* OGPLinkTableViewCell.swift */ = {isa = PBXFileReference; lastKnownFileType = sourcecode.swift; path = OGPLinkTableViewCell.swift; sourceTree = "<group>"; };
		8F0D3ED472535FEF3B279398 /* AppDelegate.swift */ = {isa = PBXFileReference; lastKnownFileType = sourcecode.swift; path = AppDelegate.swift; sourceTree = "<group>"; };
		982BD6AF5337792B6F4225AE /* IdolDetailViewController.swift */ = {isa = PBXFileReference; lastKnownFileType = sourcecode.swift; path = IdolDetailViewController.swift; sourceTree = "<group>"; };
		9B7040798D7A1E8BB251EA31 /* IdolBirthdayWidget.swift */ = {isa = PBXFileReference; lastKnownFileType = sourcecode.swift; path = IdolBirthdayWidget.swift; sourceTree = "<group>"; };
		B054657C6650506DC076D638 /* macOS.entitlements */ = {isa = PBXFileReference; lastKnownFileType = text.plist.entitlements; path = macOS.entitlements; sourceTree = "<group>"; };
		C02E1ABBC3D34FA91BB11D85 /* IdolBirthday.entitlements */ = {isa = PBXFileReference; lastKnownFileType = text.plist.entitlements; path = IdolBirthday.entitlements; sourceTree = "<group>"; };
		C1D15B7B41C3E6E70582009E /* IdolListViewController.swift */ = {isa = PBXFileReference; lastKnownFileType = sourcecode.swift; path = IdolListViewController.swift; sourceTree = "<group>"; };
		C9CDE587BA7214C0DD7E2CA8 /* iOS.entitlements */ = {isa = PBXFileReference; lastKnownFileType = text.plist.entitlements; path = iOS.entitlements; sourceTree = "<group>"; };
		E02EA4EACEA29E390D5DC618 /* IdolDetailView.swift */ = {isa = PBXFileReference; lastKnownFileType = sourcecode.swift; path = IdolDetailView.swift; sourceTree = "<group>"; };
		E1EA45EC542C645A886A5BD6 /* UITableViewDiffableDataSource+plainSnapshot.swift */ = {isa = PBXFileReference; lastKnownFileType = sourcecode.swift; path = "UITableViewDiffableDataSource+plainSnapshot.swift"; sourceTree = "<group>"; };
		E7823F0B8A3016038DF86CB0 /* ContentView.swift */ = {isa = PBXFileReference; lastKnownFileType = sourcecode.swift; path = ContentView.swift; sourceTree = "<group>"; };
		F4B83524AF1D81230BF4E9D0 /* en */ = {isa = PBXFileReference; lastKnownFileType = text.plist.strings; name = en; path = en.lproj/Localizable.strings; sourceTree = "<group>"; };
		F6285BFFA63E2790B653AC43 /* Base */ = {isa = PBXFileReference; lastKnownFileType = file.storyboard; name = Base; path = Base.lproj/LaunchScreen.storyboard; sourceTree = "<group>"; };
		FD5B6BEA5D5794118BC0A346 /* Widget.appex */ = {isa = PBXFileReference; includeInIndex = 0; lastKnownFileType = "wrapper.app-extension"; path = Widget.appex; sourceTree = BUILT_PRODUCTS_DIR; };
/* End PBXFileReference section */

/* Begin PBXFrameworksBuildPhase section */
		081EB7CBA0297857BAE3FB2C /* Frameworks */ = {
			isa = PBXFrameworksBuildPhase;
			buildActionMask = 2147483647;
			files = (
				F7C3092E60E2F4AD184487B2 /* Backend in Frameworks */,
			);
			runOnlyForDeploymentPostprocessing = 0;
		};
		5626802D4CEA1DCEA2442EA1 /* Frameworks */ = {
			isa = PBXFrameworksBuildPhase;
			buildActionMask = 2147483647;
			files = (
				319B1C76CEE9AA5B9494F6FF /* Backend in Frameworks */,
			);
			runOnlyForDeploymentPostprocessing = 0;
		};
		A6ADAAA97252BDE41D47FF9E /* Frameworks */ = {
			isa = PBXFrameworksBuildPhase;
			buildActionMask = 2147483647;
			files = (
				5DC1E825D2498D9CA8D076FB /* Backend in Frameworks */,
			);
			runOnlyForDeploymentPostprocessing = 0;
		};
		B41C9966C9F737F0CC3C371E /* Frameworks */ = {
			isa = PBXFrameworksBuildPhase;
			buildActionMask = 2147483647;
			files = (
				F572CC4E1D665A79FC93B1A6 /* Backend in Frameworks */,
			);
			runOnlyForDeploymentPostprocessing = 0;
		};
/* End PBXFrameworksBuildPhase section */

/* Begin PBXGroup section */
		049E5430A594B334A06F8A6C /* macOS */ = {
			isa = PBXGroup;
			children = (
				7FF33F75341BD738D8BFEBC9 /* Info.plist */,
				06DEDE7B93813029FE5A2C4B /* macOS.entitlements */,
			);
			path = macOS;
			sourceTree = "<group>";
		};
		0743484E445FE02377186647 = {
			isa = PBXGroup;
			children = (
				E8F9A8E6618456843E130D84 /* App */,
				B1A70D61888658B4732135E7 /* iOS */,
				2D74B0B36AE397B178D7E189 /* Packages */,
				6074C4E7275875463E2AF9CA /* Widget */,
				93E061BEF2F4C312B2530EB7 /* Products */,
			);
			sourceTree = "<group>";
		};
		1095EAAAB60BBF2EA889E44C /* App */ = {
			isa = PBXGroup;
			children = (
				B07896047655070F17DD0342 /* Delegate */,
				D032E465A08C91B3D9ECF2BF /* Extensions */,
				F9BEB6B1F2BF5AEF4088919C /* Resources */,
				80B5D3182EEDFD72A21305EF /* Structs */,
				9F4E19BE5607DB21E84A9739 /* ViewControllers */,
				FF18EE05523799BE774CF207 /* Views */,
			);
			path = App;
			sourceTree = "<group>";
		};
		2D74B0B36AE397B178D7E189 /* Packages */ = {
			isa = PBXGroup;
			children = (
				09A086105D6395150B5EF096 /* Backend */,
			);
			name = Packages;
			sourceTree = SOURCE_ROOT;
		};
		446335C8434B54A4370DEE9A /* iOS */ = {
			isa = PBXGroup;
			children = (
				40024C18489174E54CDB20B3 /* Info.plist */,
				C9CDE587BA7214C0DD7E2CA8 /* iOS.entitlements */,
			);
			path = iOS;
			sourceTree = "<group>";
		};
		6074C4E7275875463E2AF9CA /* Widget */ = {
			isa = PBXGroup;
			children = (
				446335C8434B54A4370DEE9A /* iOS */,
				6A4A98EA6F38B2AE72786451 /* macOS */,
				E69A2C6A04C4027E8AC956DB /* Shared */,
			);
			path = Widget;
			sourceTree = "<group>";
		};
		60DDD949F3C6125C3E82EE90 /* Shared */ = {
			isa = PBXGroup;
			children = (
				4054CA48FCBB392163142B94 /* Assets.xcassets */,
				E7823F0B8A3016038DF86CB0 /* ContentView.swift */,
				4CB5B7E6D8A60A8233251D9C /* IdolBirthdayApp.swift */,
				E02EA4EACEA29E390D5DC618 /* IdolDetailView.swift */,
				477D204BAB33A8463A8A0540 /* IdolList.swift */,
			);
			path = Shared;
			sourceTree = "<group>";
		};
		6A4A98EA6F38B2AE72786451 /* macOS */ = {
			isa = PBXGroup;
			children = (
				607ACE946C27882FF85943F6 /* Info.plist */,
				B054657C6650506DC076D638 /* macOS.entitlements */,
			);
			path = macOS;
			sourceTree = "<group>";
		};
		80B5D3182EEDFD72A21305EF /* Structs */ = {
			isa = PBXGroup;
			children = (
				554061F1794D2F8B330C97B3 /* OGPResult.swift */,
			);
			path = Structs;
			sourceTree = "<group>";
		};
		93E061BEF2F4C312B2530EB7 /* Products */ = {
			isa = PBXGroup;
			children = (
				0FB7E37531D5558C40319445 /* App iOS.app */,
				66BA6763527EC26DFD0FDFC9 /* App macOS.app */,
				FD5B6BEA5D5794118BC0A346 /* Widget.appex */,
				4C83FB1DC4AF63CC1E8503DD /* Widget.appex */,
			);
			name = Products;
			sourceTree = "<group>";
		};
		9F4E19BE5607DB21E84A9739 /* ViewControllers */ = {
			isa = PBXGroup;
			children = (
				46A8FA0F2E204FB030502C28 /* AboutAppViewController.swift */,
				982BD6AF5337792B6F4225AE /* IdolDetailViewController.swift */,
				C1D15B7B41C3E6E70582009E /* IdolListViewController.swift */,
				7596974B90F239E2B2CBA1AE /* RootViewController.swift */,
			);
			path = ViewControllers;
			sourceTree = "<group>";
		};
		B07896047655070F17DD0342 /* Delegate */ = {
			isa = PBXGroup;
			children = (
				8F0D3ED472535FEF3B279398 /* AppDelegate.swift */,
				47AD2705A53030663793F33E /* SceneDelegate.swift */,
			);
			path = Delegate;
			sourceTree = "<group>";
		};
		B1A70D61888658B4732135E7 /* iOS */ = {
			isa = PBXGroup;
			children = (
				1095EAAAB60BBF2EA889E44C /* App */,
			);
			path = iOS;
			sourceTree = "<group>";
		};
		D032E465A08C91B3D9ECF2BF /* Extensions */ = {
			isa = PBXGroup;
			children = (
				E1EA45EC542C645A886A5BD6 /* UITableViewDiffableDataSource+plainSnapshot.swift */,
			);
			path = Extensions;
			sourceTree = "<group>";
		};
		E69A2C6A04C4027E8AC956DB /* Shared */ = {
			isa = PBXGroup;
			children = (
				77F2F20A14372ED0B496B41C /* Assets.xcassets */,
				2514D8692217234BCF35AE60 /* IdolBirthdayWidget.intentdefinition */,
				9B7040798D7A1E8BB251EA31 /* IdolBirthdayWidget.swift */,
				8814FC016F4E0B1B72360687 /* Localizable.strings */,
			);
			path = Shared;
			sourceTree = "<group>";
		};
		E8F9A8E6618456843E130D84 /* App */ = {
			isa = PBXGroup;
			children = (
				049E5430A594B334A06F8A6C /* macOS */,
				60DDD949F3C6125C3E82EE90 /* Shared */,
			);
			path = App;
			sourceTree = "<group>";
		};
		F9BEB6B1F2BF5AEF4088919C /* Resources */ = {
			isa = PBXGroup;
			children = (
				10D35D8350100B96CDAD5C73 /* Assets.xcassets */,
				C02E1ABBC3D34FA91BB11D85 /* IdolBirthday.entitlements */,
				703377CD9052A2AD18BF064D /* Info.plist */,
				96805B6BA967B7F82590842F /* LaunchScreen.storyboard */,
				64CB2A3473032B985051D857 /* Settings.bundle */,
			);
			path = Resources;
			sourceTree = "<group>";
		};
		FF18EE05523799BE774CF207 /* Views */ = {
			isa = PBXGroup;
			children = (
				83BB0B963A2E7B5914F7A0B4 /* OGPLinkTableViewCell.swift */,
			);
			path = Views;
			sourceTree = "<group>";
		};
/* End PBXGroup section */

/* Begin PBXNativeTarget section */
		138462F4FEE45092253428BE /* App macOS */ = {
			isa = PBXNativeTarget;
			buildConfigurationList = 19ED77A910AE648D94258195 /* Build configuration list for PBXNativeTarget "App macOS" */;
			buildPhases = (
				90C3C7D35A3C388FDB2A8D48 /* Sources */,
				D286F6729747CB868E317050 /* Resources */,
				081EB7CBA0297857BAE3FB2C /* Frameworks */,
				A97D0AFA0826AA682101E1D0 /* Embed App Extensions */,
			);
			buildRules = (
			);
			dependencies = (
				2F63C49A25C5B3A76D6570D1 /* PBXTargetDependency */,
			);
			name = "App macOS";
			packageProductDependencies = (
				9E7E26C46AA11314751AA8FA /* Backend */,
			);
			productName = "App macOS";
			productReference = 66BA6763527EC26DFD0FDFC9 /* App macOS.app */;
			productType = "com.apple.product-type.application";
		};
		337A027798E6B5F83C70356A /* Widget macOS */ = {
			isa = PBXNativeTarget;
			buildConfigurationList = CBBB6EE5CDA301B1DA3D3064 /* Build configuration list for PBXNativeTarget "Widget macOS" */;
			buildPhases = (
				A4FF52FE35198A894AAAB1E6 /* Sources */,
				7F0899E70DE42503DB5247C3 /* Resources */,
				A6ADAAA97252BDE41D47FF9E /* Frameworks */,
			);
			buildRules = (
			);
			dependencies = (
			);
			name = "Widget macOS";
			packageProductDependencies = (
				737A08BE3BA9F98069332CD7 /* Backend */,
			);
			productName = "Widget macOS";
			productReference = 4C83FB1DC4AF63CC1E8503DD /* Widget.appex */;
			productType = "com.apple.product-type.app-extension";
		};
		7265E9C3F46E0CFD4C97AF59 /* Widget iOS */ = {
			isa = PBXNativeTarget;
			buildConfigurationList = A6CC4A0DEC172A718392A2B8 /* Build configuration list for PBXNativeTarget "Widget iOS" */;
			buildPhases = (
				B21F23A56D364A34780DE085 /* Sources */,
				3051DC23DDA593F6B21AC9CF /* Resources */,
				B41C9966C9F737F0CC3C371E /* Frameworks */,
			);
			buildRules = (
			);
			dependencies = (
			);
			name = "Widget iOS";
			packageProductDependencies = (
				F215083C84C8DBCD4AE3A32D /* Backend */,
			);
			productName = "Widget iOS";
			productReference = FD5B6BEA5D5794118BC0A346 /* Widget.appex */;
			productType = "com.apple.product-type.app-extension";
		};
		78A1BB0EDA5C86E03D8560F5 /* App iOS */ = {
			isa = PBXNativeTarget;
			buildConfigurationList = 2DF3845605704E7B8CA857E7 /* Build configuration list for PBXNativeTarget "App iOS" */;
			buildPhases = (
				3E34609AB0680B5F446B6457 /* Sources */,
				8778B65CB1233BC062DF1EDE /* Resources */,
				5626802D4CEA1DCEA2442EA1 /* Frameworks */,
				5DC3CB7FA6DF4437119F2B08 /* Embed App Extensions */,
			);
			buildRules = (
			);
			dependencies = (
				69851D76424006D3DCB9892C /* PBXTargetDependency */,
			);
			name = "App iOS";
			packageProductDependencies = (
				47625727ACB2FF8E884A5BD6 /* Backend */,
			);
			productName = "App iOS";
			productReference = 0FB7E37531D5558C40319445 /* App iOS.app */;
			productType = "com.apple.product-type.application";
		};
/* End PBXNativeTarget section */

/* Begin PBXProject section */
		A7E1590B8C34AC80A17D321A /* Project object */ = {
			isa = PBXProject;
			attributes = {
				LastUpgradeCheck = 1020;
				TargetAttributes = {
					138462F4FEE45092253428BE = {
						DevelopmentTeam = 4XKKKM86RN;
					};
					337A027798E6B5F83C70356A = {
						DevelopmentTeam = 4XKKKM86RN;
					};
					7265E9C3F46E0CFD4C97AF59 = {
						DevelopmentTeam = 4XKKKM86RN;
					};
					78A1BB0EDA5C86E03D8560F5 = {
						DevelopmentTeam = 4XKKKM86RN;
					};
				};
			};
			buildConfigurationList = 6D9F03FECD0A6D5FA5930460 /* Build configuration list for PBXProject "IdolBirthday" */;
			compatibilityVersion = "Xcode 10.0";
			developmentRegion = en;
			hasScannedForEncodings = 0;
			knownRegions = (
				Base,
				en,
				ja,
			);
			mainGroup = 0743484E445FE02377186647;
			projectDirPath = "";
			projectRoot = "";
			targets = (
				78A1BB0EDA5C86E03D8560F5 /* App iOS */,
				138462F4FEE45092253428BE /* App macOS */,
				7265E9C3F46E0CFD4C97AF59 /* Widget iOS */,
				337A027798E6B5F83C70356A /* Widget macOS */,
			);
		};
/* End PBXProject section */

/* Begin PBXResourcesBuildPhase section */
		3051DC23DDA593F6B21AC9CF /* Resources */ = {
			isa = PBXResourcesBuildPhase;
			buildActionMask = 2147483647;
			files = (
				331B066D8CA71B54DDF28939 /* Assets.xcassets in Resources */,
				5803970BCD7CBC27474417B2 /* Localizable.strings in Resources */,
			);
			runOnlyForDeploymentPostprocessing = 0;
		};
		7F0899E70DE42503DB5247C3 /* Resources */ = {
			isa = PBXResourcesBuildPhase;
			buildActionMask = 2147483647;
			files = (
				8BBF2B2D15012524DD4CC015 /* Assets.xcassets in Resources */,
				94C82D05CD127AF033320569 /* Localizable.strings in Resources */,
			);
			runOnlyForDeploymentPostprocessing = 0;
		};
		8778B65CB1233BC062DF1EDE /* Resources */ = {
			isa = PBXResourcesBuildPhase;
			buildActionMask = 2147483647;
			files = (
				F684DF8655E16DC84EFD697A /* Assets.xcassets in Resources */,
				27BDFDA7B89EA1A4A9E624BD /* LaunchScreen.storyboard in Resources */,
				C86FA0C473DCBA75A6E1AD13 /* Settings.bundle in Resources */,
			);
			runOnlyForDeploymentPostprocessing = 0;
		};
		D286F6729747CB868E317050 /* Resources */ = {
			isa = PBXResourcesBuildPhase;
			buildActionMask = 2147483647;
			files = (
				937B86C19AB344FEAB711380 /* Assets.xcassets in Resources */,
			);
			runOnlyForDeploymentPostprocessing = 0;
		};
/* End PBXResourcesBuildPhase section */

/* Begin PBXSourcesBuildPhase section */
		3E34609AB0680B5F446B6457 /* Sources */ = {
			isa = PBXSourcesBuildPhase;
			buildActionMask = 2147483647;
			files = (
				426F81062374C116C92404DC /* AboutAppViewController.swift in Sources */,
				D7FB88443059D9D6E34CB894 /* AppDelegate.swift in Sources */,
				D5B76E30B1A5186DDDCFFEF6 /* IdolDetailViewController.swift in Sources */,
				6FBDFAB6F03CBE01718F7045 /* IdolListViewController.swift in Sources */,
				F7DBE07E5BB987FA95DF08F1 /* OGPLinkTableViewCell.swift in Sources */,
				BDFD7277D3D934F600B16307 /* OGPResult.swift in Sources */,
				F6DA413BF1B5A778660264C0 /* RootViewController.swift in Sources */,
				20BD6569D5818C2C1B1EDD8A /* SceneDelegate.swift in Sources */,
				A98375A28915ECADC054E1A5 /* UITableViewDiffableDataSource+plainSnapshot.swift in Sources */,
			);
			runOnlyForDeploymentPostprocessing = 0;
		};
		90C3C7D35A3C388FDB2A8D48 /* Sources */ = {
			isa = PBXSourcesBuildPhase;
			buildActionMask = 2147483647;
			files = (
				9A43A3B4BA3504C651074CEF /* ContentView.swift in Sources */,
				46AA7CCFD6552469DA7AC09D /* IdolBirthdayApp.swift in Sources */,
				04EFF0B06D31896706DA8475 /* IdolDetailView.swift in Sources */,
				3BB09A824AA75243D5B4AC07 /* IdolList.swift in Sources */,
			);
			runOnlyForDeploymentPostprocessing = 0;
		};
		A4FF52FE35198A894AAAB1E6 /* Sources */ = {
			isa = PBXSourcesBuildPhase;
			buildActionMask = 2147483647;
			files = (
				5663C10B21DCDBB57F9B9361 /* IdolBirthdayWidget.intentdefinition in Sources */,
				9F94586A8E67F9DEECC99E01 /* IdolBirthdayWidget.swift in Sources */,
			);
			runOnlyForDeploymentPostprocessing = 0;
		};
		B21F23A56D364A34780DE085 /* Sources */ = {
			isa = PBXSourcesBuildPhase;
			buildActionMask = 2147483647;
			files = (
				BC7C18F311D6331FE63C4BC4 /* IdolBirthdayWidget.intentdefinition in Sources */,
				42AFD73FDC2DE7BE454E6595 /* IdolBirthdayWidget.swift in Sources */,
			);
			runOnlyForDeploymentPostprocessing = 0;
		};
/* End PBXSourcesBuildPhase section */

/* Begin PBXTargetDependency section */
		2F63C49A25C5B3A76D6570D1 /* PBXTargetDependency */ = {
			isa = PBXTargetDependency;
			target = 337A027798E6B5F83C70356A /* Widget macOS */;
			targetProxy = 9265276340E55EC165EB4A56 /* PBXContainerItemProxy */;
		};
		69851D76424006D3DCB9892C /* PBXTargetDependency */ = {
			isa = PBXTargetDependency;
			target = 7265E9C3F46E0CFD4C97AF59 /* Widget iOS */;
			targetProxy = 35E70C95EC054ED573F5975B /* PBXContainerItemProxy */;
		};
/* End PBXTargetDependency section */

/* Begin PBXVariantGroup section */
		8814FC016F4E0B1B72360687 /* Localizable.strings */ = {
			isa = PBXVariantGroup;
			children = (
				F4B83524AF1D81230BF4E9D0 /* en */,
				37A8AF0E1189A14DD36FA1C3 /* ja */,
			);
			name = Localizable.strings;
			sourceTree = "<group>";
		};
		96805B6BA967B7F82590842F /* LaunchScreen.storyboard */ = {
			isa = PBXVariantGroup;
			children = (
				F6285BFFA63E2790B653AC43 /* Base */,
			);
			name = LaunchScreen.storyboard;
			sourceTree = "<group>";
		};
/* End PBXVariantGroup section */

/* Begin XCBuildConfiguration section */
		0F34B67C560EDF2F8CB251F8 /* Debug */ = {
			isa = XCBuildConfiguration;
			buildSettings = {
				ALWAYS_SEARCH_USER_PATHS = NO;
				CLANG_ANALYZER_NONNULL = YES;
				CLANG_ANALYZER_NUMBER_OBJECT_CONVERSION = YES_AGGRESSIVE;
				CLANG_CXX_LANGUAGE_STANDARD = "gnu++14";
				CLANG_CXX_LIBRARY = "libc++";
				CLANG_ENABLE_MODULES = YES;
				CLANG_ENABLE_OBJC_ARC = YES;
				CLANG_WARN_BLOCK_CAPTURE_AUTORELEASING = YES;
				CLANG_WARN_BOOL_CONVERSION = YES;
				CLANG_WARN_COMMA = YES;
				CLANG_WARN_CONSTANT_CONVERSION = YES;
				CLANG_WARN_DEPRECATED_OBJC_IMPLEMENTATIONS = YES;
				CLANG_WARN_DIRECT_OBJC_ISA_USAGE = YES_ERROR;
				CLANG_WARN_DOCUMENTATION_COMMENTS = YES;
				CLANG_WARN_EMPTY_BODY = YES;
				CLANG_WARN_ENUM_CONVERSION = YES;
				CLANG_WARN_INFINITE_RECURSION = YES;
				CLANG_WARN_INT_CONVERSION = YES;
				CLANG_WARN_NON_LITERAL_NULL_CONVERSION = YES;
				CLANG_WARN_OBJC_IMPLICIT_RETAIN_SELF = YES;
				CLANG_WARN_OBJC_LITERAL_CONVERSION = YES;
				CLANG_WARN_OBJC_ROOT_CLASS = YES_ERROR;
				CLANG_WARN_RANGE_LOOP_ANALYSIS = YES;
				CLANG_WARN_STRICT_PROTOTYPES = YES;
				CLANG_WARN_SUSPICIOUS_MOVE = YES;
				CLANG_WARN_UNGUARDED_AVAILABILITY = YES_AGGRESSIVE;
				CLANG_WARN_UNREACHABLE_CODE = YES;
				CLANG_WARN__DUPLICATE_METHOD_MATCH = YES;
				COPY_PHASE_STRIP = NO;
				DEBUG_INFORMATION_FORMAT = dwarf;
				DEVELOPMENT_TEAM = 4XKKKM86RN;
				ENABLE_STRICT_OBJC_MSGSEND = YES;
				ENABLE_TESTABILITY = YES;
				GCC_C_LANGUAGE_STANDARD = gnu11;
				GCC_DYNAMIC_NO_PIC = NO;
				GCC_NO_COMMON_BLOCKS = YES;
				GCC_OPTIMIZATION_LEVEL = 0;
				GCC_PREPROCESSOR_DEFINITIONS = (
					"$(inherited)",
					"DEBUG=1",
				);
				GCC_WARN_64_TO_32_BIT_CONVERSION = YES;
				GCC_WARN_ABOUT_RETURN_TYPE = YES_ERROR;
				GCC_WARN_UNDECLARED_SELECTOR = YES;
				GCC_WARN_UNINITIALIZED_AUTOS = YES_AGGRESSIVE;
				GCC_WARN_UNUSED_FUNCTION = YES;
				GCC_WARN_UNUSED_VARIABLE = YES;
				IPHONEOS_DEPLOYMENT_TARGET = 13.5;
				MACOSX_DEPLOYMENT_TARGET = 11.0;
				MTL_ENABLE_DEBUG_INFO = YES;
				ONLY_ACTIVE_ARCH = YES;
				PRODUCT_NAME = "$(TARGET_NAME)";
				SWIFT_ACTIVE_COMPILATION_CONDITIONS = DEBUG;
				SWIFT_OPTIMIZATION_LEVEL = "-Onone";
				SWIFT_VERSION = 5.0;
			};
			name = Debug;
		};
		2E9BE914D2384A5E880AD965 /* Release */ = {
			isa = XCBuildConfiguration;
			buildSettings = {
				ASSETCATALOG_COMPILER_GLOBAL_ACCENT_COLOR_NAME = AccentColor;
				ASSETCATALOG_COMPILER_WIDGET_BACKGROUND_COLOR_NAME = WidgetBackground;
				CODE_SIGN_ENTITLEMENTS = Widget/iOS/iOS.entitlements;
				INFOPLIST_FILE = Widget/iOS/Info.plist;
				IPHONEOS_DEPLOYMENT_TARGET = 14.0;
				LD_RUNPATH_SEARCH_PATHS = (
					"$(inherited)",
					"@executable_path/Frameworks",
					"@executable_path/../../Frameworks",
				);
				PRODUCT_BUNDLE_IDENTIFIER = jp.pronama.IdolBirthday.IdolBirthdayWidget;
				PRODUCT_NAME = IdolBirthdayWidget;
				SDKROOT = iphoneos;
				SUPPORTS_MACCATALYST = YES;
				TARGETED_DEVICE_FAMILY = "1,2";
			};
			name = Release;
		};
		32FECA021994A3B15333934B /* Debug */ = {
			isa = XCBuildConfiguration;
			buildSettings = {
				ASSETCATALOG_COMPILER_GLOBAL_ACCENT_COLOR_NAME = AccentColor;
				ASSETCATALOG_COMPILER_WIDGET_BACKGROUND_COLOR_NAME = WidgetBackground;
				CODE_SIGN_ENTITLEMENTS = Widget/macOS/macOS.entitlements;
				COMBINE_HIDPI_IMAGES = YES;
				INFOPLIST_FILE = Widget/macOS/Info.plist;
				LD_RUNPATH_SEARCH_PATHS = (
					"$(inherited)",
					"@executable_path/../Frameworks",
					"@executable_path/../../../../Frameworks",
				);
				PRODUCT_BUNDLE_IDENTIFIER = jp.pronama.IdolBirthday.IdolBirthdayWidget;
				PRODUCT_NAME = IdolBirthdayWidget;
				SDKROOT = macosx;
			};
			name = Debug;
		};
		6470C0082D40F426F36A9CDB /* Debug */ = {
			isa = XCBuildConfiguration;
			buildSettings = {
				ASSETCATALOG_COMPILER_GLOBAL_ACCENT_COLOR_NAME = AccentColor;
				ASSETCATALOG_COMPILER_WIDGET_BACKGROUND_COLOR_NAME = WidgetBackground;
				CODE_SIGN_ENTITLEMENTS = Widget/iOS/iOS.entitlements;
				INFOPLIST_FILE = Widget/iOS/Info.plist;
				IPHONEOS_DEPLOYMENT_TARGET = 14.0;
				LD_RUNPATH_SEARCH_PATHS = (
					"$(inherited)",
					"@executable_path/Frameworks",
					"@executable_path/../../Frameworks",
				);
				PRODUCT_BUNDLE_IDENTIFIER = jp.pronama.IdolBirthday.IdolBirthdayWidget;
				PRODUCT_NAME = IdolBirthdayWidget;
				SDKROOT = iphoneos;
				SUPPORTS_MACCATALYST = YES;
				TARGETED_DEVICE_FAMILY = "1,2";
			};
			name = Debug;
		};
		68167D46FDFC38452BAC0366 /* Debug */ = {
			isa = XCBuildConfiguration;
			buildSettings = {
				ASSETCATALOG_COMPILER_APPICON_NAME = AppIcon;
				CODE_SIGN_ENTITLEMENTS = iOS/App/Resources/IdolBirthday.entitlements;
				CODE_SIGN_IDENTITY = "iPhone Developer";
				INFOPLIST_FILE = iOS/App/Resources/Info.plist;
				IPHONEOS_DEPLOYMENT_TARGET = 13.5;
				LD_RUNPATH_SEARCH_PATHS = (
					"$(inherited)",
					"@executable_path/Frameworks",
				);
				PRODUCT_BUNDLE_IDENTIFIER = jp.pronama.IdolBirthday;
				PRODUCT_NAME = IdolBirthday;
				SDKROOT = iphoneos;
				SUPPORTS_MACCATALYST = YES;
				TARGETED_DEVICE_FAMILY = "1,2";
			};
			name = Debug;
		};
		6C7743162A4CDF62124D7C2B /* Debug */ = {
			isa = XCBuildConfiguration;
			buildSettings = {
				ASSETCATALOG_COMPILER_APPICON_NAME = AppIcon;
				CODE_SIGN_ENTITLEMENTS = App/macOS/IdolBirthday.entitlements;
				COMBINE_HIDPI_IMAGES = YES;
				INFOPLIST_FILE = App/macOS/Info.plist;
				LD_RUNPATH_SEARCH_PATHS = (
					"$(inherited)",
					"@executable_path/../Frameworks",
				);
				PRODUCT_BUNDLE_IDENTIFIER = jp.pronama.IdolBirthday;
				PRODUCT_NAME = IdolBirthday;
				SDKROOT = macosx;
			};
			name = Debug;
		};
		A23CDF753884CD8D347720E7 /* Release */ = {
			isa = XCBuildConfiguration;
			buildSettings = {
				ALWAYS_SEARCH_USER_PATHS = NO;
				CLANG_ANALYZER_NONNULL = YES;
				CLANG_ANALYZER_NUMBER_OBJECT_CONVERSION = YES_AGGRESSIVE;
				CLANG_CXX_LANGUAGE_STANDARD = "gnu++14";
				CLANG_CXX_LIBRARY = "libc++";
				CLANG_ENABLE_MODULES = YES;
				CLANG_ENABLE_OBJC_ARC = YES;
				CLANG_WARN_BLOCK_CAPTURE_AUTORELEASING = YES;
				CLANG_WARN_BOOL_CONVERSION = YES;
				CLANG_WARN_COMMA = YES;
				CLANG_WARN_CONSTANT_CONVERSION = YES;
				CLANG_WARN_DEPRECATED_OBJC_IMPLEMENTATIONS = YES;
				CLANG_WARN_DIRECT_OBJC_ISA_USAGE = YES_ERROR;
				CLANG_WARN_DOCUMENTATION_COMMENTS = YES;
				CLANG_WARN_EMPTY_BODY = YES;
				CLANG_WARN_ENUM_CONVERSION = YES;
				CLANG_WARN_INFINITE_RECURSION = YES;
				CLANG_WARN_INT_CONVERSION = YES;
				CLANG_WARN_NON_LITERAL_NULL_CONVERSION = YES;
				CLANG_WARN_OBJC_IMPLICIT_RETAIN_SELF = YES;
				CLANG_WARN_OBJC_LITERAL_CONVERSION = YES;
				CLANG_WARN_OBJC_ROOT_CLASS = YES_ERROR;
				CLANG_WARN_RANGE_LOOP_ANALYSIS = YES;
				CLANG_WARN_STRICT_PROTOTYPES = YES;
				CLANG_WARN_SUSPICIOUS_MOVE = YES;
				CLANG_WARN_UNGUARDED_AVAILABILITY = YES_AGGRESSIVE;
				CLANG_WARN_UNREACHABLE_CODE = YES;
				CLANG_WARN__DUPLICATE_METHOD_MATCH = YES;
				COPY_PHASE_STRIP = NO;
				DEBUG_INFORMATION_FORMAT = "dwarf-with-dsym";
				DEVELOPMENT_TEAM = 4XKKKM86RN;
				ENABLE_NS_ASSERTIONS = NO;
				ENABLE_STRICT_OBJC_MSGSEND = YES;
				GCC_C_LANGUAGE_STANDARD = gnu11;
				GCC_NO_COMMON_BLOCKS = YES;
				GCC_WARN_64_TO_32_BIT_CONVERSION = YES;
				GCC_WARN_ABOUT_RETURN_TYPE = YES_ERROR;
				GCC_WARN_UNDECLARED_SELECTOR = YES;
				GCC_WARN_UNINITIALIZED_AUTOS = YES_AGGRESSIVE;
				GCC_WARN_UNUSED_FUNCTION = YES;
				GCC_WARN_UNUSED_VARIABLE = YES;
				IPHONEOS_DEPLOYMENT_TARGET = 13.5;
				MACOSX_DEPLOYMENT_TARGET = 11.0;
				PRODUCT_NAME = "$(TARGET_NAME)";
				SWIFT_COMPILATION_MODE = wholemodule;
				SWIFT_VERSION = 5.0;
				VALIDATE_PRODUCT = YES;
			};
			name = Release;
		};
		C949F86590B17DC7C20E31F9 /* Release */ = {
			isa = XCBuildConfiguration;
			buildSettings = {
				ASSETCATALOG_COMPILER_APPICON_NAME = AppIcon;
				CODE_SIGN_ENTITLEMENTS = App/macOS/IdolBirthday.entitlements;
				COMBINE_HIDPI_IMAGES = YES;
				INFOPLIST_FILE = App/macOS/Info.plist;
				LD_RUNPATH_SEARCH_PATHS = (
					"$(inherited)",
					"@executable_path/../Frameworks",
				);
				PRODUCT_BUNDLE_IDENTIFIER = jp.pronama.IdolBirthday;
				PRODUCT_NAME = IdolBirthday;
				SDKROOT = macosx;
			};
			name = Release;
		};
		DBE48D08FFC9F5C27814181F /* Release */ = {
			isa = XCBuildConfiguration;
			buildSettings = {
				ASSETCATALOG_COMPILER_GLOBAL_ACCENT_COLOR_NAME = AccentColor;
				ASSETCATALOG_COMPILER_WIDGET_BACKGROUND_COLOR_NAME = WidgetBackground;
				CODE_SIGN_ENTITLEMENTS = Widget/macOS/macOS.entitlements;
				COMBINE_HIDPI_IMAGES = YES;
				INFOPLIST_FILE = Widget/macOS/Info.plist;
				LD_RUNPATH_SEARCH_PATHS = (
					"$(inherited)",
					"@executable_path/../Frameworks",
					"@executable_path/../../../../Frameworks",
				);
				PRODUCT_BUNDLE_IDENTIFIER = jp.pronama.IdolBirthday.IdolBirthdayWidget;
				PRODUCT_NAME = IdolBirthdayWidget;
				SDKROOT = macosx;
			};
			name = Release;
		};
		F5B915AC378063C5BE00A81C /* Release */ = {
			isa = XCBuildConfiguration;
			buildSettings = {
				ASSETCATALOG_COMPILER_APPICON_NAME = AppIcon;
				CODE_SIGN_ENTITLEMENTS = iOS/App/Resources/IdolBirthday.entitlements;
				CODE_SIGN_IDENTITY = "iPhone Developer";
				INFOPLIST_FILE = iOS/App/Resources/Info.plist;
				IPHONEOS_DEPLOYMENT_TARGET = 13.5;
				LD_RUNPATH_SEARCH_PATHS = (
					"$(inherited)",
					"@executable_path/Frameworks",
				);
				PRODUCT_BUNDLE_IDENTIFIER = jp.pronama.IdolBirthday;
				PRODUCT_NAME = IdolBirthday;
				SDKROOT = iphoneos;
				SUPPORTS_MACCATALYST = YES;
				TARGETED_DEVICE_FAMILY = "1,2";
			};
			name = Release;
		};
/* End XCBuildConfiguration section */

/* Begin XCConfigurationList section */
		19ED77A910AE648D94258195 /* Build configuration list for PBXNativeTarget "App macOS" */ = {
			isa = XCConfigurationList;
			buildConfigurations = (
				6C7743162A4CDF62124D7C2B /* Debug */,
				C949F86590B17DC7C20E31F9 /* Release */,
			);
			defaultConfigurationIsVisible = 0;
			defaultConfigurationName = Debug;
		};
		2DF3845605704E7B8CA857E7 /* Build configuration list for PBXNativeTarget "App iOS" */ = {
			isa = XCConfigurationList;
			buildConfigurations = (
				68167D46FDFC38452BAC0366 /* Debug */,
				F5B915AC378063C5BE00A81C /* Release */,
			);
			defaultConfigurationIsVisible = 0;
			defaultConfigurationName = Debug;
		};
		6D9F03FECD0A6D5FA5930460 /* Build configuration list for PBXProject "IdolBirthday" */ = {
			isa = XCConfigurationList;
			buildConfigurations = (
				0F34B67C560EDF2F8CB251F8 /* Debug */,
				A23CDF753884CD8D347720E7 /* Release */,
			);
			defaultConfigurationIsVisible = 0;
			defaultConfigurationName = Debug;
		};
		A6CC4A0DEC172A718392A2B8 /* Build configuration list for PBXNativeTarget "Widget iOS" */ = {
			isa = XCConfigurationList;
			buildConfigurations = (
				6470C0082D40F426F36A9CDB /* Debug */,
				2E9BE914D2384A5E880AD965 /* Release */,
			);
			defaultConfigurationIsVisible = 0;
			defaultConfigurationName = Debug;
		};
		CBBB6EE5CDA301B1DA3D3064 /* Build configuration list for PBXNativeTarget "Widget macOS" */ = {
			isa = XCConfigurationList;
			buildConfigurations = (
				32FECA021994A3B15333934B /* Debug */,
				DBE48D08FFC9F5C27814181F /* Release */,
			);
			defaultConfigurationIsVisible = 0;
			defaultConfigurationName = Debug;
		};
/* End XCConfigurationList section */

/* Begin XCSwiftPackageProductDependency section */
		47625727ACB2FF8E884A5BD6 /* Backend */ = {
			isa = XCSwiftPackageProductDependency;
			productName = Backend;
		};
		737A08BE3BA9F98069332CD7 /* Backend */ = {
			isa = XCSwiftPackageProductDependency;
			productName = Backend;
		};
		9E7E26C46AA11314751AA8FA /* Backend */ = {
			isa = XCSwiftPackageProductDependency;
			productName = Backend;
		};
		F215083C84C8DBCD4AE3A32D /* Backend */ = {
			isa = XCSwiftPackageProductDependency;
			productName = Backend;
		};
/* End XCSwiftPackageProductDependency section */
	};
	rootObject = A7E1590B8C34AC80A17D321A /* Project object */;
}
