// !$*UTF8*$!
{
	archiveVersion = 1;
	classes = {
	};
	objectVersion = 52;
	objects = {

/* Begin PBXBuildFile section */
		CE41377024A18CE900201DC9 /* Tests_iOS.swift in Sources */ = {isa = PBXBuildFile; fileRef = CE41376F24A18CE900201DC9 /* Tests_iOS.swift */; };
		CE41377B24A18CE900201DC9 /* Tests_macOS.swift in Sources */ = {isa = PBXBuildFile; fileRef = CE41377A24A18CE900201DC9 /* Tests_macOS.swift */; };
		CE41377E24A18CE900201DC9 /* IdolBirthdayApp.swift in Sources */ = {isa = PBXBuildFile; fileRef = CE41375424A18CE700201DC9 /* IdolBirthdayApp.swift */; };
		CE41378024A18CE900201DC9 /* ContentView.swift in Sources */ = {isa = PBXBuildFile; fileRef = CE41375524A18CE700201DC9 /* ContentView.swift */; };
		CE41378224A18CE900201DC9 /* Assets.xcassets in Resources */ = {isa = PBXBuildFile; fileRef = CE41375624A18CE900201DC9 /* Assets.xcassets */; };
		CE41379824A18DB200201DC9 /* WidgetKit.framework in Frameworks */ = {isa = PBXBuildFile; fileRef = CE41379724A18DB200201DC9 /* WidgetKit.framework */; };
		CE41379A24A18DB200201DC9 /* SwiftUI.framework in Frameworks */ = {isa = PBXBuildFile; fileRef = CE41379924A18DB200201DC9 /* SwiftUI.framework */; };
		CE41379D24A18DB300201DC9 /* IdolBirthdayWidget.swift in Sources */ = {isa = PBXBuildFile; fileRef = CE41379C24A18DB300201DC9 /* IdolBirthdayWidget.swift */; };
		CE4137A024A18DB400201DC9 /* Assets.xcassets in Resources */ = {isa = PBXBuildFile; fileRef = CE41379F24A18DB400201DC9 /* Assets.xcassets */; };
		CE4137A224A18DB400201DC9 /* IdolBirthdayWidget.intentdefinition in Sources */ = {isa = PBXBuildFile; fileRef = CE41379E24A18DB300201DC9 /* IdolBirthdayWidget.intentdefinition */; };
		CE4137A624A18DB400201DC9 /* IdolBirthdayWidgetExtension.appex in Embed App Extensions */ = {isa = PBXBuildFile; fileRef = CE41379524A18DB200201DC9 /* IdolBirthdayWidgetExtension.appex */; settings = {ATTRIBUTES = (RemoveHeadersOnCopy, ); }; };
		CE50987B24A4808000D6A948 /* WidgetKit.framework in Frameworks */ = {isa = PBXBuildFile; fileRef = CE41379724A18DB200201DC9 /* WidgetKit.framework */; };
		CE50987C24A4808000D6A948 /* SwiftUI.framework in Frameworks */ = {isa = PBXBuildFile; fileRef = CE41379924A18DB200201DC9 /* SwiftUI.framework */; };
		CE50988924A4808200D6A948 /* IdolBirthdayWidgetExtension.appex in Embed App Extensions */ = {isa = PBXBuildFile; fileRef = CE50987A24A4808000D6A948 /* IdolBirthdayWidgetExtension.appex */; settings = {ATTRIBUTES = (RemoveHeadersOnCopy, ); }; };
		CE50988F24A481A500D6A948 /* IdolBirthdayWidget.swift in Sources */ = {isa = PBXBuildFile; fileRef = CE41379C24A18DB300201DC9 /* IdolBirthdayWidget.swift */; };
		CE50989024A481A500D6A948 /* IdolBirthdayWidget.intentdefinition in Sources */ = {isa = PBXBuildFile; fileRef = CE41379E24A18DB300201DC9 /* IdolBirthdayWidget.intentdefinition */; };
		CE50989124A481A900D6A948 /* IdolBirthdayWidget.intentdefinition in Sources */ = {isa = PBXBuildFile; fileRef = CE41379E24A18DB300201DC9 /* IdolBirthdayWidget.intentdefinition */; };
		CE50989224A481B500D6A948 /* Assets.xcassets in Resources */ = {isa = PBXBuildFile; fileRef = CE41379F24A18DB400201DC9 /* Assets.xcassets */; };
		CE6A0F9824CF25D3000F49FA /* OGPResult.swift in Sources */ = {isa = PBXBuildFile; fileRef = CE6A0F9724CF25D3000F49FA /* OGPResult.swift */; };
		CE6A0F9924CF3CF9000F49FA /* IdolDetailViewController.swift in Sources */ = {isa = PBXBuildFile; fileRef = CE9AD84A24CDFF6B0049E434 /* IdolDetailViewController.swift */; };
		CE6EE4AA24CD5D4000672426 /* Backend in Frameworks */ = {isa = PBXBuildFile; productRef = CE6EE4A924CD5D4000672426 /* Backend */; };
		CE6EE4AC24CD5D4C00672426 /* Backend in Frameworks */ = {isa = PBXBuildFile; productRef = CE6EE4AB24CD5D4C00672426 /* Backend */; };
		CE6EE4AE24CD5D6700672426 /* Backend in Frameworks */ = {isa = PBXBuildFile; productRef = CE6EE4AD24CD5D6700672426 /* Backend */; };
		CE6EE4B024CD5D6B00672426 /* Backend in Frameworks */ = {isa = PBXBuildFile; productRef = CE6EE4AF24CD5D6B00672426 /* Backend */; };
		CE6EE4BE24CD77E400672426 /* IdolList.swift in Sources */ = {isa = PBXBuildFile; fileRef = CE6EE4BC24CD77E400672426 /* IdolList.swift */; };
		CE76602424CFEAD0007A3ABD /* Settings.bundle in Resources */ = {isa = PBXBuildFile; fileRef = CE76602324CFE9FA007A3ABD /* Settings.bundle */; };
		CE9025C824CE12D100754A49 /* LaunchScreen.storyboard in Resources */ = {isa = PBXBuildFile; fileRef = CE9AD81624CDED5B0049E434 /* LaunchScreen.storyboard */; };
		CE9AD83E24CDF1670049E434 /* SceneDelegate.swift in Sources */ = {isa = PBXBuildFile; fileRef = CE9AD80D24CDED590049E434 /* SceneDelegate.swift */; };
		CE9AD83F24CDF1670049E434 /* AppDelegate.swift in Sources */ = {isa = PBXBuildFile; fileRef = CE9AD80B24CDED590049E434 /* AppDelegate.swift */; };
		CE9AD84024CDF16E0049E434 /* Assets.xcassets in Resources */ = {isa = PBXBuildFile; fileRef = CE9AD81124CDED5B0049E434 /* Assets.xcassets */; };
		CE9AD84324CDF2730049E434 /* RootViewController.swift in Sources */ = {isa = PBXBuildFile; fileRef = CE9AD84224CDF2730049E434 /* RootViewController.swift */; };
		CE9AD84524CDF7E00049E434 /* IdolListViewController.swift in Sources */ = {isa = PBXBuildFile; fileRef = CE9AD84424CDF7E00049E434 /* IdolListViewController.swift */; };
		CE9AD84824CDF8E90049E434 /* UITableViewDiffableDataSource+plainSnapshot.swift in Sources */ = {isa = PBXBuildFile; fileRef = CE9AD84724CDF8E90049E434 /* UITableViewDiffableDataSource+plainSnapshot.swift */; };
		CE9AD84924CDFE760049E434 /* AboutAppViewController.swift in Sources */ = {isa = PBXBuildFile; fileRef = CE1F468524CD81F200384202 /* AboutAppViewController.swift */; };
		CE9AD84B24CDFF6B0049E434 /* IdolDetailViewController.swift in Sources */ = {isa = PBXBuildFile; fileRef = CE9AD84A24CDFF6B0049E434 /* IdolDetailViewController.swift */; };
		CE9AD84E24CE103E0049E434 /* IdolBirthdayWidget.intentdefinition in Sources */ = {isa = PBXBuildFile; fileRef = CE41379E24A18DB300201DC9 /* IdolBirthdayWidget.intentdefinition */; };
		CEA5047D24CEB87400CE2D50 /* OGPLinkTableViewCell.swift in Sources */ = {isa = PBXBuildFile; fileRef = CEA5047C24CEB87400CE2D50 /* OGPLinkTableViewCell.swift */; };
/* End PBXBuildFile section */

/* Begin PBXContainerItemProxy section */
		CE41376C24A18CE900201DC9 /* PBXContainerItemProxy */ = {
			isa = PBXContainerItemProxy;
			containerPortal = CE41374F24A18CE700201DC9 /* Project object */;
			proxyType = 1;
			remoteGlobalIDString = CE41375A24A18CE900201DC9;
			remoteInfo = iOS;
		};
		CE41377724A18CE900201DC9 /* PBXContainerItemProxy */ = {
			isa = PBXContainerItemProxy;
			containerPortal = CE41374F24A18CE700201DC9 /* Project object */;
			proxyType = 1;
			remoteGlobalIDString = CE41376224A18CE900201DC9;
			remoteInfo = macOS;
		};
		CE4137A424A18DB400201DC9 /* PBXContainerItemProxy */ = {
			isa = PBXContainerItemProxy;
			containerPortal = CE41374F24A18CE700201DC9 /* Project object */;
			proxyType = 1;
			remoteGlobalIDString = CE41379424A18DB200201DC9;
			remoteInfo = IdolBirthdayWidgetExtension;
		};
		CE50988724A4808200D6A948 /* PBXContainerItemProxy */ = {
			isa = PBXContainerItemProxy;
			containerPortal = CE41374F24A18CE700201DC9 /* Project object */;
			proxyType = 1;
			remoteGlobalIDString = CE50987924A4808000D6A948;
			remoteInfo = IdolBirthdayWidgetExtension;
		};
/* End PBXContainerItemProxy section */

/* Begin PBXCopyFilesBuildPhase section */
		CE4137AA24A18DB400201DC9 /* Embed App Extensions */ = {
			isa = PBXCopyFilesBuildPhase;
			buildActionMask = 2147483647;
			dstPath = "";
			dstSubfolderSpec = 13;
			files = (
				CE4137A624A18DB400201DC9 /* IdolBirthdayWidgetExtension.appex in Embed App Extensions */,
			);
			name = "Embed App Extensions";
			runOnlyForDeploymentPostprocessing = 0;
		};
		CE50986424A476BE00D6A948 /* Embed Frameworks */ = {
			isa = PBXCopyFilesBuildPhase;
			buildActionMask = 2147483647;
			dstPath = "";
			dstSubfolderSpec = 10;
			files = (
			);
			name = "Embed Frameworks";
			runOnlyForDeploymentPostprocessing = 0;
		};
		CE50988D24A4808200D6A948 /* Embed App Extensions */ = {
			isa = PBXCopyFilesBuildPhase;
			buildActionMask = 2147483647;
			dstPath = "";
			dstSubfolderSpec = 13;
			files = (
				CE50988924A4808200D6A948 /* IdolBirthdayWidgetExtension.appex in Embed App Extensions */,
			);
			name = "Embed App Extensions";
			runOnlyForDeploymentPostprocessing = 0;
		};
		CECEA23824A27C2A008E2070 /* Embed Frameworks */ = {
			isa = PBXCopyFilesBuildPhase;
			buildActionMask = 2147483647;
			dstPath = "";
			dstSubfolderSpec = 10;
			files = (
			);
			name = "Embed Frameworks";
			runOnlyForDeploymentPostprocessing = 0;
		};
/* End PBXCopyFilesBuildPhase section */

/* Begin PBXFileReference section */
		CE1F468524CD81F200384202 /* AboutAppViewController.swift */ = {isa = PBXFileReference; lastKnownFileType = sourcecode.swift; path = AboutAppViewController.swift; sourceTree = "<group>"; };
		CE1F468D24CDC15100384202 /* IdolDetailView.swift */ = {isa = PBXFileReference; lastKnownFileType = sourcecode.swift; path = IdolDetailView.swift; sourceTree = "<group>"; };
		CE41375424A18CE700201DC9 /* IdolBirthdayApp.swift */ = {isa = PBXFileReference; lastKnownFileType = sourcecode.swift; path = IdolBirthdayApp.swift; sourceTree = "<group>"; };
		CE41375524A18CE700201DC9 /* ContentView.swift */ = {isa = PBXFileReference; lastKnownFileType = sourcecode.swift; path = ContentView.swift; sourceTree = "<group>"; };
		CE41375624A18CE900201DC9 /* Assets.xcassets */ = {isa = PBXFileReference; lastKnownFileType = folder.assetcatalog; path = Assets.xcassets; sourceTree = "<group>"; };
		CE41375B24A18CE900201DC9 /* IdolBirthday.app */ = {isa = PBXFileReference; explicitFileType = wrapper.application; includeInIndex = 0; path = IdolBirthday.app; sourceTree = BUILT_PRODUCTS_DIR; };
		CE41376324A18CE900201DC9 /* IdolBirthday.app */ = {isa = PBXFileReference; explicitFileType = wrapper.application; includeInIndex = 0; path = IdolBirthday.app; sourceTree = BUILT_PRODUCTS_DIR; };
		CE41376524A18CE900201DC9 /* Info.plist */ = {isa = PBXFileReference; lastKnownFileType = text.plist.xml; path = Info.plist; sourceTree = "<group>"; };
		CE41376624A18CE900201DC9 /* macOS.entitlements */ = {isa = PBXFileReference; lastKnownFileType = text.plist.entitlements; path = macOS.entitlements; sourceTree = "<group>"; };
		CE41376B24A18CE900201DC9 /* Tests iOS.xctest */ = {isa = PBXFileReference; explicitFileType = wrapper.cfbundle; includeInIndex = 0; path = "Tests iOS.xctest"; sourceTree = BUILT_PRODUCTS_DIR; };
		CE41376F24A18CE900201DC9 /* Tests_iOS.swift */ = {isa = PBXFileReference; lastKnownFileType = sourcecode.swift; path = Tests_iOS.swift; sourceTree = "<group>"; };
		CE41377124A18CE900201DC9 /* Info.plist */ = {isa = PBXFileReference; lastKnownFileType = text.plist.xml; path = Info.plist; sourceTree = "<group>"; };
		CE41377624A18CE900201DC9 /* Tests macOS.xctest */ = {isa = PBXFileReference; explicitFileType = wrapper.cfbundle; includeInIndex = 0; path = "Tests macOS.xctest"; sourceTree = BUILT_PRODUCTS_DIR; };
		CE41377A24A18CE900201DC9 /* Tests_macOS.swift */ = {isa = PBXFileReference; lastKnownFileType = sourcecode.swift; path = Tests_macOS.swift; sourceTree = "<group>"; };
		CE41377C24A18CE900201DC9 /* Info.plist */ = {isa = PBXFileReference; lastKnownFileType = text.plist.xml; path = Info.plist; sourceTree = "<group>"; };
		CE41379524A18DB200201DC9 /* IdolBirthdayWidgetExtension.appex */ = {isa = PBXFileReference; explicitFileType = "wrapper.app-extension"; includeInIndex = 0; path = IdolBirthdayWidgetExtension.appex; sourceTree = BUILT_PRODUCTS_DIR; };
		CE41379724A18DB200201DC9 /* WidgetKit.framework */ = {isa = PBXFileReference; lastKnownFileType = wrapper.framework; name = WidgetKit.framework; path = System/Library/Frameworks/WidgetKit.framework; sourceTree = SDKROOT; };
		CE41379924A18DB200201DC9 /* SwiftUI.framework */ = {isa = PBXFileReference; lastKnownFileType = wrapper.framework; name = SwiftUI.framework; path = System/Library/Frameworks/SwiftUI.framework; sourceTree = SDKROOT; };
		CE41379C24A18DB300201DC9 /* IdolBirthdayWidget.swift */ = {isa = PBXFileReference; lastKnownFileType = sourcecode.swift; path = IdolBirthdayWidget.swift; sourceTree = "<group>"; };
		CE41379E24A18DB300201DC9 /* IdolBirthdayWidget.intentdefinition */ = {isa = PBXFileReference; lastKnownFileType = file.intentdefinition; path = IdolBirthdayWidget.intentdefinition; sourceTree = "<group>"; };
		CE41379F24A18DB400201DC9 /* Assets.xcassets */ = {isa = PBXFileReference; lastKnownFileType = folder.assetcatalog; path = Assets.xcassets; sourceTree = "<group>"; };
		CE4137A124A18DB400201DC9 /* Info.plist */ = {isa = PBXFileReference; lastKnownFileType = text.plist.xml; path = Info.plist; sourceTree = "<group>"; };
		CE50987A24A4808000D6A948 /* IdolBirthdayWidgetExtension.appex */ = {isa = PBXFileReference; explicitFileType = "wrapper.app-extension"; includeInIndex = 0; path = IdolBirthdayWidgetExtension.appex; sourceTree = BUILT_PRODUCTS_DIR; };
		CE50988324A4808200D6A948 /* Info.plist */ = {isa = PBXFileReference; lastKnownFileType = text.plist.xml; path = Info.plist; sourceTree = "<group>"; };
		CE50988424A4808200D6A948 /* macOS.entitlements */ = {isa = PBXFileReference; lastKnownFileType = text.plist.entitlements; path = macOS.entitlements; sourceTree = "<group>"; };
		CE6A0F9724CF25D3000F49FA /* OGPResult.swift */ = {isa = PBXFileReference; lastKnownFileType = sourcecode.swift; path = OGPResult.swift; sourceTree = "<group>"; };
		CE6EE4A824CD5CC400672426 /* Backend */ = {isa = PBXFileReference; lastKnownFileType = folder; path = Backend; sourceTree = "<group>"; };
		CE6EE4BC24CD77E400672426 /* IdolList.swift */ = {isa = PBXFileReference; lastKnownFileType = sourcecode.swift; path = IdolList.swift; sourceTree = "<group>"; };
		CE76602324CFE9FA007A3ABD /* Settings.bundle */ = {isa = PBXFileReference; lastKnownFileType = "wrapper.plug-in"; path = Settings.bundle; sourceTree = "<group>"; };
		CE9AD80B24CDED590049E434 /* AppDelegate.swift */ = {isa = PBXFileReference; lastKnownFileType = sourcecode.swift; path = AppDelegate.swift; sourceTree = "<group>"; };
		CE9AD80D24CDED590049E434 /* SceneDelegate.swift */ = {isa = PBXFileReference; lastKnownFileType = sourcecode.swift; path = SceneDelegate.swift; sourceTree = "<group>"; };
		CE9AD81124CDED5B0049E434 /* Assets.xcassets */ = {isa = PBXFileReference; lastKnownFileType = folder.assetcatalog; path = Assets.xcassets; sourceTree = "<group>"; };
		CE9AD81724CDED5B0049E434 /* Base */ = {isa = PBXFileReference; lastKnownFileType = file.storyboard; name = Base; path = Base.lproj/LaunchScreen.storyboard; sourceTree = "<group>"; };
		CE9AD81924CDED5B0049E434 /* Info.plist */ = {isa = PBXFileReference; lastKnownFileType = text.plist.xml; path = Info.plist; sourceTree = "<group>"; };
		CE9AD82224CDED5B0049E434 /* IdolBirthdayTests.swift */ = {isa = PBXFileReference; lastKnownFileType = sourcecode.swift; path = IdolBirthdayTests.swift; sourceTree = "<group>"; };
		CE9AD82424CDED5B0049E434 /* Info.plist */ = {isa = PBXFileReference; lastKnownFileType = text.plist.xml; path = Info.plist; sourceTree = "<group>"; };
		CE9AD82D24CDED5B0049E434 /* IdolBirthdayUITests.swift */ = {isa = PBXFileReference; lastKnownFileType = sourcecode.swift; path = IdolBirthdayUITests.swift; sourceTree = "<group>"; };
		CE9AD82F24CDED5B0049E434 /* Info.plist */ = {isa = PBXFileReference; lastKnownFileType = text.plist.xml; path = Info.plist; sourceTree = "<group>"; };
		CE9AD84224CDF2730049E434 /* RootViewController.swift */ = {isa = PBXFileReference; lastKnownFileType = sourcecode.swift; path = RootViewController.swift; sourceTree = "<group>"; };
		CE9AD84424CDF7E00049E434 /* IdolListViewController.swift */ = {isa = PBXFileReference; lastKnownFileType = sourcecode.swift; path = IdolListViewController.swift; sourceTree = "<group>"; };
		CE9AD84724CDF8E90049E434 /* UITableViewDiffableDataSource+plainSnapshot.swift */ = {isa = PBXFileReference; lastKnownFileType = sourcecode.swift; path = "UITableViewDiffableDataSource+plainSnapshot.swift"; sourceTree = "<group>"; };
		CE9AD84A24CDFF6B0049E434 /* IdolDetailViewController.swift */ = {isa = PBXFileReference; lastKnownFileType = sourcecode.swift; path = IdolDetailViewController.swift; sourceTree = "<group>"; };
		CE9AD84C24CE01520049E434 /* IdolBirthday.entitlements */ = {isa = PBXFileReference; lastKnownFileType = text.plist.entitlements; path = IdolBirthday.entitlements; sourceTree = "<group>"; };
		CE9AD84D24CE01520049E434 /* IdolBirthdayWidgetExtension.entitlements */ = {isa = PBXFileReference; lastKnownFileType = text.plist.entitlements; path = IdolBirthdayWidgetExtension.entitlements; sourceTree = "<group>"; };
		CEA5047C24CEB87400CE2D50 /* OGPLinkTableViewCell.swift */ = {isa = PBXFileReference; lastKnownFileType = sourcecode.swift; path = OGPLinkTableViewCell.swift; sourceTree = "<group>"; };
/* End PBXFileReference section */

/* Begin PBXFrameworksBuildPhase section */
		CE41375824A18CE900201DC9 /* Frameworks */ = {
			isa = PBXFrameworksBuildPhase;
			buildActionMask = 2147483647;
			files = (
				CE6EE4AA24CD5D4000672426 /* Backend in Frameworks */,
			);
			runOnlyForDeploymentPostprocessing = 0;
		};
		CE41376024A18CE900201DC9 /* Frameworks */ = {
			isa = PBXFrameworksBuildPhase;
			buildActionMask = 2147483647;
			files = (
				CE6EE4AC24CD5D4C00672426 /* Backend in Frameworks */,
			);
			runOnlyForDeploymentPostprocessing = 0;
		};
		CE41376824A18CE900201DC9 /* Frameworks */ = {
			isa = PBXFrameworksBuildPhase;
			buildActionMask = 2147483647;
			files = (
			);
			runOnlyForDeploymentPostprocessing = 0;
		};
		CE41377324A18CE900201DC9 /* Frameworks */ = {
			isa = PBXFrameworksBuildPhase;
			buildActionMask = 2147483647;
			files = (
			);
			runOnlyForDeploymentPostprocessing = 0;
		};
		CE41379224A18DB200201DC9 /* Frameworks */ = {
			isa = PBXFrameworksBuildPhase;
			buildActionMask = 2147483647;
			files = (
				CE41379A24A18DB200201DC9 /* SwiftUI.framework in Frameworks */,
				CE41379824A18DB200201DC9 /* WidgetKit.framework in Frameworks */,
				CE6EE4AE24CD5D6700672426 /* Backend in Frameworks */,
			);
			runOnlyForDeploymentPostprocessing = 0;
		};
		CE50987724A4808000D6A948 /* Frameworks */ = {
			isa = PBXFrameworksBuildPhase;
			buildActionMask = 2147483647;
			files = (
				CE6EE4B024CD5D6B00672426 /* Backend in Frameworks */,
				CE50987C24A4808000D6A948 /* SwiftUI.framework in Frameworks */,
				CE50987B24A4808000D6A948 /* WidgetKit.framework in Frameworks */,
			);
			runOnlyForDeploymentPostprocessing = 0;
		};
/* End PBXFrameworksBuildPhase section */

/* Begin PBXGroup section */
		CE41374E24A18CE700201DC9 = {
			isa = PBXGroup;
			children = (
				CE9AD84D24CE01520049E434 /* IdolBirthdayWidgetExtension.entitlements */,
				CE6EE4A824CD5CC400672426 /* Backend */,
				CE9AD83924CDED660049E434 /* iOS */,
				CE50987424A4805600D6A948 /* App */,
				CE41379B24A18DB200201DC9 /* Widget */,
				CE41379624A18DB200201DC9 /* Frameworks */,
				CE41375C24A18CE900201DC9 /* Products */,
			);
			sourceTree = "<group>";
		};
		CE41375324A18CE700201DC9 /* Shared */ = {
			isa = PBXGroup;
			children = (
				CE41375624A18CE900201DC9 /* Assets.xcassets */,
				CE41375424A18CE700201DC9 /* IdolBirthdayApp.swift */,
				CE41375524A18CE700201DC9 /* ContentView.swift */,
				CE6EE4BC24CD77E400672426 /* IdolList.swift */,
				CE1F468D24CDC15100384202 /* IdolDetailView.swift */,
			);
			path = Shared;
			sourceTree = "<group>";
		};
		CE41375C24A18CE900201DC9 /* Products */ = {
			isa = PBXGroup;
			children = (
				CE41375B24A18CE900201DC9 /* IdolBirthday.app */,
				CE41376324A18CE900201DC9 /* IdolBirthday.app */,
				CE41376B24A18CE900201DC9 /* Tests iOS.xctest */,
				CE41377624A18CE900201DC9 /* Tests macOS.xctest */,
				CE41379524A18DB200201DC9 /* IdolBirthdayWidgetExtension.appex */,
				CE50987A24A4808000D6A948 /* IdolBirthdayWidgetExtension.appex */,
			);
			name = Products;
			sourceTree = "<group>";
		};
		CE41376424A18CE900201DC9 /* macOS */ = {
			isa = PBXGroup;
			children = (
				CE41376524A18CE900201DC9 /* Info.plist */,
				CE41376624A18CE900201DC9 /* macOS.entitlements */,
			);
			path = macOS;
			sourceTree = "<group>";
		};
		CE41376E24A18CE900201DC9 /* Tests iOS */ = {
			isa = PBXGroup;
			children = (
				CE41376F24A18CE900201DC9 /* Tests_iOS.swift */,
				CE41377124A18CE900201DC9 /* Info.plist */,
			);
			path = "Tests iOS";
			sourceTree = "<group>";
		};
		CE41377924A18CE900201DC9 /* Tests macOS */ = {
			isa = PBXGroup;
			children = (
				CE41377A24A18CE900201DC9 /* Tests_macOS.swift */,
				CE41377C24A18CE900201DC9 /* Info.plist */,
			);
			path = "Tests macOS";
			sourceTree = "<group>";
		};
		CE41379624A18DB200201DC9 /* Frameworks */ = {
			isa = PBXGroup;
			children = (
				CE41379724A18DB200201DC9 /* WidgetKit.framework */,
				CE41379924A18DB200201DC9 /* SwiftUI.framework */,
			);
			name = Frameworks;
			sourceTree = "<group>";
		};
		CE41379B24A18DB200201DC9 /* Widget */ = {
			isa = PBXGroup;
			children = (
				CE50987524A4806800D6A948 /* Shared */,
				CE50988E24A4814A00D6A948 /* iOS */,
				CE50989324A481B900D6A948 /* macOS */,
			);
			path = Widget;
			sourceTree = "<group>";
		};
		CE50987424A4805600D6A948 /* App */ = {
			isa = PBXGroup;
			children = (
				CE41375324A18CE700201DC9 /* Shared */,
				CE41376424A18CE900201DC9 /* macOS */,
				CE41376E24A18CE900201DC9 /* Tests iOS */,
				CE41377924A18CE900201DC9 /* Tests macOS */,
			);
			path = App;
			sourceTree = "<group>";
		};
		CE50987524A4806800D6A948 /* Shared */ = {
			isa = PBXGroup;
			children = (
				CE41379C24A18DB300201DC9 /* IdolBirthdayWidget.swift */,
				CE41379E24A18DB300201DC9 /* IdolBirthdayWidget.intentdefinition */,
				CE41379F24A18DB400201DC9 /* Assets.xcassets */,
			);
			path = Shared;
			sourceTree = "<group>";
		};
		CE50988E24A4814A00D6A948 /* iOS */ = {
			isa = PBXGroup;
			children = (
				CE4137A124A18DB400201DC9 /* Info.plist */,
			);
			path = iOS;
			sourceTree = "<group>";
		};
		CE50989324A481B900D6A948 /* macOS */ = {
			isa = PBXGroup;
			children = (
				CE50988324A4808200D6A948 /* Info.plist */,
				CE50988424A4808200D6A948 /* macOS.entitlements */,
			);
			path = macOS;
			sourceTree = "<group>";
		};
		CE6A0F9624CF25C8000F49FA /* Structs */ = {
			isa = PBXGroup;
			children = (
				CE6A0F9724CF25D3000F49FA /* OGPResult.swift */,
			);
			path = Structs;
			sourceTree = "<group>";
		};
		CE9AD82124CDED5B0049E434 /* Tests */ = {
			isa = PBXGroup;
			children = (
				CE9AD82224CDED5B0049E434 /* IdolBirthdayTests.swift */,
				CE9AD82424CDED5B0049E434 /* Info.plist */,
			);
			path = Tests;
			sourceTree = "<group>";
		};
		CE9AD82C24CDED5B0049E434 /* UITests */ = {
			isa = PBXGroup;
			children = (
				CE9AD82D24CDED5B0049E434 /* IdolBirthdayUITests.swift */,
				CE9AD82F24CDED5B0049E434 /* Info.plist */,
			);
			path = UITests;
			sourceTree = "<group>";
		};
		CE9AD83924CDED660049E434 /* iOS */ = {
			isa = PBXGroup;
			children = (
				CE9AD83A24CDED760049E434 /* App */,
				CE9AD82124CDED5B0049E434 /* Tests */,
				CE9AD82C24CDED5B0049E434 /* UITests */,
			);
			path = iOS;
			sourceTree = "<group>";
		};
		CE9AD83A24CDED760049E434 /* App */ = {
			isa = PBXGroup;
			children = (
				CE6A0F9624CF25C8000F49FA /* Structs */,
				CE9AD84624CDF8C90049E434 /* Extensions */,
				CE9AD83D24CDEE040049E434 /* Delegate */,
				CEA5047B24CEB83A00CE2D50 /* Views */,
				CE9AD84124CDF20F0049E434 /* ViewControllers */,
				CE9AD83C24CDEDFA0049E434 /* Resources */,
			);
			path = App;
			sourceTree = "<group>";
		};
		CE9AD83C24CDEDFA0049E434 /* Resources */ = {
			isa = PBXGroup;
			children = (
				CE76602324CFE9FA007A3ABD /* Settings.bundle */,
				CE9AD81124CDED5B0049E434 /* Assets.xcassets */,
				CE9AD81624CDED5B0049E434 /* LaunchScreen.storyboard */,
				CE9AD81924CDED5B0049E434 /* Info.plist */,
				CE9AD84C24CE01520049E434 /* IdolBirthday.entitlements */,
			);
			path = Resources;
			sourceTree = "<group>";
		};
		CE9AD83D24CDEE040049E434 /* Delegate */ = {
			isa = PBXGroup;
			children = (
				CE9AD80B24CDED590049E434 /* AppDelegate.swift */,
				CE9AD80D24CDED590049E434 /* SceneDelegate.swift */,
			);
			path = Delegate;
			sourceTree = "<group>";
		};
		CE9AD84124CDF20F0049E434 /* ViewControllers */ = {
			isa = PBXGroup;
			children = (
				CE9AD84224CDF2730049E434 /* RootViewController.swift */,
				CE9AD84424CDF7E00049E434 /* IdolListViewController.swift */,
				CE9AD84A24CDFF6B0049E434 /* IdolDetailViewController.swift */,
				CE1F468524CD81F200384202 /* AboutAppViewController.swift */,
			);
			path = ViewControllers;
			sourceTree = "<group>";
		};
		CE9AD84624CDF8C90049E434 /* Extensions */ = {
			isa = PBXGroup;
			children = (
				CE9AD84724CDF8E90049E434 /* UITableViewDiffableDataSource+plainSnapshot.swift */,
			);
			path = Extensions;
			sourceTree = "<group>";
		};
		CEA5047B24CEB83A00CE2D50 /* Views */ = {
			isa = PBXGroup;
			children = (
				CEA5047C24CEB87400CE2D50 /* OGPLinkTableViewCell.swift */,
			);
			path = Views;
			sourceTree = "<group>";
		};
/* End PBXGroup section */

/* Begin PBXNativeTarget section */
		CE41375A24A18CE900201DC9 /* App iOS */ = {
			isa = PBXNativeTarget;
			buildConfigurationList = CE41378524A18CE900201DC9 /* Build configuration list for PBXNativeTarget "App iOS" */;
			buildPhases = (
				CE1F468A24CDB6B000384202 /* ShellScript */,
				CE41375724A18CE900201DC9 /* Sources */,
				CE41375824A18CE900201DC9 /* Frameworks */,
				CE41375924A18CE900201DC9 /* Resources */,
				CE4137AA24A18DB400201DC9 /* Embed App Extensions */,
				CECEA23824A27C2A008E2070 /* Embed Frameworks */,
			);
			buildRules = (
			);
			dependencies = (
				CE4137A524A18DB400201DC9 /* PBXTargetDependency */,
			);
			name = "App iOS";
			packageProductDependencies = (
				CE6EE4A924CD5D4000672426 /* Backend */,
			);
			productName = iOS;
			productReference = CE41375B24A18CE900201DC9 /* IdolBirthday.app */;
			productType = "com.apple.product-type.application";
		};
		CE41376224A18CE900201DC9 /* App macOS */ = {
			isa = PBXNativeTarget;
			buildConfigurationList = CE41378824A18CE900201DC9 /* Build configuration list for PBXNativeTarget "App macOS" */;
			buildPhases = (
				CE41375F24A18CE900201DC9 /* Sources */,
				CE41376024A18CE900201DC9 /* Frameworks */,
				CE41376124A18CE900201DC9 /* Resources */,
				CE50986424A476BE00D6A948 /* Embed Frameworks */,
				CE50988D24A4808200D6A948 /* Embed App Extensions */,
			);
			buildRules = (
			);
			dependencies = (
				CE50988824A4808200D6A948 /* PBXTargetDependency */,
			);
			name = "App macOS";
			packageProductDependencies = (
				CE6EE4AB24CD5D4C00672426 /* Backend */,
			);
			productName = macOS;
			productReference = CE41376324A18CE900201DC9 /* IdolBirthday.app */;
			productType = "com.apple.product-type.application";
		};
		CE41376A24A18CE900201DC9 /* Tests iOS */ = {
			isa = PBXNativeTarget;
			buildConfigurationList = CE41378B24A18CE900201DC9 /* Build configuration list for PBXNativeTarget "Tests iOS" */;
			buildPhases = (
				CE41376724A18CE900201DC9 /* Sources */,
				CE41376824A18CE900201DC9 /* Frameworks */,
				CE41376924A18CE900201DC9 /* Resources */,
			);
			buildRules = (
			);
			dependencies = (
				CE41376D24A18CE900201DC9 /* PBXTargetDependency */,
			);
			name = "Tests iOS";
			productName = "Tests iOS";
			productReference = CE41376B24A18CE900201DC9 /* Tests iOS.xctest */;
			productType = "com.apple.product-type.bundle.ui-testing";
		};
		CE41377524A18CE900201DC9 /* Tests macOS */ = {
			isa = PBXNativeTarget;
			buildConfigurationList = CE41378E24A18CE900201DC9 /* Build configuration list for PBXNativeTarget "Tests macOS" */;
			buildPhases = (
				CE41377224A18CE900201DC9 /* Sources */,
				CE41377324A18CE900201DC9 /* Frameworks */,
				CE41377424A18CE900201DC9 /* Resources */,
			);
			buildRules = (
			);
			dependencies = (
				CE41377824A18CE900201DC9 /* PBXTargetDependency */,
			);
			name = "Tests macOS";
			productName = "Tests macOS";
			productReference = CE41377624A18CE900201DC9 /* Tests macOS.xctest */;
			productType = "com.apple.product-type.bundle.ui-testing";
		};
		CE41379424A18DB200201DC9 /* Widget iOS */ = {
			isa = PBXNativeTarget;
			buildConfigurationList = CE4137A724A18DB400201DC9 /* Build configuration list for PBXNativeTarget "Widget iOS" */;
			buildPhases = (
				CE41379124A18DB200201DC9 /* Sources */,
				CE41379224A18DB200201DC9 /* Frameworks */,
				CE41379324A18DB200201DC9 /* Resources */,
			);
			buildRules = (
			);
			dependencies = (
			);
			name = "Widget iOS";
			packageProductDependencies = (
				CE6EE4AD24CD5D6700672426 /* Backend */,
			);
			productName = IdolBirthdayWidgetExtension;
			productReference = CE41379524A18DB200201DC9 /* IdolBirthdayWidgetExtension.appex */;
			productType = "com.apple.product-type.app-extension";
		};
		CE50987924A4808000D6A948 /* Widget macOS */ = {
			isa = PBXNativeTarget;
			buildConfigurationList = CE50988A24A4808200D6A948 /* Build configuration list for PBXNativeTarget "Widget macOS" */;
			buildPhases = (
				CE50987624A4808000D6A948 /* Sources */,
				CE50987724A4808000D6A948 /* Frameworks */,
				CE50987824A4808000D6A948 /* Resources */,
			);
			buildRules = (
			);
			dependencies = (
			);
			name = "Widget macOS";
			packageProductDependencies = (
				CE6EE4AF24CD5D6B00672426 /* Backend */,
			);
			productName = IdolBirthdayWidgetExtension;
			productReference = CE50987A24A4808000D6A948 /* IdolBirthdayWidgetExtension.appex */;
			productType = "com.apple.product-type.app-extension";
		};
/* End PBXNativeTarget section */

/* Begin PBXProject section */
		CE41374F24A18CE700201DC9 /* Project object */ = {
			isa = PBXProject;
			attributes = {
				LastSwiftUpdateCheck = 1200;
				LastUpgradeCheck = 1200;
				TargetAttributes = {
					CE41375A24A18CE900201DC9 = {
						CreatedOnToolsVersion = 12.0;
					};
					CE41376224A18CE900201DC9 = {
						CreatedOnToolsVersion = 12.0;
					};
					CE41376A24A18CE900201DC9 = {
						CreatedOnToolsVersion = 12.0;
						TestTargetID = CE41375A24A18CE900201DC9;
					};
					CE41377524A18CE900201DC9 = {
						CreatedOnToolsVersion = 12.0;
						TestTargetID = CE41376224A18CE900201DC9;
					};
					CE41379424A18DB200201DC9 = {
						CreatedOnToolsVersion = 12.0;
					};
					CE50987924A4808000D6A948 = {
						CreatedOnToolsVersion = 12.0;
					};
				};
			};
			buildConfigurationList = CE41375224A18CE700201DC9 /* Build configuration list for PBXProject "IdolBirthday" */;
			compatibilityVersion = "Xcode 9.3";
			developmentRegion = en;
			hasScannedForEncodings = 0;
			knownRegions = (
				en,
				Base,
			);
			mainGroup = CE41374E24A18CE700201DC9;
			packageReferences = (
			);
			productRefGroup = CE41375C24A18CE900201DC9 /* Products */;
			projectDirPath = "";
			projectRoot = "";
			targets = (
				CE41375A24A18CE900201DC9 /* App iOS */,
				CE41376224A18CE900201DC9 /* App macOS */,
				CE41376A24A18CE900201DC9 /* Tests iOS */,
				CE41377524A18CE900201DC9 /* Tests macOS */,
				CE41379424A18DB200201DC9 /* Widget iOS */,
				CE50987924A4808000D6A948 /* Widget macOS */,
			);
		};
/* End PBXProject section */

/* Begin PBXResourcesBuildPhase section */
		CE41375924A18CE900201DC9 /* Resources */ = {
			isa = PBXResourcesBuildPhase;
			buildActionMask = 2147483647;
			files = (
				CE9AD84024CDF16E0049E434 /* Assets.xcassets in Resources */,
				CE76602424CFEAD0007A3ABD /* Settings.bundle in Resources */,
				CE9025C824CE12D100754A49 /* LaunchScreen.storyboard in Resources */,
			);
			runOnlyForDeploymentPostprocessing = 0;
		};
		CE41376124A18CE900201DC9 /* Resources */ = {
			isa = PBXResourcesBuildPhase;
			buildActionMask = 2147483647;
			files = (
				CE41378224A18CE900201DC9 /* Assets.xcassets in Resources */,
			);
			runOnlyForDeploymentPostprocessing = 0;
		};
		CE41376924A18CE900201DC9 /* Resources */ = {
			isa = PBXResourcesBuildPhase;
			buildActionMask = 2147483647;
			files = (
			);
			runOnlyForDeploymentPostprocessing = 0;
		};
		CE41377424A18CE900201DC9 /* Resources */ = {
			isa = PBXResourcesBuildPhase;
			buildActionMask = 2147483647;
			files = (
			);
			runOnlyForDeploymentPostprocessing = 0;
		};
		CE41379324A18DB200201DC9 /* Resources */ = {
			isa = PBXResourcesBuildPhase;
			buildActionMask = 2147483647;
			files = (
				CE4137A024A18DB400201DC9 /* Assets.xcassets in Resources */,
			);
			runOnlyForDeploymentPostprocessing = 0;
		};
		CE50987824A4808000D6A948 /* Resources */ = {
			isa = PBXResourcesBuildPhase;
			buildActionMask = 2147483647;
			files = (
				CE50989224A481B500D6A948 /* Assets.xcassets in Resources */,
			);
			runOnlyForDeploymentPostprocessing = 0;
		};
/* End PBXResourcesBuildPhase section */

/* Begin PBXShellScriptBuildPhase section */
		CE1F468A24CDB6B000384202 /* ShellScript */ = {
			isa = PBXShellScriptBuildPhase;
			buildActionMask = 2147483647;
			files = (
			);
			inputFileListPaths = (
			);
			inputPaths = (
			);
			outputFileListPaths = (
			);
			outputPaths = (
			);
			runOnlyForDeploymentPostprocessing = 0;
			shellPath = /bin/sh;
			shellScript = "# Type a script or drag a script file from your workspace to insert its path.\nmint run mono0926/LicensePlist --output-path iOS/App/Settings.bundle\n";
		};
/* End PBXShellScriptBuildPhase section */

/* Begin PBXSourcesBuildPhase section */
		CE41375724A18CE900201DC9 /* Sources */ = {
			isa = PBXSourcesBuildPhase;
			buildActionMask = 2147483647;
			files = (
				CE9AD84B24CDFF6B0049E434 /* IdolDetailViewController.swift in Sources */,
				CE9AD84824CDF8E90049E434 /* UITableViewDiffableDataSource+plainSnapshot.swift in Sources */,
				CE9AD83F24CDF1670049E434 /* AppDelegate.swift in Sources */,
				CE9AD84924CDFE760049E434 /* AboutAppViewController.swift in Sources */,
				CE9AD83E24CDF1670049E434 /* SceneDelegate.swift in Sources */,
				CE9AD84524CDF7E00049E434 /* IdolListViewController.swift in Sources */,
				CEA5047D24CEB87400CE2D50 /* OGPLinkTableViewCell.swift in Sources */,
				CE6A0F9824CF25D3000F49FA /* OGPResult.swift in Sources */,
				CE9AD84324CDF2730049E434 /* RootViewController.swift in Sources */,
				CE9AD84E24CE103E0049E434 /* IdolBirthdayWidget.intentdefinition in Sources */,
			);
			runOnlyForDeploymentPostprocessing = 0;
		};
		CE41375F24A18CE900201DC9 /* Sources */ = {
			isa = PBXSourcesBuildPhase;
			buildActionMask = 2147483647;
			files = (
				CE41378024A18CE900201DC9 /* ContentView.swift in Sources */,
				CE41377E24A18CE900201DC9 /* IdolBirthdayApp.swift in Sources */,
				CE50989124A481A900D6A948 /* IdolBirthdayWidget.intentdefinition in Sources */,
				CE6EE4BE24CD77E400672426 /* IdolList.swift in Sources */,
			);
			runOnlyForDeploymentPostprocessing = 0;
		};
		CE41376724A18CE900201DC9 /* Sources */ = {
			isa = PBXSourcesBuildPhase;
			buildActionMask = 2147483647;
			files = (
				CE41377024A18CE900201DC9 /* Tests_iOS.swift in Sources */,
				CE6A0F9924CF3CF9000F49FA /* IdolDetailViewController.swift in Sources */,
			);
			runOnlyForDeploymentPostprocessing = 0;
		};
		CE41377224A18CE900201DC9 /* Sources */ = {
			isa = PBXSourcesBuildPhase;
			buildActionMask = 2147483647;
			files = (
				CE41377B24A18CE900201DC9 /* Tests_macOS.swift in Sources */,
			);
			runOnlyForDeploymentPostprocessing = 0;
		};
		CE41379124A18DB200201DC9 /* Sources */ = {
			isa = PBXSourcesBuildPhase;
			buildActionMask = 2147483647;
			files = (
				CE41379D24A18DB300201DC9 /* IdolBirthdayWidget.swift in Sources */,
				CE4137A224A18DB400201DC9 /* IdolBirthdayWidget.intentdefinition in Sources */,
			);
			runOnlyForDeploymentPostprocessing = 0;
		};
		CE50987624A4808000D6A948 /* Sources */ = {
			isa = PBXSourcesBuildPhase;
			buildActionMask = 2147483647;
			files = (
				CE50988F24A481A500D6A948 /* IdolBirthdayWidget.swift in Sources */,
				CE50989024A481A500D6A948 /* IdolBirthdayWidget.intentdefinition in Sources */,
			);
			runOnlyForDeploymentPostprocessing = 0;
		};
/* End PBXSourcesBuildPhase section */

/* Begin PBXTargetDependency section */
		CE41376D24A18CE900201DC9 /* PBXTargetDependency */ = {
			isa = PBXTargetDependency;
			target = CE41375A24A18CE900201DC9 /* App iOS */;
			targetProxy = CE41376C24A18CE900201DC9 /* PBXContainerItemProxy */;
		};
		CE41377824A18CE900201DC9 /* PBXTargetDependency */ = {
			isa = PBXTargetDependency;
			target = CE41376224A18CE900201DC9 /* App macOS */;
			targetProxy = CE41377724A18CE900201DC9 /* PBXContainerItemProxy */;
		};
		CE4137A524A18DB400201DC9 /* PBXTargetDependency */ = {
			isa = PBXTargetDependency;
			target = CE41379424A18DB200201DC9 /* Widget iOS */;
			targetProxy = CE4137A424A18DB400201DC9 /* PBXContainerItemProxy */;
		};
		CE50988824A4808200D6A948 /* PBXTargetDependency */ = {
			isa = PBXTargetDependency;
			target = CE50987924A4808000D6A948 /* Widget macOS */;
			targetProxy = CE50988724A4808200D6A948 /* PBXContainerItemProxy */;
		};
/* End PBXTargetDependency section */

/* Begin PBXVariantGroup section */
		CE9AD81624CDED5B0049E434 /* LaunchScreen.storyboard */ = {
			isa = PBXVariantGroup;
			children = (
				CE9AD81724CDED5B0049E434 /* Base */,
			);
			name = LaunchScreen.storyboard;
			sourceTree = "<group>";
		};
/* End PBXVariantGroup section */

/* Begin XCBuildConfiguration section */
		CE41378324A18CE900201DC9 /* Debug */ = {
			isa = XCBuildConfiguration;
			buildSettings = {
				ALWAYS_SEARCH_USER_PATHS = NO;
				CLANG_ANALYZER_NONNULL = YES;
				CLANG_ANALYZER_NUMBER_OBJECT_CONVERSION = YES_AGGRESSIVE;
				CLANG_CXX_LANGUAGE_STANDARD = "gnu++14";
				CLANG_CXX_LIBRARY = "libc++";
				CLANG_ENABLE_MODULES = YES;
				CLANG_ENABLE_OBJC_ARC = YES;
				CLANG_ENABLE_OBJC_WEAK = YES;
				CLANG_WARN_BLOCK_CAPTURE_AUTORELEASING = YES;
				CLANG_WARN_BOOL_CONVERSION = YES;
				CLANG_WARN_COMMA = YES;
				CLANG_WARN_CONSTANT_CONVERSION = YES;
				CLANG_WARN_DEPRECATED_OBJC_IMPLEMENTATIONS = YES;
				CLANG_WARN_DIRECT_OBJC_ISA_USAGE = YES_ERROR;
				CLANG_WARN_DOCUMENTATION_COMMENTS = YES;
				CLANG_WARN_EMPTY_BODY = YES;
				CLANG_WARN_ENUM_CONVERSION = YES;
				CLANG_WARN_INFINITE_RECURSION = YES;
				CLANG_WARN_INT_CONVERSION = YES;
				CLANG_WARN_NON_LITERAL_NULL_CONVERSION = YES;
				CLANG_WARN_OBJC_IMPLICIT_RETAIN_SELF = YES;
				CLANG_WARN_OBJC_LITERAL_CONVERSION = YES;
				CLANG_WARN_OBJC_ROOT_CLASS = YES_ERROR;
				CLANG_WARN_QUOTED_INCLUDE_IN_FRAMEWORK_HEADER = YES;
				CLANG_WARN_RANGE_LOOP_ANALYSIS = YES;
				CLANG_WARN_STRICT_PROTOTYPES = YES;
				CLANG_WARN_SUSPICIOUS_MOVE = YES;
				CLANG_WARN_UNGUARDED_AVAILABILITY = YES_AGGRESSIVE;
				CLANG_WARN_UNREACHABLE_CODE = YES;
				CLANG_WARN__DUPLICATE_METHOD_MATCH = YES;
				COPY_PHASE_STRIP = NO;
				DEBUG_INFORMATION_FORMAT = dwarf;
				ENABLE_STRICT_OBJC_MSGSEND = YES;
				ENABLE_TESTABILITY = YES;
				GCC_C_LANGUAGE_STANDARD = gnu11;
				GCC_DYNAMIC_NO_PIC = NO;
				GCC_NO_COMMON_BLOCKS = YES;
				GCC_OPTIMIZATION_LEVEL = 0;
				GCC_PREPROCESSOR_DEFINITIONS = (
					"DEBUG=1",
					"$(inherited)",
				);
				GCC_WARN_64_TO_32_BIT_CONVERSION = YES;
				GCC_WARN_ABOUT_RETURN_TYPE = YES_ERROR;
				GCC_WARN_UNDECLARED_SELECTOR = YES;
				GCC_WARN_UNINITIALIZED_AUTOS = YES_AGGRESSIVE;
				GCC_WARN_UNUSED_FUNCTION = YES;
				GCC_WARN_UNUSED_VARIABLE = YES;
				MTL_ENABLE_DEBUG_INFO = INCLUDE_SOURCE;
				MTL_FAST_MATH = YES;
				ONLY_ACTIVE_ARCH = YES;
				SWIFT_ACTIVE_COMPILATION_CONDITIONS = DEBUG;
				SWIFT_OPTIMIZATION_LEVEL = "-Onone";
			};
			name = Debug;
		};
		CE41378424A18CE900201DC9 /* Release */ = {
			isa = XCBuildConfiguration;
			buildSettings = {
				ALWAYS_SEARCH_USER_PATHS = NO;
				CLANG_ANALYZER_NONNULL = YES;
				CLANG_ANALYZER_NUMBER_OBJECT_CONVERSION = YES_AGGRESSIVE;
				CLANG_CXX_LANGUAGE_STANDARD = "gnu++14";
				CLANG_CXX_LIBRARY = "libc++";
				CLANG_ENABLE_MODULES = YES;
				CLANG_ENABLE_OBJC_ARC = YES;
				CLANG_ENABLE_OBJC_WEAK = YES;
				CLANG_WARN_BLOCK_CAPTURE_AUTORELEASING = YES;
				CLANG_WARN_BOOL_CONVERSION = YES;
				CLANG_WARN_COMMA = YES;
				CLANG_WARN_CONSTANT_CONVERSION = YES;
				CLANG_WARN_DEPRECATED_OBJC_IMPLEMENTATIONS = YES;
				CLANG_WARN_DIRECT_OBJC_ISA_USAGE = YES_ERROR;
				CLANG_WARN_DOCUMENTATION_COMMENTS = YES;
				CLANG_WARN_EMPTY_BODY = YES;
				CLANG_WARN_ENUM_CONVERSION = YES;
				CLANG_WARN_INFINITE_RECURSION = YES;
				CLANG_WARN_INT_CONVERSION = YES;
				CLANG_WARN_NON_LITERAL_NULL_CONVERSION = YES;
				CLANG_WARN_OBJC_IMPLICIT_RETAIN_SELF = YES;
				CLANG_WARN_OBJC_LITERAL_CONVERSION = YES;
				CLANG_WARN_OBJC_ROOT_CLASS = YES_ERROR;
				CLANG_WARN_QUOTED_INCLUDE_IN_FRAMEWORK_HEADER = YES;
				CLANG_WARN_RANGE_LOOP_ANALYSIS = YES;
				CLANG_WARN_STRICT_PROTOTYPES = YES;
				CLANG_WARN_SUSPICIOUS_MOVE = YES;
				CLANG_WARN_UNGUARDED_AVAILABILITY = YES_AGGRESSIVE;
				CLANG_WARN_UNREACHABLE_CODE = YES;
				CLANG_WARN__DUPLICATE_METHOD_MATCH = YES;
				COPY_PHASE_STRIP = NO;
				DEBUG_INFORMATION_FORMAT = "dwarf-with-dsym";
				ENABLE_NS_ASSERTIONS = NO;
				ENABLE_STRICT_OBJC_MSGSEND = YES;
				GCC_C_LANGUAGE_STANDARD = gnu11;
				GCC_NO_COMMON_BLOCKS = YES;
				GCC_WARN_64_TO_32_BIT_CONVERSION = YES;
				GCC_WARN_ABOUT_RETURN_TYPE = YES_ERROR;
				GCC_WARN_UNDECLARED_SELECTOR = YES;
				GCC_WARN_UNINITIALIZED_AUTOS = YES_AGGRESSIVE;
				GCC_WARN_UNUSED_FUNCTION = YES;
				GCC_WARN_UNUSED_VARIABLE = YES;
				MTL_ENABLE_DEBUG_INFO = NO;
				MTL_FAST_MATH = YES;
				SWIFT_COMPILATION_MODE = wholemodule;
				SWIFT_OPTIMIZATION_LEVEL = "-O";
			};
			name = Release;
		};
		CE41378624A18CE900201DC9 /* Debug */ = {
			isa = XCBuildConfiguration;
			buildSettings = {
				ALWAYS_EMBED_SWIFT_STANDARD_LIBRARIES = YES;
				ASSETCATALOG_COMPILER_APPICON_NAME = AppIcon;
				ASSETCATALOG_COMPILER_GLOBAL_ACCENT_COLOR_NAME = AccentColor;
				CODE_SIGN_ENTITLEMENTS = iOS/App/Resources/IdolBirthday.entitlements;
				CODE_SIGN_STYLE = Automatic;
				CURRENT_PROJECT_VERSION = 2;
				DEVELOPMENT_TEAM = 4XKKKM86RN;
				ENABLE_PREVIEWS = YES;
				INFOPLIST_FILE = iOS/App/Resources/Info.plist;
				IPHONEOS_DEPLOYMENT_TARGET = 13.5;
				LD_RUNPATH_SEARCH_PATHS = (
					"$(inherited)",
					"@executable_path/Frameworks",
				);
				PRODUCT_BUNDLE_IDENTIFIER = jp.pronama.IdolBirthday;
				PRODUCT_NAME = IdolBirthday;
				SDKROOT = iphoneos;
				SUPPORTS_MACCATALYST = YES;
				SWIFT_VERSION = 5.0;
				TARGETED_DEVICE_FAMILY = "1,2";
				VERSIONING_SYSTEM = "apple-generic";
			};
			name = Debug;
		};
		CE41378724A18CE900201DC9 /* Release */ = {
			isa = XCBuildConfiguration;
			buildSettings = {
				ALWAYS_EMBED_SWIFT_STANDARD_LIBRARIES = YES;
				ASSETCATALOG_COMPILER_APPICON_NAME = AppIcon;
				ASSETCATALOG_COMPILER_GLOBAL_ACCENT_COLOR_NAME = AccentColor;
				CODE_SIGN_ENTITLEMENTS = iOS/App/Resources/IdolBirthday.entitlements;
				CODE_SIGN_STYLE = Automatic;
				CURRENT_PROJECT_VERSION = 2;
				DEVELOPMENT_TEAM = 4XKKKM86RN;
				ENABLE_PREVIEWS = YES;
				INFOPLIST_FILE = iOS/App/Resources/Info.plist;
				IPHONEOS_DEPLOYMENT_TARGET = 13.5;
				LD_RUNPATH_SEARCH_PATHS = (
					"$(inherited)",
					"@executable_path/Frameworks",
				);
				PRODUCT_BUNDLE_IDENTIFIER = jp.pronama.IdolBirthday;
				PRODUCT_NAME = IdolBirthday;
				SDKROOT = iphoneos;
				SUPPORTS_MACCATALYST = YES;
				SWIFT_VERSION = 5.0;
				TARGETED_DEVICE_FAMILY = "1,2";
				VALIDATE_PRODUCT = YES;
				VERSIONING_SYSTEM = "apple-generic";
			};
			name = Release;
		};
		CE41378924A18CE900201DC9 /* Debug */ = {
			isa = XCBuildConfiguration;
			buildSettings = {
				ALWAYS_EMBED_SWIFT_STANDARD_LIBRARIES = YES;
				ASSETCATALOG_COMPILER_APPICON_NAME = AppIcon;
				ASSETCATALOG_COMPILER_GLOBAL_ACCENT_COLOR_NAME = AccentColor;
				CODE_SIGN_ENTITLEMENTS = App/macOS/macOS.entitlements;
				CODE_SIGN_STYLE = Automatic;
				COMBINE_HIDPI_IMAGES = YES;
				DEVELOPMENT_TEAM = 4XKKKM86RN;
				ENABLE_PREVIEWS = YES;
				INFOPLIST_FILE = App/macOS/Info.plist;
				LD_RUNPATH_SEARCH_PATHS = (
					"$(inherited)",
					"@executable_path/../Frameworks",
				);
				MACOSX_DEPLOYMENT_TARGET = 10.16;
				PRODUCT_BUNDLE_IDENTIFIER = jp.pronama.IdolBirthday;
				PRODUCT_NAME = IdolBirthday;
				SDKROOT = macosx;
				SWIFT_VERSION = 5.0;
			};
			name = Debug;
		};
		CE41378A24A18CE900201DC9 /* Release */ = {
			isa = XCBuildConfiguration;
			buildSettings = {
				ALWAYS_EMBED_SWIFT_STANDARD_LIBRARIES = YES;
				ASSETCATALOG_COMPILER_APPICON_NAME = AppIcon;
				ASSETCATALOG_COMPILER_GLOBAL_ACCENT_COLOR_NAME = AccentColor;
				CODE_SIGN_ENTITLEMENTS = App/macOS/macOS.entitlements;
				CODE_SIGN_STYLE = Automatic;
				COMBINE_HIDPI_IMAGES = YES;
				DEVELOPMENT_TEAM = 4XKKKM86RN;
				ENABLE_PREVIEWS = YES;
				INFOPLIST_FILE = App/macOS/Info.plist;
				LD_RUNPATH_SEARCH_PATHS = (
					"$(inherited)",
					"@executable_path/../Frameworks",
				);
				MACOSX_DEPLOYMENT_TARGET = 10.16;
				PRODUCT_BUNDLE_IDENTIFIER = jp.pronama.IdolBirthday;
				PRODUCT_NAME = IdolBirthday;
				SDKROOT = macosx;
				SWIFT_VERSION = 5.0;
			};
			name = Release;
		};
		CE41378C24A18CE900201DC9 /* Debug */ = {
			isa = XCBuildConfiguration;
			buildSettings = {
				ALWAYS_EMBED_SWIFT_STANDARD_LIBRARIES = YES;
				CODE_SIGN_STYLE = Automatic;
				INFOPLIST_FILE = "Tests iOS/Info.plist";
				IPHONEOS_DEPLOYMENT_TARGET = 14.0;
				LD_RUNPATH_SEARCH_PATHS = (
					"$(inherited)",
					"@executable_path/Frameworks",
					"@loader_path/Frameworks",
				);
				PRODUCT_BUNDLE_IDENTIFIER = "net.rinsuki.apps.Tests-iOS";
				PRODUCT_NAME = "$(TARGET_NAME)";
				SDKROOT = iphoneos;
				SWIFT_VERSION = 5.0;
				TARGETED_DEVICE_FAMILY = "1,2";
				TEST_TARGET_NAME = iOS;
			};
			name = Debug;
		};
		CE41378D24A18CE900201DC9 /* Release */ = {
			isa = XCBuildConfiguration;
			buildSettings = {
				ALWAYS_EMBED_SWIFT_STANDARD_LIBRARIES = YES;
				CODE_SIGN_STYLE = Automatic;
				INFOPLIST_FILE = "Tests iOS/Info.plist";
				IPHONEOS_DEPLOYMENT_TARGET = 14.0;
				LD_RUNPATH_SEARCH_PATHS = (
					"$(inherited)",
					"@executable_path/Frameworks",
					"@loader_path/Frameworks",
				);
				PRODUCT_BUNDLE_IDENTIFIER = "net.rinsuki.apps.Tests-iOS";
				PRODUCT_NAME = "$(TARGET_NAME)";
				SDKROOT = iphoneos;
				SWIFT_VERSION = 5.0;
				TARGETED_DEVICE_FAMILY = "1,2";
				TEST_TARGET_NAME = iOS;
				VALIDATE_PRODUCT = YES;
			};
			name = Release;
		};
		CE41378F24A18CE900201DC9 /* Debug */ = {
			isa = XCBuildConfiguration;
			buildSettings = {
				ALWAYS_EMBED_SWIFT_STANDARD_LIBRARIES = YES;
				CODE_SIGN_STYLE = Automatic;
				COMBINE_HIDPI_IMAGES = YES;
				INFOPLIST_FILE = "Tests macOS/Info.plist";
				LD_RUNPATH_SEARCH_PATHS = (
					"$(inherited)",
					"@executable_path/../Frameworks",
					"@loader_path/../Frameworks",
				);
				MACOSX_DEPLOYMENT_TARGET = 10.16;
				PRODUCT_BUNDLE_IDENTIFIER = "net.rinsuki.apps.Tests-macOS";
				PRODUCT_NAME = "$(TARGET_NAME)";
				SDKROOT = macosx;
				SWIFT_VERSION = 5.0;
				TEST_TARGET_NAME = macOS;
			};
			name = Debug;
		};
		CE41379024A18CE900201DC9 /* Release */ = {
			isa = XCBuildConfiguration;
			buildSettings = {
				ALWAYS_EMBED_SWIFT_STANDARD_LIBRARIES = YES;
				CODE_SIGN_STYLE = Automatic;
				COMBINE_HIDPI_IMAGES = YES;
				INFOPLIST_FILE = "Tests macOS/Info.plist";
				LD_RUNPATH_SEARCH_PATHS = (
					"$(inherited)",
					"@executable_path/../Frameworks",
					"@loader_path/../Frameworks",
				);
				MACOSX_DEPLOYMENT_TARGET = 10.16;
				PRODUCT_BUNDLE_IDENTIFIER = "net.rinsuki.apps.Tests-macOS";
				PRODUCT_NAME = "$(TARGET_NAME)";
				SDKROOT = macosx;
				SWIFT_VERSION = 5.0;
				TEST_TARGET_NAME = macOS;
			};
			name = Release;
		};
		CE4137A824A18DB400201DC9 /* Debug */ = {
			isa = XCBuildConfiguration;
			buildSettings = {
				ASSETCATALOG_COMPILER_GLOBAL_ACCENT_COLOR_NAME = AccentColor;
				ASSETCATALOG_COMPILER_WIDGET_BACKGROUND_COLOR_NAME = WidgetBackground;
				CODE_SIGN_ENTITLEMENTS = IdolBirthdayWidgetExtension.entitlements;
				CODE_SIGN_STYLE = Automatic;
				DEVELOPMENT_TEAM = 4XKKKM86RN;
				INFOPLIST_FILE = Widget/iOS/Info.plist;
				IPHONEOS_DEPLOYMENT_TARGET = 14.0;
				LD_RUNPATH_SEARCH_PATHS = (
					"$(inherited)",
					"@executable_path/Frameworks",
					"@executable_path/../../Frameworks",
				);
				PRODUCT_BUNDLE_IDENTIFIER = jp.pronama.IdolBirthday.IdolBirthdayWidget;
				PRODUCT_NAME = IdolBirthdayWidgetExtension;
				SDKROOT = iphoneos;
				SKIP_INSTALL = YES;
				SUPPORTS_MACCATALYST = YES;
				SWIFT_VERSION = 5.0;
				TARGETED_DEVICE_FAMILY = "1,2";
			};
			name = Debug;
		};
		CE4137A924A18DB400201DC9 /* Release */ = {
			isa = XCBuildConfiguration;
			buildSettings = {
				ASSETCATALOG_COMPILER_GLOBAL_ACCENT_COLOR_NAME = AccentColor;
				ASSETCATALOG_COMPILER_WIDGET_BACKGROUND_COLOR_NAME = WidgetBackground;
				CODE_SIGN_ENTITLEMENTS = IdolBirthdayWidgetExtension.entitlements;
				CODE_SIGN_STYLE = Automatic;
				DEVELOPMENT_TEAM = 4XKKKM86RN;
				INFOPLIST_FILE = Widget/iOS/Info.plist;
				IPHONEOS_DEPLOYMENT_TARGET = 14.0;
				LD_RUNPATH_SEARCH_PATHS = (
					"$(inherited)",
					"@executable_path/Frameworks",
					"@executable_path/../../Frameworks",
				);
				PRODUCT_BUNDLE_IDENTIFIER = jp.pronama.IdolBirthday.IdolBirthdayWidget;
				PRODUCT_NAME = IdolBirthdayWidgetExtension;
				SDKROOT = iphoneos;
				SKIP_INSTALL = YES;
				SUPPORTS_MACCATALYST = YES;
				SWIFT_VERSION = 5.0;
				TARGETED_DEVICE_FAMILY = "1,2";
				VALIDATE_PRODUCT = YES;
			};
			name = Release;
		};
		CE50988B24A4808200D6A948 /* Debug */ = {
			isa = XCBuildConfiguration;
			buildSettings = {
				ASSETCATALOG_COMPILER_GLOBAL_ACCENT_COLOR_NAME = AccentColor;
				ASSETCATALOG_COMPILER_WIDGET_BACKGROUND_COLOR_NAME = WidgetBackground;
				CODE_SIGN_ENTITLEMENTS = Widget/macOS/macOS.entitlements;
				CODE_SIGN_STYLE = Automatic;
				DEVELOPMENT_TEAM = 4XKKKM86RN;
				ENABLE_HARDENED_RUNTIME = YES;
				INFOPLIST_FILE = Widget/macOS/Info.plist;
				LD_RUNPATH_SEARCH_PATHS = (
					"$(inherited)",
					"@executable_path/../Frameworks",
					"@executable_path/../../../../Frameworks",
				);
				MACOSX_DEPLOYMENT_TARGET = 11.0;
				PRODUCT_BUNDLE_IDENTIFIER = jp.pronama.IdolBirthday.IdolBirthdayWidget;
				PRODUCT_NAME = IdolBirthdayWidgetExtension;
				SDKROOT = macosx;
				SKIP_INSTALL = YES;
				SWIFT_VERSION = 5.0;
			};
			name = Debug;
		};
		CE50988C24A4808200D6A948 /* Release */ = {
			isa = XCBuildConfiguration;
			buildSettings = {
				ASSETCATALOG_COMPILER_GLOBAL_ACCENT_COLOR_NAME = AccentColor;
				ASSETCATALOG_COMPILER_WIDGET_BACKGROUND_COLOR_NAME = WidgetBackground;
				CODE_SIGN_ENTITLEMENTS = Widget/macOS/macOS.entitlements;
				CODE_SIGN_STYLE = Automatic;
				DEVELOPMENT_TEAM = 4XKKKM86RN;
				ENABLE_HARDENED_RUNTIME = YES;
				INFOPLIST_FILE = Widget/macOS/Info.plist;
				LD_RUNPATH_SEARCH_PATHS = (
					"$(inherited)",
					"@executable_path/../Frameworks",
					"@executable_path/../../../../Frameworks",
				);
				MACOSX_DEPLOYMENT_TARGET = 11.0;
				PRODUCT_BUNDLE_IDENTIFIER = jp.pronama.IdolBirthday.IdolBirthdayWidget;
				PRODUCT_NAME = IdolBirthdayWidgetExtension;
				SDKROOT = macosx;
				SKIP_INSTALL = YES;
				SWIFT_VERSION = 5.0;
			};
			name = Release;
		};
/* End XCBuildConfiguration section */

/* Begin XCConfigurationList section */
		CE41375224A18CE700201DC9 /* Build configuration list for PBXProject "IdolBirthday" */ = {
			isa = XCConfigurationList;
			buildConfigurations = (
				CE41378324A18CE900201DC9 /* Debug */,
				CE41378424A18CE900201DC9 /* Release */,
			);
			defaultConfigurationIsVisible = 0;
			defaultConfigurationName = Release;
		};
		CE41378524A18CE900201DC9 /* Build configuration list for PBXNativeTarget "App iOS" */ = {
			isa = XCConfigurationList;
			buildConfigurations = (
				CE41378624A18CE900201DC9 /* Debug */,
				CE41378724A18CE900201DC9 /* Release */,
			);
			defaultConfigurationIsVisible = 0;
			defaultConfigurationName = Release;
		};
		CE41378824A18CE900201DC9 /* Build configuration list for PBXNativeTarget "App macOS" */ = {
			isa = XCConfigurationList;
			buildConfigurations = (
				CE41378924A18CE900201DC9 /* Debug */,
				CE41378A24A18CE900201DC9 /* Release */,
			);
			defaultConfigurationIsVisible = 0;
			defaultConfigurationName = Release;
		};
		CE41378B24A18CE900201DC9 /* Build configuration list for PBXNativeTarget "Tests iOS" */ = {
			isa = XCConfigurationList;
			buildConfigurations = (
				CE41378C24A18CE900201DC9 /* Debug */,
				CE41378D24A18CE900201DC9 /* Release */,
			);
			defaultConfigurationIsVisible = 0;
			defaultConfigurationName = Release;
		};
		CE41378E24A18CE900201DC9 /* Build configuration list for PBXNativeTarget "Tests macOS" */ = {
			isa = XCConfigurationList;
			buildConfigurations = (
				CE41378F24A18CE900201DC9 /* Debug */,
				CE41379024A18CE900201DC9 /* Release */,
			);
			defaultConfigurationIsVisible = 0;
			defaultConfigurationName = Release;
		};
		CE4137A724A18DB400201DC9 /* Build configuration list for PBXNativeTarget "Widget iOS" */ = {
			isa = XCConfigurationList;
			buildConfigurations = (
				CE4137A824A18DB400201DC9 /* Debug */,
				CE4137A924A18DB400201DC9 /* Release */,
			);
			defaultConfigurationIsVisible = 0;
			defaultConfigurationName = Release;
		};
		CE50988A24A4808200D6A948 /* Build configuration list for PBXNativeTarget "Widget macOS" */ = {
			isa = XCConfigurationList;
			buildConfigurations = (
				CE50988B24A4808200D6A948 /* Debug */,
				CE50988C24A4808200D6A948 /* Release */,
			);
			defaultConfigurationIsVisible = 0;
			defaultConfigurationName = Release;
		};
/* End XCConfigurationList section */

/* Begin XCSwiftPackageProductDependency section */
		CE6EE4A924CD5D4000672426 /* Backend */ = {
			isa = XCSwiftPackageProductDependency;
			productName = Backend;
		};
		CE6EE4AB24CD5D4C00672426 /* Backend */ = {
			isa = XCSwiftPackageProductDependency;
			productName = Backend;
		};
		CE6EE4AD24CD5D6700672426 /* Backend */ = {
			isa = XCSwiftPackageProductDependency;
			productName = Backend;
		};
		CE6EE4AF24CD5D6B00672426 /* Backend */ = {
			isa = XCSwiftPackageProductDependency;
			productName = Backend;
		};
/* End XCSwiftPackageProductDependency section */
	};
	rootObject = CE41374F24A18CE700201DC9 /* Project object */;
}
